
Microsoft Visual Studio Solution File, Format Version 12.00
# Visual Studio 14
VisualStudioVersion = 14.0.25420.1
MinimumVisualStudioVersion = 10.0.40219.1
Project("{FAE04EC0-301F-11D3-BF4B-00C04F79EFBC}") = "DeepLink", "DeepLink\DeepLink\DeepLink.csproj", "{F85DB54C-9F12-4ADB-B100-9237F111A2C7}"
EndProject
Project("{FAE04EC0-301F-11D3-BF4B-00C04F79EFBC}") = "DeepLink.Droid", "DeepLink\DeepLink.Droid\DeepLink.Droid.csproj", "{D4C2D83E-55A9-4060-8F12-A3F470C8777D}"
EndProject
Project("{FAE04EC0-301F-11D3-BF4B-00C04F79EFBC}") = "DeepLink.iOS", "DeepLink\DeepLink.iOS\DeepLink.iOS.csproj", "{0D80E4AA-B2AD-4B26-8B39-9BED17BF7A48}"
EndProject
Project("{FAE04EC0-301F-11D3-BF4B-00C04F79EFBC}") = "DeepLink.UWP", "DeepLink\DeepLink.UWP\DeepLink.UWP.csproj", "{910216CD-AD81-4ED5-AEC3-AE4434760F7A}"
EndProject
Global
	GlobalSection(SolutionConfigurationPlatforms) = preSolution
		Ad-Hoc|Any CPU = Ad-Hoc|Any CPU
		Ad-Hoc|ARM = Ad-Hoc|ARM
		Ad-Hoc|iPhone = Ad-Hoc|iPhone
		Ad-Hoc|iPhoneSimulator = Ad-Hoc|iPhoneSimulator
		Ad-Hoc|x64 = Ad-Hoc|x64
		Ad-Hoc|x86 = Ad-Hoc|x86
		AppStore|Any CPU = AppStore|Any CPU
		AppStore|ARM = AppStore|ARM
		AppStore|iPhone = AppStore|iPhone
		AppStore|iPhoneSimulator = AppStore|iPhoneSimulator
		AppStore|x64 = AppStore|x64
		AppStore|x86 = AppStore|x86
		Debug|Any CPU = Debug|Any CPU
		Debug|ARM = Debug|ARM
		Debug|iPhone = Debug|iPhone
		Debug|iPhoneSimulator = Debug|iPhoneSimulator
		Debug|x64 = Debug|x64
		Debug|x86 = Debug|x86
		Release|Any CPU = Release|Any CPU
		Release|ARM = Release|ARM
		Release|iPhone = Release|iPhone
		Release|iPhoneSimulator = Release|iPhoneSimulator
		Release|x64 = Release|x64
		Release|x86 = Release|x86
	EndGlobalSection
	GlobalSection(ProjectConfigurationPlatforms) = postSolution
		{F85DB54C-9F12-4ADB-B100-9237F111A2C7}.Ad-Hoc|Any CPU.ActiveCfg = Release|Any CPU
		{F85DB54C-9F12-4ADB-B100-9237F111A2C7}.Ad-Hoc|Any CPU.Build.0 = Release|Any CPU
		{F85DB54C-9F12-4ADB-B100-9237F111A2C7}.Ad-Hoc|ARM.ActiveCfg = Release|Any CPU
		{F85DB54C-9F12-4ADB-B100-9237F111A2C7}.Ad-Hoc|ARM.Build.0 = Release|Any CPU
		{F85DB54C-9F12-4ADB-B100-9237F111A2C7}.Ad-Hoc|iPhone.ActiveCfg = Release|Any CPU
		{F85DB54C-9F12-4ADB-B100-9237F111A2C7}.Ad-Hoc|iPhone.Build.0 = Release|Any CPU
		{F85DB54C-9F12-4ADB-B100-9237F111A2C7}.Ad-Hoc|iPhoneSimulator.ActiveCfg = Release|Any CPU
		{F85DB54C-9F12-4ADB-B100-9237F111A2C7}.Ad-Hoc|iPhoneSimulator.Build.0 = Release|Any CPU
		{F85DB54C-9F12-4ADB-B100-9237F111A2C7}.Ad-Hoc|x64.ActiveCfg = Release|Any CPU
		{F85DB54C-9F12-4ADB-B100-9237F111A2C7}.Ad-Hoc|x64.Build.0 = Release|Any CPU
		{F85DB54C-9F12-4ADB-B100-9237F111A2C7}.Ad-Hoc|x86.ActiveCfg = Release|Any CPU
		{F85DB54C-9F12-4ADB-B100-9237F111A2C7}.Ad-Hoc|x86.Build.0 = Release|Any CPU
		{F85DB54C-9F12-4ADB-B100-9237F111A2C7}.AppStore|Any CPU.ActiveCfg = Release|Any CPU
		{F85DB54C-9F12-4ADB-B100-9237F111A2C7}.AppStore|Any CPU.Build.0 = Release|Any CPU
		{F85DB54C-9F12-4ADB-B100-9237F111A2C7}.AppStore|ARM.ActiveCfg = Release|Any CPU
		{F85DB54C-9F12-4ADB-B100-9237F111A2C7}.AppStore|ARM.Build.0 = Release|Any CPU
		{F85DB54C-9F12-4ADB-B100-9237F111A2C7}.AppStore|iPhone.ActiveCfg = Release|Any CPU
		{F85DB54C-9F12-4ADB-B100-9237F111A2C7}.AppStore|iPhone.Build.0 = Release|Any CPU
		{F85DB54C-9F12-4ADB-B100-9237F111A2C7}.AppStore|iPhoneSimulator.ActiveCfg = Release|Any CPU
		{F85DB54C-9F12-4ADB-B100-9237F111A2C7}.AppStore|iPhoneSimulator.Build.0 = Release|Any CPU
		{F85DB54C-9F12-4ADB-B100-9237F111A2C7}.AppStore|x64.ActiveCfg = Release|Any CPU
		{F85DB54C-9F12-4ADB-B100-9237F111A2C7}.AppStore|x64.Build.0 = Release|Any CPU
		{F85DB54C-9F12-4ADB-B100-9237F111A2C7}.AppStore|x86.ActiveCfg = Release|Any CPU
		{F85DB54C-9F12-4ADB-B100-9237F111A2C7}.AppStore|x86.Build.0 = Release|Any CPU
		{F85DB54C-9F12-4ADB-B100-9237F111A2C7}.Debug|Any CPU.ActiveCfg = Debug|Any CPU
		{F85DB54C-9F12-4ADB-B100-9237F111A2C7}.Debug|Any CPU.Build.0 = Debug|Any CPU
		{F85DB54C-9F12-4ADB-B100-9237F111A2C7}.Debug|ARM.ActiveCfg = Debug|Any CPU
		{F85DB54C-9F12-4ADB-B100-9237F111A2C7}.Debug|ARM.Build.0 = Debug|Any CPU
		{F85DB54C-9F12-4ADB-B100-9237F111A2C7}.Debug|iPhone.ActiveCfg = Debug|Any CPU
		{F85DB54C-9F12-4ADB-B100-9237F111A2C7}.Debug|iPhone.Build.0 = Debug|Any CPU
		{F85DB54C-9F12-4ADB-B100-9237F111A2C7}.Debug|iPhoneSimulator.ActiveCfg = Debug|Any CPU
		{F85DB54C-9F12-4ADB-B100-9237F111A2C7}.Debug|iPhoneSimulator.Build.0 = Debug|Any CPU
		{F85DB54C-9F12-4ADB-B100-9237F111A2C7}.Debug|x64.ActiveCfg = Debug|Any CPU
		{F85DB54C-9F12-4ADB-B100-9237F111A2C7}.Debug|x64.Build.0 = Debug|Any CPU
		{F85DB54C-9F12-4ADB-B100-9237F111A2C7}.Debug|x86.ActiveCfg = Debug|Any CPU
		{F85DB54C-9F12-4ADB-B100-9237F111A2C7}.Debug|x86.Build.0 = Debug|Any CPU
		{F85DB54C-9F12-4ADB-B100-9237F111A2C7}.Release|Any CPU.ActiveCfg = Release|Any CPU
		{F85DB54C-9F12-4ADB-B100-9237F111A2C7}.Release|Any CPU.Build.0 = Release|Any CPU
		{F85DB54C-9F12-4ADB-B100-9237F111A2C7}.Release|ARM.ActiveCfg = Release|Any CPU
		{F85DB54C-9F12-4ADB-B100-9237F111A2C7}.Release|ARM.Build.0 = Release|Any CPU
		{F85DB54C-9F12-4ADB-B100-9237F111A2C7}.Release|iPhone.ActiveCfg = Release|Any CPU
		{F85DB54C-9F12-4ADB-B100-9237F111A2C7}.Release|iPhone.Build.0 = Release|Any CPU
		{F85DB54C-9F12-4ADB-B100-9237F111A2C7}.Release|iPhoneSimulator.ActiveCfg = Release|Any CPU
		{F85DB54C-9F12-4ADB-B100-9237F111A2C7}.Release|iPhoneSimulator.Build.0 = Release|Any CPU
		{F85DB54C-9F12-4ADB-B100-9237F111A2C7}.Release|x64.ActiveCfg = Release|Any CPU
		{F85DB54C-9F12-4ADB-B100-9237F111A2C7}.Release|x64.Build.0 = Release|Any CPU
		{F85DB54C-9F12-4ADB-B100-9237F111A2C7}.Release|x86.ActiveCfg = Release|Any CPU
		{F85DB54C-9F12-4ADB-B100-9237F111A2C7}.Release|x86.Build.0 = Release|Any CPU
		{D4C2D83E-55A9-4060-8F12-A3F470C8777D}.Ad-Hoc|Any CPU.ActiveCfg = Release|Any CPU
		{D4C2D83E-55A9-4060-8F12-A3F470C8777D}.Ad-Hoc|Any CPU.Build.0 = Release|Any CPU
		{D4C2D83E-55A9-4060-8F12-A3F470C8777D}.Ad-Hoc|Any CPU.Deploy.0 = Release|Any CPU
		{D4C2D83E-55A9-4060-8F12-A3F470C8777D}.Ad-Hoc|ARM.ActiveCfg = Release|Any CPU
		{D4C2D83E-55A9-4060-8F12-A3F470C8777D}.Ad-Hoc|ARM.Build.0 = Release|Any CPU
		{D4C2D83E-55A9-4060-8F12-A3F470C8777D}.Ad-Hoc|ARM.Deploy.0 = Release|Any CPU
		{D4C2D83E-55A9-4060-8F12-A3F470C8777D}.Ad-Hoc|iPhone.ActiveCfg = Release|Any CPU
		{D4C2D83E-55A9-4060-8F12-A3F470C8777D}.Ad-Hoc|iPhone.Build.0 = Release|Any CPU
		{D4C2D83E-55A9-4060-8F12-A3F470C8777D}.Ad-Hoc|iPhone.Deploy.0 = Release|Any CPU
		{D4C2D83E-55A9-4060-8F12-A3F470C8777D}.Ad-Hoc|iPhoneSimulator.ActiveCfg = Release|Any CPU
		{D4C2D83E-55A9-4060-8F12-A3F470C8777D}.Ad-Hoc|iPhoneSimulator.Build.0 = Release|Any CPU
		{D4C2D83E-55A9-4060-8F12-A3F470C8777D}.Ad-Hoc|iPhoneSimulator.Deploy.0 = Release|Any CPU
		{D4C2D83E-55A9-4060-8F12-A3F470C8777D}.Ad-Hoc|x64.ActiveCfg = Release|Any CPU
		{D4C2D83E-55A9-4060-8F12-A3F470C8777D}.Ad-Hoc|x64.Build.0 = Release|Any CPU
		{D4C2D83E-55A9-4060-8F12-A3F470C8777D}.Ad-Hoc|x64.Deploy.0 = Release|Any CPU
		{D4C2D83E-55A9-4060-8F12-A3F470C8777D}.Ad-Hoc|x86.ActiveCfg = Release|Any CPU
		{D4C2D83E-55A9-4060-8F12-A3F470C8777D}.Ad-Hoc|x86.Build.0 = Release|Any CPU
		{D4C2D83E-55A9-4060-8F12-A3F470C8777D}.Ad-Hoc|x86.Deploy.0 = Release|Any CPU
		{D4C2D83E-55A9-4060-8F12-A3F470C8777D}.AppStore|Any CPU.ActiveCfg = Release|Any CPU
		{D4C2D83E-55A9-4060-8F12-A3F470C8777D}.AppStore|Any CPU.Build.0 = Release|Any CPU
		{D4C2D83E-55A9-4060-8F12-A3F470C8777D}.AppStore|Any CPU.Deploy.0 = Release|Any CPU
		{D4C2D83E-55A9-4060-8F12-A3F470C8777D}.AppStore|ARM.ActiveCfg = Release|Any CPU
		{D4C2D83E-55A9-4060-8F12-A3F470C8777D}.AppStore|ARM.Build.0 = Release|Any CPU
		{D4C2D83E-55A9-4060-8F12-A3F470C8777D}.AppStore|ARM.Deploy.0 = Release|Any CPU
		{D4C2D83E-55A9-4060-8F12-A3F470C8777D}.AppStore|iPhone.ActiveCfg = Release|Any CPU
		{D4C2D83E-55A9-4060-8F12-A3F470C8777D}.AppStore|iPhone.Build.0 = Release|Any CPU
		{D4C2D83E-55A9-4060-8F12-A3F470C8777D}.AppStore|iPhone.Deploy.0 = Release|Any CPU
		{D4C2D83E-55A9-4060-8F12-A3F470C8777D}.AppStore|iPhoneSimulator.ActiveCfg = Release|Any CPU
		{D4C2D83E-55A9-4060-8F12-A3F470C8777D}.AppStore|iPhoneSimulator.Build.0 = Release|Any CPU
		{D4C2D83E-55A9-4060-8F12-A3F470C8777D}.AppStore|iPhoneSimulator.Deploy.0 = Release|Any CPU
		{D4C2D83E-55A9-4060-8F12-A3F470C8777D}.AppStore|x64.ActiveCfg = Release|Any CPU
		{D4C2D83E-55A9-4060-8F12-A3F470C8777D}.AppStore|x64.Build.0 = Release|Any CPU
		{D4C2D83E-55A9-4060-8F12-A3F470C8777D}.AppStore|x64.Deploy.0 = Release|Any CPU
		{D4C2D83E-55A9-4060-8F12-A3F470C8777D}.AppStore|x86.ActiveCfg = Release|Any CPU
		{D4C2D83E-55A9-4060-8F12-A3F470C8777D}.AppStore|x86.Build.0 = Release|Any CPU
		{D4C2D83E-55A9-4060-8F12-A3F470C8777D}.AppStore|x86.Deploy.0 = Release|Any CPU
		{D4C2D83E-55A9-4060-8F12-A3F470C8777D}.Debug|Any CPU.ActiveCfg = Debug|Any CPU
		{D4C2D83E-55A9-4060-8F12-A3F470C8777D}.Debug|Any CPU.Build.0 = Debug|Any CPU
		{D4C2D83E-55A9-4060-8F12-A3F470C8777D}.Debug|Any CPU.Deploy.0 = Debug|Any CPU
		{D4C2D83E-55A9-4060-8F12-A3F470C8777D}.Debug|ARM.ActiveCfg = Debug|Any CPU
		{D4C2D83E-55A9-4060-8F12-A3F470C8777D}.Debug|ARM.Build.0 = Debug|Any CPU
		{D4C2D83E-55A9-4060-8F12-A3F470C8777D}.Debug|ARM.Deploy.0 = Debug|Any CPU
		{D4C2D83E-55A9-4060-8F12-A3F470C8777D}.Debug|iPhone.ActiveCfg = Debug|Any CPU
		{D4C2D83E-55A9-4060-8F12-A3F470C8777D}.Debug|iPhone.Build.0 = Debug|Any CPU
		{D4C2D83E-55A9-4060-8F12-A3F470C8777D}.Debug|iPhone.Deploy.0 = Debug|Any CPU
		{D4C2D83E-55A9-4060-8F12-A3F470C8777D}.Debug|iPhoneSimulator.ActiveCfg = Debug|Any CPU
		{D4C2D83E-55A9-4060-8F12-A3F470C8777D}.Debug|iPhoneSimulator.Build.0 = Debug|Any CPU
		{D4C2D83E-55A9-4060-8F12-A3F470C8777D}.Debug|iPhoneSimulator.Deploy.0 = Debug|Any CPU
		{D4C2D83E-55A9-4060-8F12-A3F470C8777D}.Debug|x64.ActiveCfg = Debug|Any CPU
		{D4C2D83E-55A9-4060-8F12-A3F470C8777D}.Debug|x64.Build.0 = Debug|Any CPU
		{D4C2D83E-55A9-4060-8F12-A3F470C8777D}.Debug|x64.Deploy.0 = Debug|Any CPU
		{D4C2D83E-55A9-4060-8F12-A3F470C8777D}.Debug|x86.ActiveCfg = Debug|Any CPU
		{D4C2D83E-55A9-4060-8F12-A3F470C8777D}.Debug|x86.Build.0 = Debug|Any CPU
		{D4C2D83E-55A9-4060-8F12-A3F470C8777D}.Debug|x86.Deploy.0 = Debug|Any CPU
		{D4C2D83E-55A9-4060-8F12-A3F470C8777D}.Release|Any CPU.ActiveCfg = Release|Any CPU
		{D4C2D83E-55A9-4060-8F12-A3F470C8777D}.Release|Any CPU.Build.0 = Release|Any CPU
		{D4C2D83E-55A9-4060-8F12-A3F470C8777D}.Release|Any CPU.Deploy.0 = Release|Any CPU
		{D4C2D83E-55A9-4060-8F12-A3F470C8777D}.Release|ARM.ActiveCfg = Release|Any CPU
		{D4C2D83E-55A9-4060-8F12-A3F470C8777D}.Release|ARM.Build.0 = Release|Any CPU
		{D4C2D83E-55A9-4060-8F12-A3F470C8777D}.Release|ARM.Deploy.0 = Release|Any CPU
		{D4C2D83E-55A9-4060-8F12-A3F470C8777D}.Release|iPhone.ActiveCfg = Release|Any CPU
		{D4C2D83E-55A9-4060-8F12-A3F470C8777D}.Release|iPhone.Build.0 = Release|Any CPU
		{D4C2D83E-55A9-4060-8F12-A3F470C8777D}.Release|iPhone.Deploy.0 = Release|Any CPU
		{D4C2D83E-55A9-4060-8F12-A3F470C8777D}.Release|iPhoneSimulator.ActiveCfg = Release|Any CPU
		{D4C2D83E-55A9-4060-8F12-A3F470C8777D}.Release|iPhoneSimulator.Build.0 = Release|Any CPU
		{D4C2D83E-55A9-4060-8F12-A3F470C8777D}.Release|iPhoneSimulator.Deploy.0 = Release|Any CPU
		{D4C2D83E-55A9-4060-8F12-A3F470C8777D}.Release|x64.ActiveCfg = Release|Any CPU
		{D4C2D83E-55A9-4060-8F12-A3F470C8777D}.Release|x64.Build.0 = Release|Any CPU
		{D4C2D83E-55A9-4060-8F12-A3F470C8777D}.Release|x64.Deploy.0 = Release|Any CPU
		{D4C2D83E-55A9-4060-8F12-A3F470C8777D}.Release|x86.ActiveCfg = Release|Any CPU
		{D4C2D83E-55A9-4060-8F12-A3F470C8777D}.Release|x86.Build.0 = Release|Any CPU
		{D4C2D83E-55A9-4060-8F12-A3F470C8777D}.Release|x86.Deploy.0 = Release|Any CPU
		{0D80E4AA-B2AD-4B26-8B39-9BED17BF7A48}.Ad-Hoc|Any CPU.ActiveCfg = Ad-Hoc|iPhone
		{0D80E4AA-B2AD-4B26-8B39-9BED17BF7A48}.Ad-Hoc|ARM.ActiveCfg = Ad-Hoc|iPhone
		{0D80E4AA-B2AD-4B26-8B39-9BED17BF7A48}.Ad-Hoc|iPhone.ActiveCfg = Ad-Hoc|iPhone
		{0D80E4AA-B2AD-4B26-8B39-9BED17BF7A48}.Ad-Hoc|iPhone.Build.0 = Ad-Hoc|iPhone
		{0D80E4AA-B2AD-4B26-8B39-9BED17BF7A48}.Ad-Hoc|iPhoneSimulator.ActiveCfg = Ad-Hoc|iPhoneSimulator
		{0D80E4AA-B2AD-4B26-8B39-9BED17BF7A48}.Ad-Hoc|iPhoneSimulator.Build.0 = Ad-Hoc|iPhoneSimulator
		{0D80E4AA-B2AD-4B26-8B39-9BED17BF7A48}.Ad-Hoc|x64.ActiveCfg = Ad-Hoc|iPhone
		{0D80E4AA-B2AD-4B26-8B39-9BED17BF7A48}.Ad-Hoc|x86.ActiveCfg = Ad-Hoc|iPhone
		{0D80E4AA-B2AD-4B26-8B39-9BED17BF7A48}.AppStore|Any CPU.ActiveCfg = AppStore|iPhone
		{0D80E4AA-B2AD-4B26-8B39-9BED17BF7A48}.AppStore|ARM.ActiveCfg = AppStore|iPhone
		{0D80E4AA-B2AD-4B26-8B39-9BED17BF7A48}.AppStore|iPhone.ActiveCfg = AppStore|iPhone
		{0D80E4AA-B2AD-4B26-8B39-9BED17BF7A48}.AppStore|iPhone.Build.0 = AppStore|iPhone
		{0D80E4AA-B2AD-4B26-8B39-9BED17BF7A48}.AppStore|iPhoneSimulator.ActiveCfg = AppStore|iPhoneSimulator
		{0D80E4AA-B2AD-4B26-8B39-9BED17BF7A48}.AppStore|iPhoneSimulator.Build.0 = AppStore|iPhoneSimulator
		{0D80E4AA-B2AD-4B26-8B39-9BED17BF7A48}.AppStore|x64.ActiveCfg = AppStore|iPhone
		{0D80E4AA-B2AD-4B26-8B39-9BED17BF7A48}.AppStore|x86.ActiveCfg = AppStore|iPhone
		{0D80E4AA-B2AD-4B26-8B39-9BED17BF7A48}.Debug|Any CPU.ActiveCfg = Debug|iPhone
		{0D80E4AA-B2AD-4B26-8B39-9BED17BF7A48}.Debug|Any CPU.Build.0 = Debug|iPhone
		{0D80E4AA-B2AD-4B26-8B39-9BED17BF7A48}.Debug|ARM.ActiveCfg = Debug|iPhone
		{0D80E4AA-B2AD-4B26-8B39-9BED17BF7A48}.Debug|iPhone.ActiveCfg = Debug|iPhone
		{0D80E4AA-B2AD-4B26-8B39-9BED17BF7A48}.Debug|iPhone.Build.0 = Debug|iPhone
		{0D80E4AA-B2AD-4B26-8B39-9BED17BF7A48}.Debug|iPhoneSimulator.ActiveCfg = Debug|iPhoneSimulator
		{0D80E4AA-B2AD-4B26-8B39-9BED17BF7A48}.Debug|iPhoneSimulator.Build.0 = Debug|iPhoneSimulator
		{0D80E4AA-B2AD-4B26-8B39-9BED17BF7A48}.Debug|x64.ActiveCfg = Debug|iPhone
		{0D80E4AA-B2AD-4B26-8B39-9BED17BF7A48}.Debug|x86.ActiveCfg = Debug|iPhone
		{0D80E4AA-B2AD-4B26-8B39-9BED17BF7A48}.Release|Any CPU.ActiveCfg = Release|iPhone
		{0D80E4AA-B2AD-4B26-8B39-9BED17BF7A48}.Release|ARM.ActiveCfg = Release|iPhone
		{0D80E4AA-B2AD-4B26-8B39-9BED17BF7A48}.Release|iPhone.ActiveCfg = Release|iPhone
		{0D80E4AA-B2AD-4B26-8B39-9BED17BF7A48}.Release|iPhone.Build.0 = Release|iPhone
		{0D80E4AA-B2AD-4B26-8B39-9BED17BF7A48}.Release|iPhoneSimulator.ActiveCfg = Release|iPhoneSimulator
		{0D80E4AA-B2AD-4B26-8B39-9BED17BF7A48}.Release|iPhoneSimulator.Build.0 = Release|iPhoneSimulator
		{0D80E4AA-B2AD-4B26-8B39-9BED17BF7A48}.Release|x64.ActiveCfg = Release|iPhone
		{0D80E4AA-B2AD-4B26-8B39-9BED17BF7A48}.Release|x86.ActiveCfg = Release|iPhone
		{910216CD-AD81-4ED5-AEC3-AE4434760F7A}.Ad-Hoc|Any CPU.ActiveCfg = Release|x86
		{910216CD-AD81-4ED5-AEC3-AE4434760F7A}.Ad-Hoc|Any CPU.Build.0 = Release|x86
		{910216CD-AD81-4ED5-AEC3-AE4434760F7A}.Ad-Hoc|Any CPU.Deploy.0 = Release|x86
		{910216CD-AD81-4ED5-AEC3-AE4434760F7A}.Ad-Hoc|ARM.ActiveCfg = Release|ARM
		{910216CD-AD81-4ED5-AEC3-AE4434760F7A}.Ad-Hoc|ARM.Build.0 = Release|ARM
		{910216CD-AD81-4ED5-AEC3-AE4434760F7A}.Ad-Hoc|ARM.Deploy.0 = Release|ARM
		{910216CD-AD81-4ED5-AEC3-AE4434760F7A}.Ad-Hoc|iPhone.ActiveCfg = Release|x86
		{910216CD-AD81-4ED5-AEC3-AE4434760F7A}.Ad-Hoc|iPhone.Build.0 = Release|x86
		{910216CD-AD81-4ED5-AEC3-AE4434760F7A}.Ad-Hoc|iPhone.Deploy.0 = Release|x86
		{910216CD-AD81-4ED5-AEC3-AE4434760F7A}.Ad-Hoc|iPhoneSimulator.ActiveCfg = Release|x86
		{910216CD-AD81-4ED5-AEC3-AE4434760F7A}.Ad-Hoc|iPhoneSimulator.Build.0 = Release|x86
		{910216CD-AD81-4ED5-AEC3-AE4434760F7A}.Ad-Hoc|iPhoneSimulator.Deploy.0 = Release|x86
		{910216CD-AD81-4ED5-AEC3-AE4434760F7A}.Ad-Hoc|x64.ActiveCfg = Release|x64
		{910216CD-AD81-4ED5-AEC3-AE4434760F7A}.Ad-Hoc|x64.Build.0 = Release|x64
		{910216CD-AD81-4ED5-AEC3-AE4434760F7A}.Ad-Hoc|x64.Deploy.0 = Release|x64
		{910216CD-AD81-4ED5-AEC3-AE4434760F7A}.Ad-Hoc|x86.ActiveCfg = Release|x86
		{910216CD-AD81-4ED5-AEC3-AE4434760F7A}.Ad-Hoc|x86.Build.0 = Release|x86
		{910216CD-AD81-4ED5-AEC3-AE4434760F7A}.Ad-Hoc|x86.Deploy.0 = Release|x86
		{910216CD-AD81-4ED5-AEC3-AE4434760F7A}.AppStore|Any CPU.ActiveCfg = Release|x86
		{910216CD-AD81-4ED5-AEC3-AE4434760F7A}.AppStore|Any CPU.Build.0 = Release|x86
		{910216CD-AD81-4ED5-AEC3-AE4434760F7A}.AppStore|Any CPU.Deploy.0 = Release|x86
		{910216CD-AD81-4ED5-AEC3-AE4434760F7A}.AppStore|ARM.ActiveCfg = Release|ARM
		{910216CD-AD81-4ED5-AEC3-AE4434760F7A}.AppStore|ARM.Build.0 = Release|ARM
		{910216CD-AD81-4ED5-AEC3-AE4434760F7A}.AppStore|ARM.Deploy.0 = Release|ARM
		{910216CD-AD81-4ED5-AEC3-AE4434760F7A}.AppStore|iPhone.ActiveCfg = Release|x86
		{910216CD-AD81-4ED5-AEC3-AE4434760F7A}.AppStore|iPhone.Build.0 = Release|x86
		{910216CD-AD81-4ED5-AEC3-AE4434760F7A}.AppStore|iPhone.Deploy.0 = Release|x86
		{910216CD-AD81-4ED5-AEC3-AE4434760F7A}.AppStore|iPhoneSimulator.ActiveCfg = Release|x86
		{910216CD-AD81-4ED5-AEC3-AE4434760F7A}.AppStore|iPhoneSimulator.Build.0 = Release|x86
		{910216CD-AD81-4ED5-AEC3-AE4434760F7A}.AppStore|iPhoneSimulator.Deploy.0 = Release|x86
		{910216CD-AD81-4ED5-AEC3-AE4434760F7A}.AppStore|x64.ActiveCfg = Release|x64
		{910216CD-AD81-4ED5-AEC3-AE4434760F7A}.AppStore|x64.Build.0 = Release|x64
		{910216CD-AD81-4ED5-AEC3-AE4434760F7A}.AppStore|x64.Deploy.0 = Release|x64
		{910216CD-AD81-4ED5-AEC3-AE4434760F7A}.AppStore|x86.ActiveCfg = Release|x86
		{910216CD-AD81-4ED5-AEC3-AE4434760F7A}.AppStore|x86.Build.0 = Release|x86
		{910216CD-AD81-4ED5-AEC3-AE4434760F7A}.AppStore|x86.Deploy.0 = Release|x86
		{910216CD-AD81-4ED5-AEC3-AE4434760F7A}.Debug|Any CPU.ActiveCfg = Debug|x86
		{910216CD-AD81-4ED5-AEC3-AE4434760F7A}.Debug|Any CPU.Build.0 = Debug|x86
		{910216CD-AD81-4ED5-AEC3-AE4434760F7A}.Debug|Any CPU.Deploy.0 = Debug|x86
		{910216CD-AD81-4ED5-AEC3-AE4434760F7A}.Debug|ARM.ActiveCfg = Debug|ARM
		{910216CD-AD81-4ED5-AEC3-AE4434760F7A}.Debug|ARM.Build.0 = Debug|ARM
		{910216CD-AD81-4ED5-AEC3-AE4434760F7A}.Debug|ARM.Deploy.0 = Debug|ARM
		{910216CD-AD81-4ED5-AEC3-AE4434760F7A}.Debug|iPhone.ActiveCfg = Debug|x86
		{910216CD-AD81-4ED5-AEC3-AE4434760F7A}.Debug|iPhoneSimulator.ActiveCfg = Debug|x86
		{910216CD-AD81-4ED5-AEC3-AE4434760F7A}.Debug|x64.ActiveCfg = Debug|x64
		{910216CD-AD81-4ED5-AEC3-AE4434760F7A}.Debug|x64.Build.0 = Debug|x64
		{910216CD-AD81-4ED5-AEC3-AE4434760F7A}.Debug|x64.Deploy.0 = Debug|x64
		{910216CD-AD81-4ED5-AEC3-AE4434760F7A}.Debug|x86.ActiveCfg = Debug|x86
		{910216CD-AD81-4ED5-AEC3-AE4434760F7A}.Debug|x86.Build.0 = Debug|x86
		{910216CD-AD81-4ED5-AEC3-AE4434760F7A}.Debug|x86.Deploy.0 = Debug|x86
		{910216CD-AD81-4ED5-AEC3-AE4434760F7A}.Release|Any CPU.ActiveCfg = Release|x86
		{910216CD-AD81-4ED5-AEC3-AE4434760F7A}.Release|ARM.ActiveCfg = Release|ARM
		{910216CD-AD81-4ED5-AEC3-AE4434760F7A}.Release|ARM.Build.0 = Release|ARM
		{910216CD-AD81-4ED5-AEC3-AE4434760F7A}.Release|ARM.Deploy.0 = Release|ARM
		{910216CD-AD81-4ED5-AEC3-AE4434760F7A}.Release|iPhone.ActiveCfg = Release|x86
		{910216CD-AD81-4ED5-AEC3-AE4434760F7A}.Release|iPhoneSimulator.ActiveCfg = Release|x86
		{910216CD-AD81-4ED5-AEC3-AE4434760F7A}.Release|x64.ActiveCfg = Release|x64
		{910216CD-AD81-4ED5-AEC3-AE4434760F7A}.Release|x64.Build.0 = Release|x64
		{910216CD-AD81-4ED5-AEC3-AE4434760F7A}.Release|x64.Deploy.0 = Release|x64
		{910216CD-AD81-4ED5-AEC3-AE4434760F7A}.Release|x86.ActiveCfg = Release|x86
		{910216CD-AD81-4ED5-AEC3-AE4434760F7A}.Release|x86.Build.0 = Release|x86
		{910216CD-AD81-4ED5-AEC3-AE4434760F7A}.Release|x86.Deploy.0 = Release|x86
	EndGlobalSection
	GlobalSection(SolutionProperties) = preSolution
		HideSolutionNode = FALSE
	EndGlobalSection
EndGlobal
