
Microsoft Visual Studio Solution File, Format Version 12.00
# Visual Studio 14
VisualStudioVersion = 14.0.25420.1
MinimumVisualStudioVersion = 10.0.40219.1
Project("{FAE04EC0-301F-11D3-BF4B-00C04F79EFBC}") = "EntryLab", "EntryLab\EntryLab\EntryLab.csproj", "{D02961C8-0022-4E2A-B544-7199301BDDF9}"
EndProject
Project("{FAE04EC0-301F-11D3-BF4B-00C04F79EFBC}") = "EntryLab.Droid", "EntryLab\EntryLab.Droid\EntryLab.Droid.csproj", "{C2C67B70-847A-4D07-A2D9-9D3757178495}"
EndProject
Project("{FAE04EC0-301F-11D3-BF4B-00C04F79EFBC}") = "EntryLab.iOS", "EntryLab\EntryLab.iOS\EntryLab.iOS.csproj", "{33C4ACCD-25B4-4C18-9FF4-C57EE6CB8660}"
EndProject
Project("{FAE04EC0-301F-11D3-BF4B-00C04F79EFBC}") = "EntryLab.UWP", "EntryLab\EntryLab.UWP\EntryLab.UWP.csproj", "{D2CE9799-902B-4FEF-B70F-C49E52BE733F}"
EndProject
Global
	GlobalSection(SolutionConfigurationPlatforms) = preSolution
		Ad-Hoc|Any CPU = Ad-Hoc|Any CPU
		Ad-Hoc|ARM = Ad-Hoc|ARM
		Ad-Hoc|iPhone = Ad-Hoc|iPhone
		Ad-Hoc|iPhoneSimulator = Ad-Hoc|iPhoneSimulator
		Ad-Hoc|x64 = Ad-Hoc|x64
		Ad-Hoc|x86 = Ad-Hoc|x86
		AppStore|Any CPU = AppStore|Any CPU
		AppStore|ARM = AppStore|ARM
		AppStore|iPhone = AppStore|iPhone
		AppStore|iPhoneSimulator = AppStore|iPhoneSimulator
		AppStore|x64 = AppStore|x64
		AppStore|x86 = AppStore|x86
		Debug|Any CPU = Debug|Any CPU
		Debug|ARM = Debug|ARM
		Debug|iPhone = Debug|iPhone
		Debug|iPhoneSimulator = Debug|iPhoneSimulator
		Debug|x64 = Debug|x64
		Debug|x86 = Debug|x86
		Release|Any CPU = Release|Any CPU
		Release|ARM = Release|ARM
		Release|iPhone = Release|iPhone
		Release|iPhoneSimulator = Release|iPhoneSimulator
		Release|x64 = Release|x64
		Release|x86 = Release|x86
	EndGlobalSection
	GlobalSection(ProjectConfigurationPlatforms) = postSolution
		{D02961C8-0022-4E2A-B544-7199301BDDF9}.Ad-Hoc|Any CPU.ActiveCfg = Release|Any CPU
		{D02961C8-0022-4E2A-B544-7199301BDDF9}.Ad-Hoc|Any CPU.Build.0 = Release|Any CPU
		{D02961C8-0022-4E2A-B544-7199301BDDF9}.Ad-Hoc|ARM.ActiveCfg = Release|Any CPU
		{D02961C8-0022-4E2A-B544-7199301BDDF9}.Ad-Hoc|ARM.Build.0 = Release|Any CPU
		{D02961C8-0022-4E2A-B544-7199301BDDF9}.Ad-Hoc|iPhone.ActiveCfg = Release|Any CPU
		{D02961C8-0022-4E2A-B544-7199301BDDF9}.Ad-Hoc|iPhone.Build.0 = Release|Any CPU
		{D02961C8-0022-4E2A-B544-7199301BDDF9}.Ad-Hoc|iPhoneSimulator.ActiveCfg = Release|Any CPU
		{D02961C8-0022-4E2A-B544-7199301BDDF9}.Ad-Hoc|iPhoneSimulator.Build.0 = Release|Any CPU
		{D02961C8-0022-4E2A-B544-7199301BDDF9}.Ad-Hoc|x64.ActiveCfg = Release|Any CPU
		{D02961C8-0022-4E2A-B544-7199301BDDF9}.Ad-Hoc|x64.Build.0 = Release|Any CPU
		{D02961C8-0022-4E2A-B544-7199301BDDF9}.Ad-Hoc|x86.ActiveCfg = Release|Any CPU
		{D02961C8-0022-4E2A-B544-7199301BDDF9}.Ad-Hoc|x86.Build.0 = Release|Any CPU
		{D02961C8-0022-4E2A-B544-7199301BDDF9}.AppStore|Any CPU.ActiveCfg = Release|Any CPU
		{D02961C8-0022-4E2A-B544-7199301BDDF9}.AppStore|Any CPU.Build.0 = Release|Any CPU
		{D02961C8-0022-4E2A-B544-7199301BDDF9}.AppStore|ARM.ActiveCfg = Release|Any CPU
		{D02961C8-0022-4E2A-B544-7199301BDDF9}.AppStore|ARM.Build.0 = Release|Any CPU
		{D02961C8-0022-4E2A-B544-7199301BDDF9}.AppStore|iPhone.ActiveCfg = Release|Any CPU
		{D02961C8-0022-4E2A-B544-7199301BDDF9}.AppStore|iPhone.Build.0 = Release|Any CPU
		{D02961C8-0022-4E2A-B544-7199301BDDF9}.AppStore|iPhoneSimulator.ActiveCfg = Release|Any CPU
		{D02961C8-0022-4E2A-B544-7199301BDDF9}.AppStore|iPhoneSimulator.Build.0 = Release|Any CPU
		{D02961C8-0022-4E2A-B544-7199301BDDF9}.AppStore|x64.ActiveCfg = Release|Any CPU
		{D02961C8-0022-4E2A-B544-7199301BDDF9}.AppStore|x64.Build.0 = Release|Any CPU
		{D02961C8-0022-4E2A-B544-7199301BDDF9}.AppStore|x86.ActiveCfg = Release|Any CPU
		{D02961C8-0022-4E2A-B544-7199301BDDF9}.AppStore|x86.Build.0 = Release|Any CPU
		{D02961C8-0022-4E2A-B544-7199301BDDF9}.Debug|Any CPU.ActiveCfg = Debug|Any CPU
		{D02961C8-0022-4E2A-B544-7199301BDDF9}.Debug|Any CPU.Build.0 = Debug|Any CPU
		{D02961C8-0022-4E2A-B544-7199301BDDF9}.Debug|ARM.ActiveCfg = Debug|Any CPU
		{D02961C8-0022-4E2A-B544-7199301BDDF9}.Debug|ARM.Build.0 = Debug|Any CPU
		{D02961C8-0022-4E2A-B544-7199301BDDF9}.Debug|iPhone.ActiveCfg = Debug|Any CPU
		{D02961C8-0022-4E2A-B544-7199301BDDF9}.Debug|iPhone.Build.0 = Debug|Any CPU
		{D02961C8-0022-4E2A-B544-7199301BDDF9}.Debug|iPhoneSimulator.ActiveCfg = Debug|Any CPU
		{D02961C8-0022-4E2A-B544-7199301BDDF9}.Debug|iPhoneSimulator.Build.0 = Debug|Any CPU
		{D02961C8-0022-4E2A-B544-7199301BDDF9}.Debug|x64.ActiveCfg = Debug|Any CPU
		{D02961C8-0022-4E2A-B544-7199301BDDF9}.Debug|x64.Build.0 = Debug|Any CPU
		{D02961C8-0022-4E2A-B544-7199301BDDF9}.Debug|x86.ActiveCfg = Debug|Any CPU
		{D02961C8-0022-4E2A-B544-7199301BDDF9}.Debug|x86.Build.0 = Debug|Any CPU
		{D02961C8-0022-4E2A-B544-7199301BDDF9}.Release|Any CPU.ActiveCfg = Release|Any CPU
		{D02961C8-0022-4E2A-B544-7199301BDDF9}.Release|Any CPU.Build.0 = Release|Any CPU
		{D02961C8-0022-4E2A-B544-7199301BDDF9}.Release|ARM.ActiveCfg = Release|Any CPU
		{D02961C8-0022-4E2A-B544-7199301BDDF9}.Release|ARM.Build.0 = Release|Any CPU
		{D02961C8-0022-4E2A-B544-7199301BDDF9}.Release|iPhone.ActiveCfg = Release|Any CPU
		{D02961C8-0022-4E2A-B544-7199301BDDF9}.Release|iPhone.Build.0 = Release|Any CPU
		{D02961C8-0022-4E2A-B544-7199301BDDF9}.Release|iPhoneSimulator.ActiveCfg = Release|Any CPU
		{D02961C8-0022-4E2A-B544-7199301BDDF9}.Release|iPhoneSimulator.Build.0 = Release|Any CPU
		{D02961C8-0022-4E2A-B544-7199301BDDF9}.Release|x64.ActiveCfg = Release|Any CPU
		{D02961C8-0022-4E2A-B544-7199301BDDF9}.Release|x64.Build.0 = Release|Any CPU
		{D02961C8-0022-4E2A-B544-7199301BDDF9}.Release|x86.ActiveCfg = Release|Any CPU
		{D02961C8-0022-4E2A-B544-7199301BDDF9}.Release|x86.Build.0 = Release|Any CPU
		{C2C67B70-847A-4D07-A2D9-9D3757178495}.Ad-Hoc|Any CPU.ActiveCfg = Release|Any CPU
		{C2C67B70-847A-4D07-A2D9-9D3757178495}.Ad-Hoc|Any CPU.Build.0 = Release|Any CPU
		{C2C67B70-847A-4D07-A2D9-9D3757178495}.Ad-Hoc|Any CPU.Deploy.0 = Release|Any CPU
		{C2C67B70-847A-4D07-A2D9-9D3757178495}.Ad-Hoc|ARM.ActiveCfg = Release|Any CPU
		{C2C67B70-847A-4D07-A2D9-9D3757178495}.Ad-Hoc|ARM.Build.0 = Release|Any CPU
		{C2C67B70-847A-4D07-A2D9-9D3757178495}.Ad-Hoc|ARM.Deploy.0 = Release|Any CPU
		{C2C67B70-847A-4D07-A2D9-9D3757178495}.Ad-Hoc|iPhone.ActiveCfg = Release|Any CPU
		{C2C67B70-847A-4D07-A2D9-9D3757178495}.Ad-Hoc|iPhone.Build.0 = Release|Any CPU
		{C2C67B70-847A-4D07-A2D9-9D3757178495}.Ad-Hoc|iPhone.Deploy.0 = Release|Any CPU
		{C2C67B70-847A-4D07-A2D9-9D3757178495}.Ad-Hoc|iPhoneSimulator.ActiveCfg = Release|Any CPU
		{C2C67B70-847A-4D07-A2D9-9D3757178495}.Ad-Hoc|iPhoneSimulator.Build.0 = Release|Any CPU
		{C2C67B70-847A-4D07-A2D9-9D3757178495}.Ad-Hoc|iPhoneSimulator.Deploy.0 = Release|Any CPU
		{C2C67B70-847A-4D07-A2D9-9D3757178495}.Ad-Hoc|x64.ActiveCfg = Release|Any CPU
		{C2C67B70-847A-4D07-A2D9-9D3757178495}.Ad-Hoc|x64.Build.0 = Release|Any CPU
		{C2C67B70-847A-4D07-A2D9-9D3757178495}.Ad-Hoc|x64.Deploy.0 = Release|Any CPU
		{C2C67B70-847A-4D07-A2D9-9D3757178495}.Ad-Hoc|x86.ActiveCfg = Release|Any CPU
		{C2C67B70-847A-4D07-A2D9-9D3757178495}.Ad-Hoc|x86.Build.0 = Release|Any CPU
		{C2C67B70-847A-4D07-A2D9-9D3757178495}.Ad-Hoc|x86.Deploy.0 = Release|Any CPU
		{C2C67B70-847A-4D07-A2D9-9D3757178495}.AppStore|Any CPU.ActiveCfg = Release|Any CPU
		{C2C67B70-847A-4D07-A2D9-9D3757178495}.AppStore|Any CPU.Build.0 = Release|Any CPU
		{C2C67B70-847A-4D07-A2D9-9D3757178495}.AppStore|Any CPU.Deploy.0 = Release|Any CPU
		{C2C67B70-847A-4D07-A2D9-9D3757178495}.AppStore|ARM.ActiveCfg = Release|Any CPU
		{C2C67B70-847A-4D07-A2D9-9D3757178495}.AppStore|ARM.Build.0 = Release|Any CPU
		{C2C67B70-847A-4D07-A2D9-9D3757178495}.AppStore|ARM.Deploy.0 = Release|Any CPU
		{C2C67B70-847A-4D07-A2D9-9D3757178495}.AppStore|iPhone.ActiveCfg = Release|Any CPU
		{C2C67B70-847A-4D07-A2D9-9D3757178495}.AppStore|iPhone.Build.0 = Release|Any CPU
		{C2C67B70-847A-4D07-A2D9-9D3757178495}.AppStore|iPhone.Deploy.0 = Release|Any CPU
		{C2C67B70-847A-4D07-A2D9-9D3757178495}.AppStore|iPhoneSimulator.ActiveCfg = Release|Any CPU
		{C2C67B70-847A-4D07-A2D9-9D3757178495}.AppStore|iPhoneSimulator.Build.0 = Release|Any CPU
		{C2C67B70-847A-4D07-A2D9-9D3757178495}.AppStore|iPhoneSimulator.Deploy.0 = Release|Any CPU
		{C2C67B70-847A-4D07-A2D9-9D3757178495}.AppStore|x64.ActiveCfg = Release|Any CPU
		{C2C67B70-847A-4D07-A2D9-9D3757178495}.AppStore|x64.Build.0 = Release|Any CPU
		{C2C67B70-847A-4D07-A2D9-9D3757178495}.AppStore|x64.Deploy.0 = Release|Any CPU
		{C2C67B70-847A-4D07-A2D9-9D3757178495}.AppStore|x86.ActiveCfg = Release|Any CPU
		{C2C67B70-847A-4D07-A2D9-9D3757178495}.AppStore|x86.Build.0 = Release|Any CPU
		{C2C67B70-847A-4D07-A2D9-9D3757178495}.AppStore|x86.Deploy.0 = Release|Any CPU
		{C2C67B70-847A-4D07-A2D9-9D3757178495}.Debug|Any CPU.ActiveCfg = Debug|Any CPU
		{C2C67B70-847A-4D07-A2D9-9D3757178495}.Debug|Any CPU.Build.0 = Debug|Any CPU
		{C2C67B70-847A-4D07-A2D9-9D3757178495}.Debug|Any CPU.Deploy.0 = Debug|Any CPU
		{C2C67B70-847A-4D07-A2D9-9D3757178495}.Debug|ARM.ActiveCfg = Debug|Any CPU
		{C2C67B70-847A-4D07-A2D9-9D3757178495}.Debug|ARM.Build.0 = Debug|Any CPU
		{C2C67B70-847A-4D07-A2D9-9D3757178495}.Debug|ARM.Deploy.0 = Debug|Any CPU
		{C2C67B70-847A-4D07-A2D9-9D3757178495}.Debug|iPhone.ActiveCfg = Debug|Any CPU
		{C2C67B70-847A-4D07-A2D9-9D3757178495}.Debug|iPhone.Build.0 = Debug|Any CPU
		{C2C67B70-847A-4D07-A2D9-9D3757178495}.Debug|iPhone.Deploy.0 = Debug|Any CPU
		{C2C67B70-847A-4D07-A2D9-9D3757178495}.Debug|iPhoneSimulator.ActiveCfg = Debug|Any CPU
		{C2C67B70-847A-4D07-A2D9-9D3757178495}.Debug|iPhoneSimulator.Build.0 = Debug|Any CPU
		{C2C67B70-847A-4D07-A2D9-9D3757178495}.Debug|iPhoneSimulator.Deploy.0 = Debug|Any CPU
		{C2C67B70-847A-4D07-A2D9-9D3757178495}.Debug|x64.ActiveCfg = Debug|Any CPU
		{C2C67B70-847A-4D07-A2D9-9D3757178495}.Debug|x64.Build.0 = Debug|Any CPU
		{C2C67B70-847A-4D07-A2D9-9D3757178495}.Debug|x64.Deploy.0 = Debug|Any CPU
		{C2C67B70-847A-4D07-A2D9-9D3757178495}.Debug|x86.ActiveCfg = Debug|Any CPU
		{C2C67B70-847A-4D07-A2D9-9D3757178495}.Debug|x86.Build.0 = Debug|Any CPU
		{C2C67B70-847A-4D07-A2D9-9D3757178495}.Debug|x86.Deploy.0 = Debug|Any CPU
		{C2C67B70-847A-4D07-A2D9-9D3757178495}.Release|Any CPU.ActiveCfg = Release|Any CPU
		{C2C67B70-847A-4D07-A2D9-9D3757178495}.Release|Any CPU.Build.0 = Release|Any CPU
		{C2C67B70-847A-4D07-A2D9-9D3757178495}.Release|Any CPU.Deploy.0 = Release|Any CPU
		{C2C67B70-847A-4D07-A2D9-9D3757178495}.Release|ARM.ActiveCfg = Release|Any CPU
		{C2C67B70-847A-4D07-A2D9-9D3757178495}.Release|ARM.Build.0 = Release|Any CPU
		{C2C67B70-847A-4D07-A2D9-9D3757178495}.Release|ARM.Deploy.0 = Release|Any CPU
		{C2C67B70-847A-4D07-A2D9-9D3757178495}.Release|iPhone.ActiveCfg = Release|Any CPU
		{C2C67B70-847A-4D07-A2D9-9D3757178495}.Release|iPhone.Build.0 = Release|Any CPU
		{C2C67B70-847A-4D07-A2D9-9D3757178495}.Release|iPhone.Deploy.0 = Release|Any CPU
		{C2C67B70-847A-4D07-A2D9-9D3757178495}.Release|iPhoneSimulator.ActiveCfg = Release|Any CPU
		{C2C67B70-847A-4D07-A2D9-9D3757178495}.Release|iPhoneSimulator.Build.0 = Release|Any CPU
		{C2C67B70-847A-4D07-A2D9-9D3757178495}.Release|iPhoneSimulator.Deploy.0 = Release|Any CPU
		{C2C67B70-847A-4D07-A2D9-9D3757178495}.Release|x64.ActiveCfg = Release|Any CPU
		{C2C67B70-847A-4D07-A2D9-9D3757178495}.Release|x64.Build.0 = Release|Any CPU
		{C2C67B70-847A-4D07-A2D9-9D3757178495}.Release|x64.Deploy.0 = Release|Any CPU
		{C2C67B70-847A-4D07-A2D9-9D3757178495}.Release|x86.ActiveCfg = Release|Any CPU
		{C2C67B70-847A-4D07-A2D9-9D3757178495}.Release|x86.Build.0 = Release|Any CPU
		{C2C67B70-847A-4D07-A2D9-9D3757178495}.Release|x86.Deploy.0 = Release|Any CPU
		{33C4ACCD-25B4-4C18-9FF4-C57EE6CB8660}.Ad-Hoc|Any CPU.ActiveCfg = Ad-Hoc|iPhone
		{33C4ACCD-25B4-4C18-9FF4-C57EE6CB8660}.Ad-Hoc|ARM.ActiveCfg = Ad-Hoc|iPhone
		{33C4ACCD-25B4-4C18-9FF4-C57EE6CB8660}.Ad-Hoc|iPhone.ActiveCfg = Ad-Hoc|iPhone
		{33C4ACCD-25B4-4C18-9FF4-C57EE6CB8660}.Ad-Hoc|iPhone.Build.0 = Ad-Hoc|iPhone
		{33C4ACCD-25B4-4C18-9FF4-C57EE6CB8660}.Ad-Hoc|iPhoneSimulator.ActiveCfg = Ad-Hoc|iPhoneSimulator
		{33C4ACCD-25B4-4C18-9FF4-C57EE6CB8660}.Ad-Hoc|iPhoneSimulator.Build.0 = Ad-Hoc|iPhoneSimulator
		{33C4ACCD-25B4-4C18-9FF4-C57EE6CB8660}.Ad-Hoc|x64.ActiveCfg = Ad-Hoc|iPhone
		{33C4ACCD-25B4-4C18-9FF4-C57EE6CB8660}.Ad-Hoc|x86.ActiveCfg = Ad-Hoc|iPhone
		{33C4ACCD-25B4-4C18-9FF4-C57EE6CB8660}.AppStore|Any CPU.ActiveCfg = AppStore|iPhone
		{33C4ACCD-25B4-4C18-9FF4-C57EE6CB8660}.AppStore|ARM.ActiveCfg = AppStore|iPhone
		{33C4ACCD-25B4-4C18-9FF4-C57EE6CB8660}.AppStore|iPhone.ActiveCfg = AppStore|iPhone
		{33C4ACCD-25B4-4C18-9FF4-C57EE6CB8660}.AppStore|iPhone.Build.0 = AppStore|iPhone
		{33C4ACCD-25B4-4C18-9FF4-C57EE6CB8660}.AppStore|iPhoneSimulator.ActiveCfg = AppStore|iPhoneSimulator
		{33C4ACCD-25B4-4C18-9FF4-C57EE6CB8660}.AppStore|iPhoneSimulator.Build.0 = AppStore|iPhoneSimulator
		{33C4ACCD-25B4-4C18-9FF4-C57EE6CB8660}.AppStore|x64.ActiveCfg = AppStore|iPhone
		{33C4ACCD-25B4-4C18-9FF4-C57EE6CB8660}.AppStore|x86.ActiveCfg = AppStore|iPhone
		{33C4ACCD-25B4-4C18-9FF4-C57EE6CB8660}.Debug|Any CPU.ActiveCfg = Debug|iPhone
		{33C4ACCD-25B4-4C18-9FF4-C57EE6CB8660}.Debug|ARM.ActiveCfg = Debug|iPhone
		{33C4ACCD-25B4-4C18-9FF4-C57EE6CB8660}.Debug|iPhone.ActiveCfg = Debug|iPhone
		{33C4ACCD-25B4-4C18-9FF4-C57EE6CB8660}.Debug|iPhone.Build.0 = Debug|iPhone
		{33C4ACCD-25B4-4C18-9FF4-C57EE6CB8660}.Debug|iPhoneSimulator.ActiveCfg = Debug|iPhoneSimulator
		{33C4ACCD-25B4-4C18-9FF4-C57EE6CB8660}.Debug|iPhoneSimulator.Build.0 = Debug|iPhoneSimulator
		{33C4ACCD-25B4-4C18-9FF4-C57EE6CB8660}.Debug|x64.ActiveCfg = Debug|iPhone
		{33C4ACCD-25B4-4C18-9FF4-C57EE6CB8660}.Debug|x86.ActiveCfg = Debug|iPhone
		{33C4ACCD-25B4-4C18-9FF4-C57EE6CB8660}.Release|Any CPU.ActiveCfg = Release|iPhone
		{33C4ACCD-25B4-4C18-9FF4-C57EE6CB8660}.Release|ARM.ActiveCfg = Release|iPhone
		{33C4ACCD-25B4-4C18-9FF4-C57EE6CB8660}.Release|iPhone.ActiveCfg = Release|iPhone
		{33C4ACCD-25B4-4C18-9FF4-C57EE6CB8660}.Release|iPhone.Build.0 = Release|iPhone
		{33C4ACCD-25B4-4C18-9FF4-C57EE6CB8660}.Release|iPhoneSimulator.ActiveCfg = Release|iPhoneSimulator
		{33C4ACCD-25B4-4C18-9FF4-C57EE6CB8660}.Release|iPhoneSimulator.Build.0 = Release|iPhoneSimulator
		{33C4ACCD-25B4-4C18-9FF4-C57EE6CB8660}.Release|x64.ActiveCfg = Release|iPhone
		{33C4ACCD-25B4-4C18-9FF4-C57EE6CB8660}.Release|x86.ActiveCfg = Release|iPhone
		{D2CE9799-902B-4FEF-B70F-C49E52BE733F}.Ad-Hoc|Any CPU.ActiveCfg = Release|x86
		{D2CE9799-902B-4FEF-B70F-C49E52BE733F}.Ad-Hoc|Any CPU.Build.0 = Release|x86
		{D2CE9799-902B-4FEF-B70F-C49E52BE733F}.Ad-Hoc|Any CPU.Deploy.0 = Release|x86
		{D2CE9799-902B-4FEF-B70F-C49E52BE733F}.Ad-Hoc|ARM.ActiveCfg = Release|ARM
		{D2CE9799-902B-4FEF-B70F-C49E52BE733F}.Ad-Hoc|ARM.Build.0 = Release|ARM
		{D2CE9799-902B-4FEF-B70F-C49E52BE733F}.Ad-Hoc|ARM.Deploy.0 = Release|ARM
		{D2CE9799-902B-4FEF-B70F-C49E52BE733F}.Ad-Hoc|iPhone.ActiveCfg = Release|x86
		{D2CE9799-902B-4FEF-B70F-C49E52BE733F}.Ad-Hoc|iPhone.Build.0 = Release|x86
		{D2CE9799-902B-4FEF-B70F-C49E52BE733F}.Ad-Hoc|iPhone.Deploy.0 = Release|x86
		{D2CE9799-902B-4FEF-B70F-C49E52BE733F}.Ad-Hoc|iPhoneSimulator.ActiveCfg = Release|x86
		{D2CE9799-902B-4FEF-B70F-C49E52BE733F}.Ad-Hoc|iPhoneSimulator.Build.0 = Release|x86
		{D2CE9799-902B-4FEF-B70F-C49E52BE733F}.Ad-Hoc|iPhoneSimulator.Deploy.0 = Release|x86
		{D2CE9799-902B-4FEF-B70F-C49E52BE733F}.Ad-Hoc|x64.ActiveCfg = Release|x64
		{D2CE9799-902B-4FEF-B70F-C49E52BE733F}.Ad-Hoc|x64.Build.0 = Release|x64
		{D2CE9799-902B-4FEF-B70F-C49E52BE733F}.Ad-Hoc|x64.Deploy.0 = Release|x64
		{D2CE9799-902B-4FEF-B70F-C49E52BE733F}.Ad-Hoc|x86.ActiveCfg = Release|x86
		{D2CE9799-902B-4FEF-B70F-C49E52BE733F}.Ad-Hoc|x86.Build.0 = Release|x86
		{D2CE9799-902B-4FEF-B70F-C49E52BE733F}.Ad-Hoc|x86.Deploy.0 = Release|x86
		{D2CE9799-902B-4FEF-B70F-C49E52BE733F}.AppStore|Any CPU.ActiveCfg = Release|x86
		{D2CE9799-902B-4FEF-B70F-C49E52BE733F}.AppStore|Any CPU.Build.0 = Release|x86
		{D2CE9799-902B-4FEF-B70F-C49E52BE733F}.AppStore|Any CPU.Deploy.0 = Release|x86
		{D2CE9799-902B-4FEF-B70F-C49E52BE733F}.AppStore|ARM.ActiveCfg = Release|ARM
		{D2CE9799-902B-4FEF-B70F-C49E52BE733F}.AppStore|ARM.Build.0 = Release|ARM
		{D2CE9799-902B-4FEF-B70F-C49E52BE733F}.AppStore|ARM.Deploy.0 = Release|ARM
		{D2CE9799-902B-4FEF-B70F-C49E52BE733F}.AppStore|iPhone.ActiveCfg = Release|x86
		{D2CE9799-902B-4FEF-B70F-C49E52BE733F}.AppStore|iPhone.Build.0 = Release|x86
		{D2CE9799-902B-4FEF-B70F-C49E52BE733F}.AppStore|iPhone.Deploy.0 = Release|x86
		{D2CE9799-902B-4FEF-B70F-C49E52BE733F}.AppStore|iPhoneSimulator.ActiveCfg = Release|x86
		{D2CE9799-902B-4FEF-B70F-C49E52BE733F}.AppStore|iPhoneSimulator.Build.0 = Release|x86
		{D2CE9799-902B-4FEF-B70F-C49E52BE733F}.AppStore|iPhoneSimulator.Deploy.0 = Release|x86
		{D2CE9799-902B-4FEF-B70F-C49E52BE733F}.AppStore|x64.ActiveCfg = Release|x64
		{D2CE9799-902B-4FEF-B70F-C49E52BE733F}.AppStore|x64.Build.0 = Release|x64
		{D2CE9799-902B-4FEF-B70F-C49E52BE733F}.AppStore|x64.Deploy.0 = Release|x64
		{D2CE9799-902B-4FEF-B70F-C49E52BE733F}.AppStore|x86.ActiveCfg = Release|x86
		{D2CE9799-902B-4FEF-B70F-C49E52BE733F}.AppStore|x86.Build.0 = Release|x86
		{D2CE9799-902B-4FEF-B70F-C49E52BE733F}.AppStore|x86.Deploy.0 = Release|x86
		{D2CE9799-902B-4FEF-B70F-C49E52BE733F}.Debug|Any CPU.ActiveCfg = Debug|x86
		{D2CE9799-902B-4FEF-B70F-C49E52BE733F}.Debug|ARM.ActiveCfg = Debug|ARM
		{D2CE9799-902B-4FEF-B70F-C49E52BE733F}.Debug|ARM.Build.0 = Debug|ARM
		{D2CE9799-902B-4FEF-B70F-C49E52BE733F}.Debug|ARM.Deploy.0 = Debug|ARM
		{D2CE9799-902B-4FEF-B70F-C49E52BE733F}.Debug|iPhone.ActiveCfg = Debug|x86
		{D2CE9799-902B-4FEF-B70F-C49E52BE733F}.Debug|iPhoneSimulator.ActiveCfg = Debug|x86
		{D2CE9799-902B-4FEF-B70F-C49E52BE733F}.Debug|x64.ActiveCfg = Debug|x64
		{D2CE9799-902B-4FEF-B70F-C49E52BE733F}.Debug|x64.Build.0 = Debug|x64
		{D2CE9799-902B-4FEF-B70F-C49E52BE733F}.Debug|x64.Deploy.0 = Debug|x64
		{D2CE9799-902B-4FEF-B70F-C49E52BE733F}.Debug|x86.ActiveCfg = Debug|x86
		{D2CE9799-902B-4FEF-B70F-C49E52BE733F}.Debug|x86.Build.0 = Debug|x86
		{D2CE9799-902B-4FEF-B70F-C49E52BE733F}.Debug|x86.Deploy.0 = Debug|x86
		{D2CE9799-902B-4FEF-B70F-C49E52BE733F}.Release|Any CPU.ActiveCfg = Release|x86
		{D2CE9799-902B-4FEF-B70F-C49E52BE733F}.Release|ARM.ActiveCfg = Release|ARM
		{D2CE9799-902B-4FEF-B70F-C49E52BE733F}.Release|ARM.Build.0 = Release|ARM
		{D2CE9799-902B-4FEF-B70F-C49E52BE733F}.Release|ARM.Deploy.0 = Release|ARM
		{D2CE9799-902B-4FEF-B70F-C49E52BE733F}.Release|iPhone.ActiveCfg = Release|x86
		{D2CE9799-902B-4FEF-B70F-C49E52BE733F}.Release|iPhoneSimulator.ActiveCfg = Release|x86
		{D2CE9799-902B-4FEF-B70F-C49E52BE733F}.Release|x64.ActiveCfg = Release|x64
		{D2CE9799-902B-4FEF-B70F-C49E52BE733F}.Release|x64.Build.0 = Release|x64
		{D2CE9799-902B-4FEF-B70F-C49E52BE733F}.Release|x64.Deploy.0 = Release|x64
		{D2CE9799-902B-4FEF-B70F-C49E52BE733F}.Release|x86.ActiveCfg = Release|x86
		{D2CE9799-902B-4FEF-B70F-C49E52BE733F}.Release|x86.Build.0 = Release|x86
		{D2CE9799-902B-4FEF-B70F-C49E52BE733F}.Release|x86.Deploy.0 = Release|x86
	EndGlobalSection
	GlobalSection(SolutionProperties) = preSolution
		HideSolutionNode = FALSE
	EndGlobalSection
EndGlobal
