
Microsoft Visual Studio Solution File, Format Version 12.00
# Visual Studio 14
VisualStudioVersion = 14.0.25420.1
MinimumVisualStudioVersion = 10.0.40219.1
Project("{FAE04EC0-301F-11D3-BF4B-00C04F79EFBC}") = "ContentPageLab", "ContentPageLab\ContentPageLab\ContentPageLab.csproj", "{C4DA2AB3-2441-4A2C-A683-5BC221D91A0F}"
EndProject
Project("{FAE04EC0-301F-11D3-BF4B-00C04F79EFBC}") = "ContentPageLab.Droid", "ContentPageLab\ContentPageLab.Droid\ContentPageLab.Droid.csproj", "{4EE2D34B-AAA4-4102-A60B-5EDB44BE7845}"
EndProject
Project("{FAE04EC0-301F-11D3-BF4B-00C04F79EFBC}") = "ContentPageLab.iOS", "ContentPageLab\ContentPageLab.iOS\ContentPageLab.iOS.csproj", "{F6CEA9A6-EFA9-4ADC-BA96-C76C2D9723E9}"
EndProject
Project("{FAE04EC0-301F-11D3-BF4B-00C04F79EFBC}") = "ContentPageLab.WinPhone", "ContentPageLab\ContentPageLab.WinPhone\ContentPageLab.WinPhone.csproj", "{E5C842E4-081A-4175-899E-0020E6532E40}"
EndProject
Project("{FAE04EC0-301F-11D3-BF4B-00C04F79EFBC}") = "ContentPageLab.UWP", "ContentPageLab\ContentPageLab.UWP\ContentPageLab.UWP.csproj", "{F2E17BB8-2E99-4B7C-A4C6-973449B23E99}"
EndProject
Project("{FAE04EC0-301F-11D3-BF4B-00C04F79EFBC}") = "ContentPageLab.Windows", "ContentPageLab\ContentPageLab.Windows\ContentPageLab.Windows.csproj", "{FCDB0851-C4CB-4C65-9A57-9E8631E646A5}"
EndProject
Global
	GlobalSection(SolutionConfigurationPlatforms) = preSolution
		Ad-Hoc|Any CPU = Ad-Hoc|Any CPU
		Ad-Hoc|ARM = Ad-Hoc|ARM
		Ad-Hoc|iPhone = Ad-Hoc|iPhone
		Ad-Hoc|iPhoneSimulator = Ad-Hoc|iPhoneSimulator
		Ad-Hoc|x64 = Ad-Hoc|x64
		Ad-Hoc|x86 = Ad-Hoc|x86
		AppStore|Any CPU = AppStore|Any CPU
		AppStore|ARM = AppStore|ARM
		AppStore|iPhone = AppStore|iPhone
		AppStore|iPhoneSimulator = AppStore|iPhoneSimulator
		AppStore|x64 = AppStore|x64
		AppStore|x86 = AppStore|x86
		Debug|Any CPU = Debug|Any CPU
		Debug|ARM = Debug|ARM
		Debug|iPhone = Debug|iPhone
		Debug|iPhoneSimulator = Debug|iPhoneSimulator
		Debug|x64 = Debug|x64
		Debug|x86 = Debug|x86
		Release|Any CPU = Release|Any CPU
		Release|ARM = Release|ARM
		Release|iPhone = Release|iPhone
		Release|iPhoneSimulator = Release|iPhoneSimulator
		Release|x64 = Release|x64
		Release|x86 = Release|x86
	EndGlobalSection
	GlobalSection(ProjectConfigurationPlatforms) = postSolution
		{C4DA2AB3-2441-4A2C-A683-5BC221D91A0F}.Ad-Hoc|Any CPU.ActiveCfg = Release|Any CPU
		{C4DA2AB3-2441-4A2C-A683-5BC221D91A0F}.Ad-Hoc|Any CPU.Build.0 = Release|Any CPU
		{C4DA2AB3-2441-4A2C-A683-5BC221D91A0F}.Ad-Hoc|ARM.ActiveCfg = Release|Any CPU
		{C4DA2AB3-2441-4A2C-A683-5BC221D91A0F}.Ad-Hoc|ARM.Build.0 = Release|Any CPU
		{C4DA2AB3-2441-4A2C-A683-5BC221D91A0F}.Ad-Hoc|iPhone.ActiveCfg = Release|Any CPU
		{C4DA2AB3-2441-4A2C-A683-5BC221D91A0F}.Ad-Hoc|iPhone.Build.0 = Release|Any CPU
		{C4DA2AB3-2441-4A2C-A683-5BC221D91A0F}.Ad-Hoc|iPhoneSimulator.ActiveCfg = Release|Any CPU
		{C4DA2AB3-2441-4A2C-A683-5BC221D91A0F}.Ad-Hoc|iPhoneSimulator.Build.0 = Release|Any CPU
		{C4DA2AB3-2441-4A2C-A683-5BC221D91A0F}.Ad-Hoc|x64.ActiveCfg = Release|Any CPU
		{C4DA2AB3-2441-4A2C-A683-5BC221D91A0F}.Ad-Hoc|x64.Build.0 = Release|Any CPU
		{C4DA2AB3-2441-4A2C-A683-5BC221D91A0F}.Ad-Hoc|x86.ActiveCfg = Release|Any CPU
		{C4DA2AB3-2441-4A2C-A683-5BC221D91A0F}.Ad-Hoc|x86.Build.0 = Release|Any CPU
		{C4DA2AB3-2441-4A2C-A683-5BC221D91A0F}.AppStore|Any CPU.ActiveCfg = Release|Any CPU
		{C4DA2AB3-2441-4A2C-A683-5BC221D91A0F}.AppStore|Any CPU.Build.0 = Release|Any CPU
		{C4DA2AB3-2441-4A2C-A683-5BC221D91A0F}.AppStore|ARM.ActiveCfg = Release|Any CPU
		{C4DA2AB3-2441-4A2C-A683-5BC221D91A0F}.AppStore|ARM.Build.0 = Release|Any CPU
		{C4DA2AB3-2441-4A2C-A683-5BC221D91A0F}.AppStore|iPhone.ActiveCfg = Release|Any CPU
		{C4DA2AB3-2441-4A2C-A683-5BC221D91A0F}.AppStore|iPhone.Build.0 = Release|Any CPU
		{C4DA2AB3-2441-4A2C-A683-5BC221D91A0F}.AppStore|iPhoneSimulator.ActiveCfg = Release|Any CPU
		{C4DA2AB3-2441-4A2C-A683-5BC221D91A0F}.AppStore|iPhoneSimulator.Build.0 = Release|Any CPU
		{C4DA2AB3-2441-4A2C-A683-5BC221D91A0F}.AppStore|x64.ActiveCfg = Release|Any CPU
		{C4DA2AB3-2441-4A2C-A683-5BC221D91A0F}.AppStore|x64.Build.0 = Release|Any CPU
		{C4DA2AB3-2441-4A2C-A683-5BC221D91A0F}.AppStore|x86.ActiveCfg = Release|Any CPU
		{C4DA2AB3-2441-4A2C-A683-5BC221D91A0F}.AppStore|x86.Build.0 = Release|Any CPU
		{C4DA2AB3-2441-4A2C-A683-5BC221D91A0F}.Debug|Any CPU.ActiveCfg = Debug|Any CPU
		{C4DA2AB3-2441-4A2C-A683-5BC221D91A0F}.Debug|Any CPU.Build.0 = Debug|Any CPU
		{C4DA2AB3-2441-4A2C-A683-5BC221D91A0F}.Debug|ARM.ActiveCfg = Debug|Any CPU
		{C4DA2AB3-2441-4A2C-A683-5BC221D91A0F}.Debug|ARM.Build.0 = Debug|Any CPU
		{C4DA2AB3-2441-4A2C-A683-5BC221D91A0F}.Debug|iPhone.ActiveCfg = Debug|Any CPU
		{C4DA2AB3-2441-4A2C-A683-5BC221D91A0F}.Debug|iPhone.Build.0 = Debug|Any CPU
		{C4DA2AB3-2441-4A2C-A683-5BC221D91A0F}.Debug|iPhoneSimulator.ActiveCfg = Debug|Any CPU
		{C4DA2AB3-2441-4A2C-A683-5BC221D91A0F}.Debug|iPhoneSimulator.Build.0 = Debug|Any CPU
		{C4DA2AB3-2441-4A2C-A683-5BC221D91A0F}.Debug|x64.ActiveCfg = Debug|Any CPU
		{C4DA2AB3-2441-4A2C-A683-5BC221D91A0F}.Debug|x64.Build.0 = Debug|Any CPU
		{C4DA2AB3-2441-4A2C-A683-5BC221D91A0F}.Debug|x86.ActiveCfg = Debug|Any CPU
		{C4DA2AB3-2441-4A2C-A683-5BC221D91A0F}.Debug|x86.Build.0 = Debug|Any CPU
		{C4DA2AB3-2441-4A2C-A683-5BC221D91A0F}.Release|Any CPU.ActiveCfg = Release|Any CPU
		{C4DA2AB3-2441-4A2C-A683-5BC221D91A0F}.Release|Any CPU.Build.0 = Release|Any CPU
		{C4DA2AB3-2441-4A2C-A683-5BC221D91A0F}.Release|ARM.ActiveCfg = Release|Any CPU
		{C4DA2AB3-2441-4A2C-A683-5BC221D91A0F}.Release|ARM.Build.0 = Release|Any CPU
		{C4DA2AB3-2441-4A2C-A683-5BC221D91A0F}.Release|iPhone.ActiveCfg = Release|Any CPU
		{C4DA2AB3-2441-4A2C-A683-5BC221D91A0F}.Release|iPhone.Build.0 = Release|Any CPU
		{C4DA2AB3-2441-4A2C-A683-5BC221D91A0F}.Release|iPhoneSimulator.ActiveCfg = Release|Any CPU
		{C4DA2AB3-2441-4A2C-A683-5BC221D91A0F}.Release|iPhoneSimulator.Build.0 = Release|Any CPU
		{C4DA2AB3-2441-4A2C-A683-5BC221D91A0F}.Release|x64.ActiveCfg = Release|Any CPU
		{C4DA2AB3-2441-4A2C-A683-5BC221D91A0F}.Release|x64.Build.0 = Release|Any CPU
		{C4DA2AB3-2441-4A2C-A683-5BC221D91A0F}.Release|x86.ActiveCfg = Release|Any CPU
		{C4DA2AB3-2441-4A2C-A683-5BC221D91A0F}.Release|x86.Build.0 = Release|Any CPU
		{4EE2D34B-AAA4-4102-A60B-5EDB44BE7845}.Ad-Hoc|Any CPU.ActiveCfg = Release|Any CPU
		{4EE2D34B-AAA4-4102-A60B-5EDB44BE7845}.Ad-Hoc|Any CPU.Build.0 = Release|Any CPU
		{4EE2D34B-AAA4-4102-A60B-5EDB44BE7845}.Ad-Hoc|Any CPU.Deploy.0 = Release|Any CPU
		{4EE2D34B-AAA4-4102-A60B-5EDB44BE7845}.Ad-Hoc|ARM.ActiveCfg = Release|Any CPU
		{4EE2D34B-AAA4-4102-A60B-5EDB44BE7845}.Ad-Hoc|ARM.Build.0 = Release|Any CPU
		{4EE2D34B-AAA4-4102-A60B-5EDB44BE7845}.Ad-Hoc|ARM.Deploy.0 = Release|Any CPU
		{4EE2D34B-AAA4-4102-A60B-5EDB44BE7845}.Ad-Hoc|iPhone.ActiveCfg = Release|Any CPU
		{4EE2D34B-AAA4-4102-A60B-5EDB44BE7845}.Ad-Hoc|iPhone.Build.0 = Release|Any CPU
		{4EE2D34B-AAA4-4102-A60B-5EDB44BE7845}.Ad-Hoc|iPhone.Deploy.0 = Release|Any CPU
		{4EE2D34B-AAA4-4102-A60B-5EDB44BE7845}.Ad-Hoc|iPhoneSimulator.ActiveCfg = Release|Any CPU
		{4EE2D34B-AAA4-4102-A60B-5EDB44BE7845}.Ad-Hoc|iPhoneSimulator.Build.0 = Release|Any CPU
		{4EE2D34B-AAA4-4102-A60B-5EDB44BE7845}.Ad-Hoc|iPhoneSimulator.Deploy.0 = Release|Any CPU
		{4EE2D34B-AAA4-4102-A60B-5EDB44BE7845}.Ad-Hoc|x64.ActiveCfg = Release|Any CPU
		{4EE2D34B-AAA4-4102-A60B-5EDB44BE7845}.Ad-Hoc|x64.Build.0 = Release|Any CPU
		{4EE2D34B-AAA4-4102-A60B-5EDB44BE7845}.Ad-Hoc|x64.Deploy.0 = Release|Any CPU
		{4EE2D34B-AAA4-4102-A60B-5EDB44BE7845}.Ad-Hoc|x86.ActiveCfg = Release|Any CPU
		{4EE2D34B-AAA4-4102-A60B-5EDB44BE7845}.Ad-Hoc|x86.Build.0 = Release|Any CPU
		{4EE2D34B-AAA4-4102-A60B-5EDB44BE7845}.Ad-Hoc|x86.Deploy.0 = Release|Any CPU
		{4EE2D34B-AAA4-4102-A60B-5EDB44BE7845}.AppStore|Any CPU.ActiveCfg = Release|Any CPU
		{4EE2D34B-AAA4-4102-A60B-5EDB44BE7845}.AppStore|Any CPU.Build.0 = Release|Any CPU
		{4EE2D34B-AAA4-4102-A60B-5EDB44BE7845}.AppStore|Any CPU.Deploy.0 = Release|Any CPU
		{4EE2D34B-AAA4-4102-A60B-5EDB44BE7845}.AppStore|ARM.ActiveCfg = Release|Any CPU
		{4EE2D34B-AAA4-4102-A60B-5EDB44BE7845}.AppStore|ARM.Build.0 = Release|Any CPU
		{4EE2D34B-AAA4-4102-A60B-5EDB44BE7845}.AppStore|ARM.Deploy.0 = Release|Any CPU
		{4EE2D34B-AAA4-4102-A60B-5EDB44BE7845}.AppStore|iPhone.ActiveCfg = Release|Any CPU
		{4EE2D34B-AAA4-4102-A60B-5EDB44BE7845}.AppStore|iPhone.Build.0 = Release|Any CPU
		{4EE2D34B-AAA4-4102-A60B-5EDB44BE7845}.AppStore|iPhone.Deploy.0 = Release|Any CPU
		{4EE2D34B-AAA4-4102-A60B-5EDB44BE7845}.AppStore|iPhoneSimulator.ActiveCfg = Release|Any CPU
		{4EE2D34B-AAA4-4102-A60B-5EDB44BE7845}.AppStore|iPhoneSimulator.Build.0 = Release|Any CPU
		{4EE2D34B-AAA4-4102-A60B-5EDB44BE7845}.AppStore|iPhoneSimulator.Deploy.0 = Release|Any CPU
		{4EE2D34B-AAA4-4102-A60B-5EDB44BE7845}.AppStore|x64.ActiveCfg = Release|Any CPU
		{4EE2D34B-AAA4-4102-A60B-5EDB44BE7845}.AppStore|x64.Build.0 = Release|Any CPU
		{4EE2D34B-AAA4-4102-A60B-5EDB44BE7845}.AppStore|x64.Deploy.0 = Release|Any CPU
		{4EE2D34B-AAA4-4102-A60B-5EDB44BE7845}.AppStore|x86.ActiveCfg = Release|Any CPU
		{4EE2D34B-AAA4-4102-A60B-5EDB44BE7845}.AppStore|x86.Build.0 = Release|Any CPU
		{4EE2D34B-AAA4-4102-A60B-5EDB44BE7845}.AppStore|x86.Deploy.0 = Release|Any CPU
		{4EE2D34B-AAA4-4102-A60B-5EDB44BE7845}.Debug|Any CPU.ActiveCfg = Debug|Any CPU
		{4EE2D34B-AAA4-4102-A60B-5EDB44BE7845}.Debug|Any CPU.Build.0 = Debug|Any CPU
		{4EE2D34B-AAA4-4102-A60B-5EDB44BE7845}.Debug|Any CPU.Deploy.0 = Debug|Any CPU
		{4EE2D34B-AAA4-4102-A60B-5EDB44BE7845}.Debug|ARM.ActiveCfg = Debug|Any CPU
		{4EE2D34B-AAA4-4102-A60B-5EDB44BE7845}.Debug|ARM.Build.0 = Debug|Any CPU
		{4EE2D34B-AAA4-4102-A60B-5EDB44BE7845}.Debug|ARM.Deploy.0 = Debug|Any CPU
		{4EE2D34B-AAA4-4102-A60B-5EDB44BE7845}.Debug|iPhone.ActiveCfg = Debug|Any CPU
		{4EE2D34B-AAA4-4102-A60B-5EDB44BE7845}.Debug|iPhone.Build.0 = Debug|Any CPU
		{4EE2D34B-AAA4-4102-A60B-5EDB44BE7845}.Debug|iPhone.Deploy.0 = Debug|Any CPU
		{4EE2D34B-AAA4-4102-A60B-5EDB44BE7845}.Debug|iPhoneSimulator.ActiveCfg = Debug|Any CPU
		{4EE2D34B-AAA4-4102-A60B-5EDB44BE7845}.Debug|iPhoneSimulator.Build.0 = Debug|Any CPU
		{4EE2D34B-AAA4-4102-A60B-5EDB44BE7845}.Debug|iPhoneSimulator.Deploy.0 = Debug|Any CPU
		{4EE2D34B-AAA4-4102-A60B-5EDB44BE7845}.Debug|x64.ActiveCfg = Debug|Any CPU
		{4EE2D34B-AAA4-4102-A60B-5EDB44BE7845}.Debug|x64.Build.0 = Debug|Any CPU
		{4EE2D34B-AAA4-4102-A60B-5EDB44BE7845}.Debug|x64.Deploy.0 = Debug|Any CPU
		{4EE2D34B-AAA4-4102-A60B-5EDB44BE7845}.Debug|x86.ActiveCfg = Debug|Any CPU
		{4EE2D34B-AAA4-4102-A60B-5EDB44BE7845}.Debug|x86.Build.0 = Debug|Any CPU
		{4EE2D34B-AAA4-4102-A60B-5EDB44BE7845}.Debug|x86.Deploy.0 = Debug|Any CPU
		{4EE2D34B-AAA4-4102-A60B-5EDB44BE7845}.Release|Any CPU.ActiveCfg = Release|Any CPU
		{4EE2D34B-AAA4-4102-A60B-5EDB44BE7845}.Release|Any CPU.Build.0 = Release|Any CPU
		{4EE2D34B-AAA4-4102-A60B-5EDB44BE7845}.Release|Any CPU.Deploy.0 = Release|Any CPU
		{4EE2D34B-AAA4-4102-A60B-5EDB44BE7845}.Release|ARM.ActiveCfg = Release|Any CPU
		{4EE2D34B-AAA4-4102-A60B-5EDB44BE7845}.Release|ARM.Build.0 = Release|Any CPU
		{4EE2D34B-AAA4-4102-A60B-5EDB44BE7845}.Release|ARM.Deploy.0 = Release|Any CPU
		{4EE2D34B-AAA4-4102-A60B-5EDB44BE7845}.Release|iPhone.ActiveCfg = Release|Any CPU
		{4EE2D34B-AAA4-4102-A60B-5EDB44BE7845}.Release|iPhone.Build.0 = Release|Any CPU
		{4EE2D34B-AAA4-4102-A60B-5EDB44BE7845}.Release|iPhone.Deploy.0 = Release|Any CPU
		{4EE2D34B-AAA4-4102-A60B-5EDB44BE7845}.Release|iPhoneSimulator.ActiveCfg = Release|Any CPU
		{4EE2D34B-AAA4-4102-A60B-5EDB44BE7845}.Release|iPhoneSimulator.Build.0 = Release|Any CPU
		{4EE2D34B-AAA4-4102-A60B-5EDB44BE7845}.Release|iPhoneSimulator.Deploy.0 = Release|Any CPU
		{4EE2D34B-AAA4-4102-A60B-5EDB44BE7845}.Release|x64.ActiveCfg = Release|Any CPU
		{4EE2D34B-AAA4-4102-A60B-5EDB44BE7845}.Release|x64.Build.0 = Release|Any CPU
		{4EE2D34B-AAA4-4102-A60B-5EDB44BE7845}.Release|x64.Deploy.0 = Release|Any CPU
		{4EE2D34B-AAA4-4102-A60B-5EDB44BE7845}.Release|x86.ActiveCfg = Release|Any CPU
		{4EE2D34B-AAA4-4102-A60B-5EDB44BE7845}.Release|x86.Build.0 = Release|Any CPU
		{4EE2D34B-AAA4-4102-A60B-5EDB44BE7845}.Release|x86.Deploy.0 = Release|Any CPU
		{F6CEA9A6-EFA9-4ADC-BA96-C76C2D9723E9}.Ad-Hoc|Any CPU.ActiveCfg = Ad-Hoc|iPhone
		{F6CEA9A6-EFA9-4ADC-BA96-C76C2D9723E9}.Ad-Hoc|ARM.ActiveCfg = Ad-Hoc|iPhone
		{F6CEA9A6-EFA9-4ADC-BA96-C76C2D9723E9}.Ad-Hoc|iPhone.ActiveCfg = Ad-Hoc|iPhone
		{F6CEA9A6-EFA9-4ADC-BA96-C76C2D9723E9}.Ad-Hoc|iPhone.Build.0 = Ad-Hoc|iPhone
		{F6CEA9A6-EFA9-4ADC-BA96-C76C2D9723E9}.Ad-Hoc|iPhoneSimulator.ActiveCfg = Ad-Hoc|iPhoneSimulator
		{F6CEA9A6-EFA9-4ADC-BA96-C76C2D9723E9}.Ad-Hoc|iPhoneSimulator.Build.0 = Ad-Hoc|iPhoneSimulator
		{F6CEA9A6-EFA9-4ADC-BA96-C76C2D9723E9}.Ad-Hoc|x64.ActiveCfg = Ad-Hoc|iPhone
		{F6CEA9A6-EFA9-4ADC-BA96-C76C2D9723E9}.Ad-Hoc|x86.ActiveCfg = Ad-Hoc|iPhone
		{F6CEA9A6-EFA9-4ADC-BA96-C76C2D9723E9}.AppStore|Any CPU.ActiveCfg = AppStore|iPhone
		{F6CEA9A6-EFA9-4ADC-BA96-C76C2D9723E9}.AppStore|ARM.ActiveCfg = AppStore|iPhone
		{F6CEA9A6-EFA9-4ADC-BA96-C76C2D9723E9}.AppStore|iPhone.ActiveCfg = AppStore|iPhone
		{F6CEA9A6-EFA9-4ADC-BA96-C76C2D9723E9}.AppStore|iPhone.Build.0 = AppStore|iPhone
		{F6CEA9A6-EFA9-4ADC-BA96-C76C2D9723E9}.AppStore|iPhoneSimulator.ActiveCfg = AppStore|iPhoneSimulator
		{F6CEA9A6-EFA9-4ADC-BA96-C76C2D9723E9}.AppStore|iPhoneSimulator.Build.0 = AppStore|iPhoneSimulator
		{F6CEA9A6-EFA9-4ADC-BA96-C76C2D9723E9}.AppStore|x64.ActiveCfg = AppStore|iPhone
		{F6CEA9A6-EFA9-4ADC-BA96-C76C2D9723E9}.AppStore|x86.ActiveCfg = AppStore|iPhone
		{F6CEA9A6-EFA9-4ADC-BA96-C76C2D9723E9}.Debug|Any CPU.ActiveCfg = Debug|iPhone
		{F6CEA9A6-EFA9-4ADC-BA96-C76C2D9723E9}.Debug|ARM.ActiveCfg = Debug|iPhone
		{F6CEA9A6-EFA9-4ADC-BA96-C76C2D9723E9}.Debug|iPhone.ActiveCfg = Debug|iPhone
		{F6CEA9A6-EFA9-4ADC-BA96-C76C2D9723E9}.Debug|iPhone.Build.0 = Debug|iPhone
		{F6CEA9A6-EFA9-4ADC-BA96-C76C2D9723E9}.Debug|iPhoneSimulator.ActiveCfg = Debug|iPhoneSimulator
		{F6CEA9A6-EFA9-4ADC-BA96-C76C2D9723E9}.Debug|iPhoneSimulator.Build.0 = Debug|iPhoneSimulator
		{F6CEA9A6-EFA9-4ADC-BA96-C76C2D9723E9}.Debug|x64.ActiveCfg = Debug|iPhone
		{F6CEA9A6-EFA9-4ADC-BA96-C76C2D9723E9}.Debug|x86.ActiveCfg = Debug|iPhone
		{F6CEA9A6-EFA9-4ADC-BA96-C76C2D9723E9}.Release|Any CPU.ActiveCfg = Release|iPhone
		{F6CEA9A6-EFA9-4ADC-BA96-C76C2D9723E9}.Release|ARM.ActiveCfg = Release|iPhone
		{F6CEA9A6-EFA9-4ADC-BA96-C76C2D9723E9}.Release|iPhone.ActiveCfg = Release|iPhone
		{F6CEA9A6-EFA9-4ADC-BA96-C76C2D9723E9}.Release|iPhone.Build.0 = Release|iPhone
		{F6CEA9A6-EFA9-4ADC-BA96-C76C2D9723E9}.Release|iPhoneSimulator.ActiveCfg = Release|iPhoneSimulator
		{F6CEA9A6-EFA9-4ADC-BA96-C76C2D9723E9}.Release|iPhoneSimulator.Build.0 = Release|iPhoneSimulator
		{F6CEA9A6-EFA9-4ADC-BA96-C76C2D9723E9}.Release|x64.ActiveCfg = Release|iPhone
		{F6CEA9A6-EFA9-4ADC-BA96-C76C2D9723E9}.Release|x86.ActiveCfg = Release|iPhone
		{E5C842E4-081A-4175-899E-0020E6532E40}.Ad-Hoc|Any CPU.ActiveCfg = Release|Any CPU
		{E5C842E4-081A-4175-899E-0020E6532E40}.Ad-Hoc|Any CPU.Build.0 = Release|Any CPU
		{E5C842E4-081A-4175-899E-0020E6532E40}.Ad-Hoc|Any CPU.Deploy.0 = Release|Any CPU
		{E5C842E4-081A-4175-899E-0020E6532E40}.Ad-Hoc|ARM.ActiveCfg = Release|ARM
		{E5C842E4-081A-4175-899E-0020E6532E40}.Ad-Hoc|ARM.Build.0 = Release|ARM
		{E5C842E4-081A-4175-899E-0020E6532E40}.Ad-Hoc|ARM.Deploy.0 = Release|ARM
		{E5C842E4-081A-4175-899E-0020E6532E40}.Ad-Hoc|iPhone.ActiveCfg = Release|Any CPU
		{E5C842E4-081A-4175-899E-0020E6532E40}.Ad-Hoc|iPhone.Build.0 = Release|Any CPU
		{E5C842E4-081A-4175-899E-0020E6532E40}.Ad-Hoc|iPhone.Deploy.0 = Release|Any CPU
		{E5C842E4-081A-4175-899E-0020E6532E40}.Ad-Hoc|iPhoneSimulator.ActiveCfg = Release|Any CPU
		{E5C842E4-081A-4175-899E-0020E6532E40}.Ad-Hoc|iPhoneSimulator.Build.0 = Release|Any CPU
		{E5C842E4-081A-4175-899E-0020E6532E40}.Ad-Hoc|iPhoneSimulator.Deploy.0 = Release|Any CPU
		{E5C842E4-081A-4175-899E-0020E6532E40}.Ad-Hoc|x64.ActiveCfg = Release|Any CPU
		{E5C842E4-081A-4175-899E-0020E6532E40}.Ad-Hoc|x64.Build.0 = Release|Any CPU
		{E5C842E4-081A-4175-899E-0020E6532E40}.Ad-Hoc|x64.Deploy.0 = Release|Any CPU
		{E5C842E4-081A-4175-899E-0020E6532E40}.Ad-Hoc|x86.ActiveCfg = Release|x86
		{E5C842E4-081A-4175-899E-0020E6532E40}.Ad-Hoc|x86.Build.0 = Release|x86
		{E5C842E4-081A-4175-899E-0020E6532E40}.Ad-Hoc|x86.Deploy.0 = Release|x86
		{E5C842E4-081A-4175-899E-0020E6532E40}.AppStore|Any CPU.ActiveCfg = Release|Any CPU
		{E5C842E4-081A-4175-899E-0020E6532E40}.AppStore|Any CPU.Build.0 = Release|Any CPU
		{E5C842E4-081A-4175-899E-0020E6532E40}.AppStore|Any CPU.Deploy.0 = Release|Any CPU
		{E5C842E4-081A-4175-899E-0020E6532E40}.AppStore|ARM.ActiveCfg = Release|ARM
		{E5C842E4-081A-4175-899E-0020E6532E40}.AppStore|ARM.Build.0 = Release|ARM
		{E5C842E4-081A-4175-899E-0020E6532E40}.AppStore|ARM.Deploy.0 = Release|ARM
		{E5C842E4-081A-4175-899E-0020E6532E40}.AppStore|iPhone.ActiveCfg = Release|Any CPU
		{E5C842E4-081A-4175-899E-0020E6532E40}.AppStore|iPhone.Build.0 = Release|Any CPU
		{E5C842E4-081A-4175-899E-0020E6532E40}.AppStore|iPhone.Deploy.0 = Release|Any CPU
		{E5C842E4-081A-4175-899E-0020E6532E40}.AppStore|iPhoneSimulator.ActiveCfg = Release|Any CPU
		{E5C842E4-081A-4175-899E-0020E6532E40}.AppStore|iPhoneSimulator.Build.0 = Release|Any CPU
		{E5C842E4-081A-4175-899E-0020E6532E40}.AppStore|iPhoneSimulator.Deploy.0 = Release|Any CPU
		{E5C842E4-081A-4175-899E-0020E6532E40}.AppStore|x64.ActiveCfg = Release|Any CPU
		{E5C842E4-081A-4175-899E-0020E6532E40}.AppStore|x64.Build.0 = Release|Any CPU
		{E5C842E4-081A-4175-899E-0020E6532E40}.AppStore|x64.Deploy.0 = Release|Any CPU
		{E5C842E4-081A-4175-899E-0020E6532E40}.AppStore|x86.ActiveCfg = Release|x86
		{E5C842E4-081A-4175-899E-0020E6532E40}.AppStore|x86.Build.0 = Release|x86
		{E5C842E4-081A-4175-899E-0020E6532E40}.AppStore|x86.Deploy.0 = Release|x86
		{E5C842E4-081A-4175-899E-0020E6532E40}.Debug|Any CPU.ActiveCfg = Debug|Any CPU
		{E5C842E4-081A-4175-899E-0020E6532E40}.Debug|Any CPU.Build.0 = Debug|Any CPU
		{E5C842E4-081A-4175-899E-0020E6532E40}.Debug|Any CPU.Deploy.0 = Debug|Any CPU
		{E5C842E4-081A-4175-899E-0020E6532E40}.Debug|ARM.ActiveCfg = Debug|ARM
		{E5C842E4-081A-4175-899E-0020E6532E40}.Debug|ARM.Build.0 = Debug|ARM
		{E5C842E4-081A-4175-899E-0020E6532E40}.Debug|ARM.Deploy.0 = Debug|ARM
		{E5C842E4-081A-4175-899E-0020E6532E40}.Debug|iPhone.ActiveCfg = Debug|Any CPU
		{E5C842E4-081A-4175-899E-0020E6532E40}.Debug|iPhone.Build.0 = Debug|Any CPU
		{E5C842E4-081A-4175-899E-0020E6532E40}.Debug|iPhone.Deploy.0 = Debug|Any CPU
		{E5C842E4-081A-4175-899E-0020E6532E40}.Debug|iPhoneSimulator.ActiveCfg = Debug|Any CPU
		{E5C842E4-081A-4175-899E-0020E6532E40}.Debug|iPhoneSimulator.Build.0 = Debug|Any CPU
		{E5C842E4-081A-4175-899E-0020E6532E40}.Debug|iPhoneSimulator.Deploy.0 = Debug|Any CPU
		{E5C842E4-081A-4175-899E-0020E6532E40}.Debug|x64.ActiveCfg = Debug|Any CPU
		{E5C842E4-081A-4175-899E-0020E6532E40}.Debug|x64.Build.0 = Debug|Any CPU
		{E5C842E4-081A-4175-899E-0020E6532E40}.Debug|x64.Deploy.0 = Debug|Any CPU
		{E5C842E4-081A-4175-899E-0020E6532E40}.Debug|x86.ActiveCfg = Debug|x86
		{E5C842E4-081A-4175-899E-0020E6532E40}.Debug|x86.Build.0 = Debug|x86
		{E5C842E4-081A-4175-899E-0020E6532E40}.Debug|x86.Deploy.0 = Debug|x86
		{E5C842E4-081A-4175-899E-0020E6532E40}.Release|Any CPU.ActiveCfg = Release|Any CPU
		{E5C842E4-081A-4175-899E-0020E6532E40}.Release|Any CPU.Build.0 = Release|Any CPU
		{E5C842E4-081A-4175-899E-0020E6532E40}.Release|Any CPU.Deploy.0 = Release|Any CPU
		{E5C842E4-081A-4175-899E-0020E6532E40}.Release|ARM.ActiveCfg = Release|ARM
		{E5C842E4-081A-4175-899E-0020E6532E40}.Release|ARM.Build.0 = Release|ARM
		{E5C842E4-081A-4175-899E-0020E6532E40}.Release|ARM.Deploy.0 = Release|ARM
		{E5C842E4-081A-4175-899E-0020E6532E40}.Release|iPhone.ActiveCfg = Release|Any CPU
		{E5C842E4-081A-4175-899E-0020E6532E40}.Release|iPhone.Build.0 = Release|Any CPU
		{E5C842E4-081A-4175-899E-0020E6532E40}.Release|iPhone.Deploy.0 = Release|Any CPU
		{E5C842E4-081A-4175-899E-0020E6532E40}.Release|iPhoneSimulator.ActiveCfg = Release|Any CPU
		{E5C842E4-081A-4175-899E-0020E6532E40}.Release|iPhoneSimulator.Build.0 = Release|Any CPU
		{E5C842E4-081A-4175-899E-0020E6532E40}.Release|iPhoneSimulator.Deploy.0 = Release|Any CPU
		{E5C842E4-081A-4175-899E-0020E6532E40}.Release|x64.ActiveCfg = Release|Any CPU
		{E5C842E4-081A-4175-899E-0020E6532E40}.Release|x64.Build.0 = Release|Any CPU
		{E5C842E4-081A-4175-899E-0020E6532E40}.Release|x64.Deploy.0 = Release|Any CPU
		{E5C842E4-081A-4175-899E-0020E6532E40}.Release|x86.ActiveCfg = Release|x86
		{E5C842E4-081A-4175-899E-0020E6532E40}.Release|x86.Build.0 = Release|x86
		{E5C842E4-081A-4175-899E-0020E6532E40}.Release|x86.Deploy.0 = Release|x86
		{F2E17BB8-2E99-4B7C-A4C6-973449B23E99}.Ad-Hoc|Any CPU.ActiveCfg = Release|x86
		{F2E17BB8-2E99-4B7C-A4C6-973449B23E99}.Ad-Hoc|Any CPU.Build.0 = Release|x86
		{F2E17BB8-2E99-4B7C-A4C6-973449B23E99}.Ad-Hoc|Any CPU.Deploy.0 = Release|x86
		{F2E17BB8-2E99-4B7C-A4C6-973449B23E99}.Ad-Hoc|ARM.ActiveCfg = Release|ARM
		{F2E17BB8-2E99-4B7C-A4C6-973449B23E99}.Ad-Hoc|ARM.Build.0 = Release|ARM
		{F2E17BB8-2E99-4B7C-A4C6-973449B23E99}.Ad-Hoc|ARM.Deploy.0 = Release|ARM
		{F2E17BB8-2E99-4B7C-A4C6-973449B23E99}.Ad-Hoc|iPhone.ActiveCfg = Release|x86
		{F2E17BB8-2E99-4B7C-A4C6-973449B23E99}.Ad-Hoc|iPhone.Build.0 = Release|x86
		{F2E17BB8-2E99-4B7C-A4C6-973449B23E99}.Ad-Hoc|iPhone.Deploy.0 = Release|x86
		{F2E17BB8-2E99-4B7C-A4C6-973449B23E99}.Ad-Hoc|iPhoneSimulator.ActiveCfg = Release|x86
		{F2E17BB8-2E99-4B7C-A4C6-973449B23E99}.Ad-Hoc|iPhoneSimulator.Build.0 = Release|x86
		{F2E17BB8-2E99-4B7C-A4C6-973449B23E99}.Ad-Hoc|iPhoneSimulator.Deploy.0 = Release|x86
		{F2E17BB8-2E99-4B7C-A4C6-973449B23E99}.Ad-Hoc|x64.ActiveCfg = Release|x64
		{F2E17BB8-2E99-4B7C-A4C6-973449B23E99}.Ad-Hoc|x64.Build.0 = Release|x64
		{F2E17BB8-2E99-4B7C-A4C6-973449B23E99}.Ad-Hoc|x64.Deploy.0 = Release|x64
		{F2E17BB8-2E99-4B7C-A4C6-973449B23E99}.Ad-Hoc|x86.ActiveCfg = Release|x86
		{F2E17BB8-2E99-4B7C-A4C6-973449B23E99}.Ad-Hoc|x86.Build.0 = Release|x86
		{F2E17BB8-2E99-4B7C-A4C6-973449B23E99}.Ad-Hoc|x86.Deploy.0 = Release|x86
		{F2E17BB8-2E99-4B7C-A4C6-973449B23E99}.AppStore|Any CPU.ActiveCfg = Release|x86
		{F2E17BB8-2E99-4B7C-A4C6-973449B23E99}.AppStore|Any CPU.Build.0 = Release|x86
		{F2E17BB8-2E99-4B7C-A4C6-973449B23E99}.AppStore|Any CPU.Deploy.0 = Release|x86
		{F2E17BB8-2E99-4B7C-A4C6-973449B23E99}.AppStore|ARM.ActiveCfg = Release|ARM
		{F2E17BB8-2E99-4B7C-A4C6-973449B23E99}.AppStore|ARM.Build.0 = Release|ARM
		{F2E17BB8-2E99-4B7C-A4C6-973449B23E99}.AppStore|ARM.Deploy.0 = Release|ARM
		{F2E17BB8-2E99-4B7C-A4C6-973449B23E99}.AppStore|iPhone.ActiveCfg = Release|x86
		{F2E17BB8-2E99-4B7C-A4C6-973449B23E99}.AppStore|iPhone.Build.0 = Release|x86
		{F2E17BB8-2E99-4B7C-A4C6-973449B23E99}.AppStore|iPhone.Deploy.0 = Release|x86
		{F2E17BB8-2E99-4B7C-A4C6-973449B23E99}.AppStore|iPhoneSimulator.ActiveCfg = Release|x86
		{F2E17BB8-2E99-4B7C-A4C6-973449B23E99}.AppStore|iPhoneSimulator.Build.0 = Release|x86
		{F2E17BB8-2E99-4B7C-A4C6-973449B23E99}.AppStore|iPhoneSimulator.Deploy.0 = Release|x86
		{F2E17BB8-2E99-4B7C-A4C6-973449B23E99}.AppStore|x64.ActiveCfg = Release|x64
		{F2E17BB8-2E99-4B7C-A4C6-973449B23E99}.AppStore|x64.Build.0 = Release|x64
		{F2E17BB8-2E99-4B7C-A4C6-973449B23E99}.AppStore|x64.Deploy.0 = Release|x64
		{F2E17BB8-2E99-4B7C-A4C6-973449B23E99}.AppStore|x86.ActiveCfg = Release|x86
		{F2E17BB8-2E99-4B7C-A4C6-973449B23E99}.AppStore|x86.Build.0 = Release|x86
		{F2E17BB8-2E99-4B7C-A4C6-973449B23E99}.AppStore|x86.Deploy.0 = Release|x86
		{F2E17BB8-2E99-4B7C-A4C6-973449B23E99}.Debug|Any CPU.ActiveCfg = Debug|x86
		{F2E17BB8-2E99-4B7C-A4C6-973449B23E99}.Debug|ARM.ActiveCfg = Debug|ARM
		{F2E17BB8-2E99-4B7C-A4C6-973449B23E99}.Debug|ARM.Build.0 = Debug|ARM
		{F2E17BB8-2E99-4B7C-A4C6-973449B23E99}.Debug|ARM.Deploy.0 = Debug|ARM
		{F2E17BB8-2E99-4B7C-A4C6-973449B23E99}.Debug|iPhone.ActiveCfg = Debug|x86
		{F2E17BB8-2E99-4B7C-A4C6-973449B23E99}.Debug|iPhoneSimulator.ActiveCfg = Debug|x86
		{F2E17BB8-2E99-4B7C-A4C6-973449B23E99}.Debug|x64.ActiveCfg = Debug|x64
		{F2E17BB8-2E99-4B7C-A4C6-973449B23E99}.Debug|x64.Build.0 = Debug|x64
		{F2E17BB8-2E99-4B7C-A4C6-973449B23E99}.Debug|x64.Deploy.0 = Debug|x64
		{F2E17BB8-2E99-4B7C-A4C6-973449B23E99}.Debug|x86.ActiveCfg = Debug|x86
		{F2E17BB8-2E99-4B7C-A4C6-973449B23E99}.Debug|x86.Build.0 = Debug|x86
		{F2E17BB8-2E99-4B7C-A4C6-973449B23E99}.Debug|x86.Deploy.0 = Debug|x86
		{F2E17BB8-2E99-4B7C-A4C6-973449B23E99}.Release|Any CPU.ActiveCfg = Release|x86
		{F2E17BB8-2E99-4B7C-A4C6-973449B23E99}.Release|ARM.ActiveCfg = Release|ARM
		{F2E17BB8-2E99-4B7C-A4C6-973449B23E99}.Release|ARM.Build.0 = Release|ARM
		{F2E17BB8-2E99-4B7C-A4C6-973449B23E99}.Release|ARM.Deploy.0 = Release|ARM
		{F2E17BB8-2E99-4B7C-A4C6-973449B23E99}.Release|iPhone.ActiveCfg = Release|x86
		{F2E17BB8-2E99-4B7C-A4C6-973449B23E99}.Release|iPhoneSimulator.ActiveCfg = Release|x86
		{F2E17BB8-2E99-4B7C-A4C6-973449B23E99}.Release|x64.ActiveCfg = Release|x64
		{F2E17BB8-2E99-4B7C-A4C6-973449B23E99}.Release|x64.Build.0 = Release|x64
		{F2E17BB8-2E99-4B7C-A4C6-973449B23E99}.Release|x64.Deploy.0 = Release|x64
		{F2E17BB8-2E99-4B7C-A4C6-973449B23E99}.Release|x86.ActiveCfg = Release|x86
		{F2E17BB8-2E99-4B7C-A4C6-973449B23E99}.Release|x86.Build.0 = Release|x86
		{F2E17BB8-2E99-4B7C-A4C6-973449B23E99}.Release|x86.Deploy.0 = Release|x86
		{FCDB0851-C4CB-4C65-9A57-9E8631E646A5}.Ad-Hoc|Any CPU.ActiveCfg = Release|Any CPU
		{FCDB0851-C4CB-4C65-9A57-9E8631E646A5}.Ad-Hoc|Any CPU.Build.0 = Release|Any CPU
		{FCDB0851-C4CB-4C65-9A57-9E8631E646A5}.Ad-Hoc|Any CPU.Deploy.0 = Release|Any CPU
		{FCDB0851-C4CB-4C65-9A57-9E8631E646A5}.Ad-Hoc|ARM.ActiveCfg = Release|ARM
		{FCDB0851-C4CB-4C65-9A57-9E8631E646A5}.Ad-Hoc|ARM.Build.0 = Release|ARM
		{FCDB0851-C4CB-4C65-9A57-9E8631E646A5}.Ad-Hoc|ARM.Deploy.0 = Release|ARM
		{FCDB0851-C4CB-4C65-9A57-9E8631E646A5}.Ad-Hoc|iPhone.ActiveCfg = Release|Any CPU
		{FCDB0851-C4CB-4C65-9A57-9E8631E646A5}.Ad-Hoc|iPhone.Build.0 = Release|Any CPU
		{FCDB0851-C4CB-4C65-9A57-9E8631E646A5}.Ad-Hoc|iPhone.Deploy.0 = Release|Any CPU
		{FCDB0851-C4CB-4C65-9A57-9E8631E646A5}.Ad-Hoc|iPhoneSimulator.ActiveCfg = Release|Any CPU
		{FCDB0851-C4CB-4C65-9A57-9E8631E646A5}.Ad-Hoc|iPhoneSimulator.Build.0 = Release|Any CPU
		{FCDB0851-C4CB-4C65-9A57-9E8631E646A5}.Ad-Hoc|iPhoneSimulator.Deploy.0 = Release|Any CPU
		{FCDB0851-C4CB-4C65-9A57-9E8631E646A5}.Ad-Hoc|x64.ActiveCfg = Release|x64
		{FCDB0851-C4CB-4C65-9A57-9E8631E646A5}.Ad-Hoc|x64.Build.0 = Release|x64
		{FCDB0851-C4CB-4C65-9A57-9E8631E646A5}.Ad-Hoc|x64.Deploy.0 = Release|x64
		{FCDB0851-C4CB-4C65-9A57-9E8631E646A5}.Ad-Hoc|x86.ActiveCfg = Release|x86
		{FCDB0851-C4CB-4C65-9A57-9E8631E646A5}.Ad-Hoc|x86.Build.0 = Release|x86
		{FCDB0851-C4CB-4C65-9A57-9E8631E646A5}.Ad-Hoc|x86.Deploy.0 = Release|x86
		{FCDB0851-C4CB-4C65-9A57-9E8631E646A5}.AppStore|Any CPU.ActiveCfg = Release|Any CPU
		{FCDB0851-C4CB-4C65-9A57-9E8631E646A5}.AppStore|Any CPU.Build.0 = Release|Any CPU
		{FCDB0851-C4CB-4C65-9A57-9E8631E646A5}.AppStore|Any CPU.Deploy.0 = Release|Any CPU
		{FCDB0851-C4CB-4C65-9A57-9E8631E646A5}.AppStore|ARM.ActiveCfg = Release|ARM
		{FCDB0851-C4CB-4C65-9A57-9E8631E646A5}.AppStore|ARM.Build.0 = Release|ARM
		{FCDB0851-C4CB-4C65-9A57-9E8631E646A5}.AppStore|ARM.Deploy.0 = Release|ARM
		{FCDB0851-C4CB-4C65-9A57-9E8631E646A5}.AppStore|iPhone.ActiveCfg = Release|Any CPU
		{FCDB0851-C4CB-4C65-9A57-9E8631E646A5}.AppStore|iPhone.Build.0 = Release|Any CPU
		{FCDB0851-C4CB-4C65-9A57-9E8631E646A5}.AppStore|iPhone.Deploy.0 = Release|Any CPU
		{FCDB0851-C4CB-4C65-9A57-9E8631E646A5}.AppStore|iPhoneSimulator.ActiveCfg = Release|Any CPU
		{FCDB0851-C4CB-4C65-9A57-9E8631E646A5}.AppStore|iPhoneSimulator.Build.0 = Release|Any CPU
		{FCDB0851-C4CB-4C65-9A57-9E8631E646A5}.AppStore|iPhoneSimulator.Deploy.0 = Release|Any CPU
		{FCDB0851-C4CB-4C65-9A57-9E8631E646A5}.AppStore|x64.ActiveCfg = Release|x64
		{FCDB0851-C4CB-4C65-9A57-9E8631E646A5}.AppStore|x64.Build.0 = Release|x64
		{FCDB0851-C4CB-4C65-9A57-9E8631E646A5}.AppStore|x64.Deploy.0 = Release|x64
		{FCDB0851-C4CB-4C65-9A57-9E8631E646A5}.AppStore|x86.ActiveCfg = Release|x86
		{FCDB0851-C4CB-4C65-9A57-9E8631E646A5}.AppStore|x86.Build.0 = Release|x86
		{FCDB0851-C4CB-4C65-9A57-9E8631E646A5}.AppStore|x86.Deploy.0 = Release|x86
		{FCDB0851-C4CB-4C65-9A57-9E8631E646A5}.Debug|Any CPU.ActiveCfg = Debug|Any CPU
		{FCDB0851-C4CB-4C65-9A57-9E8631E646A5}.Debug|Any CPU.Build.0 = Debug|Any CPU
		{FCDB0851-C4CB-4C65-9A57-9E8631E646A5}.Debug|Any CPU.Deploy.0 = Debug|Any CPU
		{FCDB0851-C4CB-4C65-9A57-9E8631E646A5}.Debug|ARM.ActiveCfg = Debug|ARM
		{FCDB0851-C4CB-4C65-9A57-9E8631E646A5}.Debug|ARM.Build.0 = Debug|ARM
		{FCDB0851-C4CB-4C65-9A57-9E8631E646A5}.Debug|ARM.Deploy.0 = Debug|ARM
		{FCDB0851-C4CB-4C65-9A57-9E8631E646A5}.Debug|iPhone.ActiveCfg = Debug|Any CPU
		{FCDB0851-C4CB-4C65-9A57-9E8631E646A5}.Debug|iPhone.Build.0 = Debug|Any CPU
		{FCDB0851-C4CB-4C65-9A57-9E8631E646A5}.Debug|iPhone.Deploy.0 = Debug|Any CPU
		{FCDB0851-C4CB-4C65-9A57-9E8631E646A5}.Debug|iPhoneSimulator.ActiveCfg = Debug|Any CPU
		{FCDB0851-C4CB-4C65-9A57-9E8631E646A5}.Debug|iPhoneSimulator.Build.0 = Debug|Any CPU
		{FCDB0851-C4CB-4C65-9A57-9E8631E646A5}.Debug|iPhoneSimulator.Deploy.0 = Debug|Any CPU
		{FCDB0851-C4CB-4C65-9A57-9E8631E646A5}.Debug|x64.ActiveCfg = Debug|x64
		{FCDB0851-C4CB-4C65-9A57-9E8631E646A5}.Debug|x64.Build.0 = Debug|x64
		{FCDB0851-C4CB-4C65-9A57-9E8631E646A5}.Debug|x64.Deploy.0 = Debug|x64
		{FCDB0851-C4CB-4C65-9A57-9E8631E646A5}.Debug|x86.ActiveCfg = Debug|x86
		{FCDB0851-C4CB-4C65-9A57-9E8631E646A5}.Debug|x86.Build.0 = Debug|x86
		{FCDB0851-C4CB-4C65-9A57-9E8631E646A5}.Debug|x86.Deploy.0 = Debug|x86
		{FCDB0851-C4CB-4C65-9A57-9E8631E646A5}.Release|Any CPU.ActiveCfg = Release|Any CPU
		{FCDB0851-C4CB-4C65-9A57-9E8631E646A5}.Release|Any CPU.Build.0 = Release|Any CPU
		{FCDB0851-C4CB-4C65-9A57-9E8631E646A5}.Release|Any CPU.Deploy.0 = Release|Any CPU
		{FCDB0851-C4CB-4C65-9A57-9E8631E646A5}.Release|ARM.ActiveCfg = Release|ARM
		{FCDB0851-C4CB-4C65-9A57-9E8631E646A5}.Release|ARM.Build.0 = Release|ARM
		{FCDB0851-C4CB-4C65-9A57-9E8631E646A5}.Release|ARM.Deploy.0 = Release|ARM
		{FCDB0851-C4CB-4C65-9A57-9E8631E646A5}.Release|iPhone.ActiveCfg = Release|Any CPU
		{FCDB0851-C4CB-4C65-9A57-9E8631E646A5}.Release|iPhone.Build.0 = Release|Any CPU
		{FCDB0851-C4CB-4C65-9A57-9E8631E646A5}.Release|iPhone.Deploy.0 = Release|Any CPU
		{FCDB0851-C4CB-4C65-9A57-9E8631E646A5}.Release|iPhoneSimulator.ActiveCfg = Release|Any CPU
		{FCDB0851-C4CB-4C65-9A57-9E8631E646A5}.Release|iPhoneSimulator.Build.0 = Release|Any CPU
		{FCDB0851-C4CB-4C65-9A57-9E8631E646A5}.Release|iPhoneSimulator.Deploy.0 = Release|Any CPU
		{FCDB0851-C4CB-4C65-9A57-9E8631E646A5}.Release|x64.ActiveCfg = Release|x64
		{FCDB0851-C4CB-4C65-9A57-9E8631E646A5}.Release|x64.Build.0 = Release|x64
		{FCDB0851-C4CB-4C65-9A57-9E8631E646A5}.Release|x64.Deploy.0 = Release|x64
		{FCDB0851-C4CB-4C65-9A57-9E8631E646A5}.Release|x86.ActiveCfg = Release|x86
		{FCDB0851-C4CB-4C65-9A57-9E8631E646A5}.Release|x86.Build.0 = Release|x86
		{FCDB0851-C4CB-4C65-9A57-9E8631E646A5}.Release|x86.Deploy.0 = Release|x86
	EndGlobalSection
	GlobalSection(SolutionProperties) = preSolution
		HideSolutionNode = FALSE
	EndGlobalSection
EndGlobal
