
Microsoft Visual Studio Solution File, Format Version 12.00
# Visual Studio 14
VisualStudioVersion = 14.0.25420.1
MinimumVisualStudioVersion = 10.0.40219.1
Project("{FAE04EC0-301F-11D3-BF4B-00C04F79EFBC}") = "ContentPagePrism", "ContentPagePrism\ContentPagePrism\ContentPagePrism.csproj", "{4B4EC166-2B56-4D92-8318-BB64EE02315E}"
EndProject
Project("{FAE04EC0-301F-11D3-BF4B-00C04F79EFBC}") = "ContentPagePrism.Droid", "ContentPagePrism\ContentPagePrism.Droid\ContentPagePrism.Droid.csproj", "{09ACBA8B-149B-4881-ACD9-C59475CA4EFB}"
EndProject
Project("{FAE04EC0-301F-11D3-BF4B-00C04F79EFBC}") = "ContentPagePrism.iOS", "ContentPagePrism\ContentPagePrism.iOS\ContentPagePrism.iOS.csproj", "{15D81A70-F086-4EF3-A645-BB7E843F2639}"
EndProject
Project("{FAE04EC0-301F-11D3-BF4B-00C04F79EFBC}") = "ContentPagePrism.UWP", "ContentPagePrism\ContentPagePrism.UWP\ContentPagePrism.UWP.csproj", "{C7870206-7374-42A7-8EC4-1F211EEA4D90}"
EndProject
Global
	GlobalSection(SolutionConfigurationPlatforms) = preSolution
		Ad-Hoc|Any CPU = Ad-Hoc|Any CPU
		Ad-Hoc|ARM = Ad-Hoc|ARM
		Ad-Hoc|iPhone = Ad-Hoc|iPhone
		Ad-Hoc|iPhoneSimulator = Ad-Hoc|iPhoneSimulator
		Ad-Hoc|x64 = Ad-Hoc|x64
		Ad-Hoc|x86 = Ad-Hoc|x86
		AppStore|Any CPU = AppStore|Any CPU
		AppStore|ARM = AppStore|ARM
		AppStore|iPhone = AppStore|iPhone
		AppStore|iPhoneSimulator = AppStore|iPhoneSimulator
		AppStore|x64 = AppStore|x64
		AppStore|x86 = AppStore|x86
		Debug|Any CPU = Debug|Any CPU
		Debug|ARM = Debug|ARM
		Debug|iPhone = Debug|iPhone
		Debug|iPhoneSimulator = Debug|iPhoneSimulator
		Debug|x64 = Debug|x64
		Debug|x86 = Debug|x86
		Release|Any CPU = Release|Any CPU
		Release|ARM = Release|ARM
		Release|iPhone = Release|iPhone
		Release|iPhoneSimulator = Release|iPhoneSimulator
		Release|x64 = Release|x64
		Release|x86 = Release|x86
	EndGlobalSection
	GlobalSection(ProjectConfigurationPlatforms) = postSolution
		{4B4EC166-2B56-4D92-8318-BB64EE02315E}.Ad-Hoc|Any CPU.ActiveCfg = Release|Any CPU
		{4B4EC166-2B56-4D92-8318-BB64EE02315E}.Ad-Hoc|Any CPU.Build.0 = Release|Any CPU
		{4B4EC166-2B56-4D92-8318-BB64EE02315E}.Ad-Hoc|ARM.ActiveCfg = Release|Any CPU
		{4B4EC166-2B56-4D92-8318-BB64EE02315E}.Ad-Hoc|ARM.Build.0 = Release|Any CPU
		{4B4EC166-2B56-4D92-8318-BB64EE02315E}.Ad-Hoc|iPhone.ActiveCfg = Release|Any CPU
		{4B4EC166-2B56-4D92-8318-BB64EE02315E}.Ad-Hoc|iPhone.Build.0 = Release|Any CPU
		{4B4EC166-2B56-4D92-8318-BB64EE02315E}.Ad-Hoc|iPhoneSimulator.ActiveCfg = Release|Any CPU
		{4B4EC166-2B56-4D92-8318-BB64EE02315E}.Ad-Hoc|iPhoneSimulator.Build.0 = Release|Any CPU
		{4B4EC166-2B56-4D92-8318-BB64EE02315E}.Ad-Hoc|x64.ActiveCfg = Release|Any CPU
		{4B4EC166-2B56-4D92-8318-BB64EE02315E}.Ad-Hoc|x64.Build.0 = Release|Any CPU
		{4B4EC166-2B56-4D92-8318-BB64EE02315E}.Ad-Hoc|x86.ActiveCfg = Release|Any CPU
		{4B4EC166-2B56-4D92-8318-BB64EE02315E}.Ad-Hoc|x86.Build.0 = Release|Any CPU
		{4B4EC166-2B56-4D92-8318-BB64EE02315E}.AppStore|Any CPU.ActiveCfg = Release|Any CPU
		{4B4EC166-2B56-4D92-8318-BB64EE02315E}.AppStore|Any CPU.Build.0 = Release|Any CPU
		{4B4EC166-2B56-4D92-8318-BB64EE02315E}.AppStore|ARM.ActiveCfg = Release|Any CPU
		{4B4EC166-2B56-4D92-8318-BB64EE02315E}.AppStore|ARM.Build.0 = Release|Any CPU
		{4B4EC166-2B56-4D92-8318-BB64EE02315E}.AppStore|iPhone.ActiveCfg = Release|Any CPU
		{4B4EC166-2B56-4D92-8318-BB64EE02315E}.AppStore|iPhone.Build.0 = Release|Any CPU
		{4B4EC166-2B56-4D92-8318-BB64EE02315E}.AppStore|iPhoneSimulator.ActiveCfg = Release|Any CPU
		{4B4EC166-2B56-4D92-8318-BB64EE02315E}.AppStore|iPhoneSimulator.Build.0 = Release|Any CPU
		{4B4EC166-2B56-4D92-8318-BB64EE02315E}.AppStore|x64.ActiveCfg = Release|Any CPU
		{4B4EC166-2B56-4D92-8318-BB64EE02315E}.AppStore|x64.Build.0 = Release|Any CPU
		{4B4EC166-2B56-4D92-8318-BB64EE02315E}.AppStore|x86.ActiveCfg = Release|Any CPU
		{4B4EC166-2B56-4D92-8318-BB64EE02315E}.AppStore|x86.Build.0 = Release|Any CPU
		{4B4EC166-2B56-4D92-8318-BB64EE02315E}.Debug|Any CPU.ActiveCfg = Debug|Any CPU
		{4B4EC166-2B56-4D92-8318-BB64EE02315E}.Debug|Any CPU.Build.0 = Debug|Any CPU
		{4B4EC166-2B56-4D92-8318-BB64EE02315E}.Debug|ARM.ActiveCfg = Debug|Any CPU
		{4B4EC166-2B56-4D92-8318-BB64EE02315E}.Debug|ARM.Build.0 = Debug|Any CPU
		{4B4EC166-2B56-4D92-8318-BB64EE02315E}.Debug|iPhone.ActiveCfg = Debug|Any CPU
		{4B4EC166-2B56-4D92-8318-BB64EE02315E}.Debug|iPhone.Build.0 = Debug|Any CPU
		{4B4EC166-2B56-4D92-8318-BB64EE02315E}.Debug|iPhoneSimulator.ActiveCfg = Debug|Any CPU
		{4B4EC166-2B56-4D92-8318-BB64EE02315E}.Debug|iPhoneSimulator.Build.0 = Debug|Any CPU
		{4B4EC166-2B56-4D92-8318-BB64EE02315E}.Debug|x64.ActiveCfg = Debug|Any CPU
		{4B4EC166-2B56-4D92-8318-BB64EE02315E}.Debug|x64.Build.0 = Debug|Any CPU
		{4B4EC166-2B56-4D92-8318-BB64EE02315E}.Debug|x86.ActiveCfg = Debug|Any CPU
		{4B4EC166-2B56-4D92-8318-BB64EE02315E}.Debug|x86.Build.0 = Debug|Any CPU
		{4B4EC166-2B56-4D92-8318-BB64EE02315E}.Release|Any CPU.ActiveCfg = Release|Any CPU
		{4B4EC166-2B56-4D92-8318-BB64EE02315E}.Release|Any CPU.Build.0 = Release|Any CPU
		{4B4EC166-2B56-4D92-8318-BB64EE02315E}.Release|ARM.ActiveCfg = Release|Any CPU
		{4B4EC166-2B56-4D92-8318-BB64EE02315E}.Release|ARM.Build.0 = Release|Any CPU
		{4B4EC166-2B56-4D92-8318-BB64EE02315E}.Release|iPhone.ActiveCfg = Release|Any CPU
		{4B4EC166-2B56-4D92-8318-BB64EE02315E}.Release|iPhone.Build.0 = Release|Any CPU
		{4B4EC166-2B56-4D92-8318-BB64EE02315E}.Release|iPhoneSimulator.ActiveCfg = Release|Any CPU
		{4B4EC166-2B56-4D92-8318-BB64EE02315E}.Release|iPhoneSimulator.Build.0 = Release|Any CPU
		{4B4EC166-2B56-4D92-8318-BB64EE02315E}.Release|x64.ActiveCfg = Release|Any CPU
		{4B4EC166-2B56-4D92-8318-BB64EE02315E}.Release|x64.Build.0 = Release|Any CPU
		{4B4EC166-2B56-4D92-8318-BB64EE02315E}.Release|x86.ActiveCfg = Release|Any CPU
		{4B4EC166-2B56-4D92-8318-BB64EE02315E}.Release|x86.Build.0 = Release|Any CPU
		{09ACBA8B-149B-4881-ACD9-C59475CA4EFB}.Ad-Hoc|Any CPU.ActiveCfg = Release|Any CPU
		{09ACBA8B-149B-4881-ACD9-C59475CA4EFB}.Ad-Hoc|Any CPU.Build.0 = Release|Any CPU
		{09ACBA8B-149B-4881-ACD9-C59475CA4EFB}.Ad-Hoc|Any CPU.Deploy.0 = Release|Any CPU
		{09ACBA8B-149B-4881-ACD9-C59475CA4EFB}.Ad-Hoc|ARM.ActiveCfg = Release|Any CPU
		{09ACBA8B-149B-4881-ACD9-C59475CA4EFB}.Ad-Hoc|ARM.Build.0 = Release|Any CPU
		{09ACBA8B-149B-4881-ACD9-C59475CA4EFB}.Ad-Hoc|ARM.Deploy.0 = Release|Any CPU
		{09ACBA8B-149B-4881-ACD9-C59475CA4EFB}.Ad-Hoc|iPhone.ActiveCfg = Release|Any CPU
		{09ACBA8B-149B-4881-ACD9-C59475CA4EFB}.Ad-Hoc|iPhone.Build.0 = Release|Any CPU
		{09ACBA8B-149B-4881-ACD9-C59475CA4EFB}.Ad-Hoc|iPhone.Deploy.0 = Release|Any CPU
		{09ACBA8B-149B-4881-ACD9-C59475CA4EFB}.Ad-Hoc|iPhoneSimulator.ActiveCfg = Release|Any CPU
		{09ACBA8B-149B-4881-ACD9-C59475CA4EFB}.Ad-Hoc|iPhoneSimulator.Build.0 = Release|Any CPU
		{09ACBA8B-149B-4881-ACD9-C59475CA4EFB}.Ad-Hoc|iPhoneSimulator.Deploy.0 = Release|Any CPU
		{09ACBA8B-149B-4881-ACD9-C59475CA4EFB}.Ad-Hoc|x64.ActiveCfg = Release|Any CPU
		{09ACBA8B-149B-4881-ACD9-C59475CA4EFB}.Ad-Hoc|x64.Build.0 = Release|Any CPU
		{09ACBA8B-149B-4881-ACD9-C59475CA4EFB}.Ad-Hoc|x64.Deploy.0 = Release|Any CPU
		{09ACBA8B-149B-4881-ACD9-C59475CA4EFB}.Ad-Hoc|x86.ActiveCfg = Release|Any CPU
		{09ACBA8B-149B-4881-ACD9-C59475CA4EFB}.Ad-Hoc|x86.Build.0 = Release|Any CPU
		{09ACBA8B-149B-4881-ACD9-C59475CA4EFB}.Ad-Hoc|x86.Deploy.0 = Release|Any CPU
		{09ACBA8B-149B-4881-ACD9-C59475CA4EFB}.AppStore|Any CPU.ActiveCfg = Release|Any CPU
		{09ACBA8B-149B-4881-ACD9-C59475CA4EFB}.AppStore|Any CPU.Build.0 = Release|Any CPU
		{09ACBA8B-149B-4881-ACD9-C59475CA4EFB}.AppStore|Any CPU.Deploy.0 = Release|Any CPU
		{09ACBA8B-149B-4881-ACD9-C59475CA4EFB}.AppStore|ARM.ActiveCfg = Release|Any CPU
		{09ACBA8B-149B-4881-ACD9-C59475CA4EFB}.AppStore|ARM.Build.0 = Release|Any CPU
		{09ACBA8B-149B-4881-ACD9-C59475CA4EFB}.AppStore|ARM.Deploy.0 = Release|Any CPU
		{09ACBA8B-149B-4881-ACD9-C59475CA4EFB}.AppStore|iPhone.ActiveCfg = Release|Any CPU
		{09ACBA8B-149B-4881-ACD9-C59475CA4EFB}.AppStore|iPhone.Build.0 = Release|Any CPU
		{09ACBA8B-149B-4881-ACD9-C59475CA4EFB}.AppStore|iPhone.Deploy.0 = Release|Any CPU
		{09ACBA8B-149B-4881-ACD9-C59475CA4EFB}.AppStore|iPhoneSimulator.ActiveCfg = Release|Any CPU
		{09ACBA8B-149B-4881-ACD9-C59475CA4EFB}.AppStore|iPhoneSimulator.Build.0 = Release|Any CPU
		{09ACBA8B-149B-4881-ACD9-C59475CA4EFB}.AppStore|iPhoneSimulator.Deploy.0 = Release|Any CPU
		{09ACBA8B-149B-4881-ACD9-C59475CA4EFB}.AppStore|x64.ActiveCfg = Release|Any CPU
		{09ACBA8B-149B-4881-ACD9-C59475CA4EFB}.AppStore|x64.Build.0 = Release|Any CPU
		{09ACBA8B-149B-4881-ACD9-C59475CA4EFB}.AppStore|x64.Deploy.0 = Release|Any CPU
		{09ACBA8B-149B-4881-ACD9-C59475CA4EFB}.AppStore|x86.ActiveCfg = Release|Any CPU
		{09ACBA8B-149B-4881-ACD9-C59475CA4EFB}.AppStore|x86.Build.0 = Release|Any CPU
		{09ACBA8B-149B-4881-ACD9-C59475CA4EFB}.AppStore|x86.Deploy.0 = Release|Any CPU
		{09ACBA8B-149B-4881-ACD9-C59475CA4EFB}.Debug|Any CPU.ActiveCfg = Debug|Any CPU
		{09ACBA8B-149B-4881-ACD9-C59475CA4EFB}.Debug|Any CPU.Build.0 = Debug|Any CPU
		{09ACBA8B-149B-4881-ACD9-C59475CA4EFB}.Debug|Any CPU.Deploy.0 = Debug|Any CPU
		{09ACBA8B-149B-4881-ACD9-C59475CA4EFB}.Debug|ARM.ActiveCfg = Debug|Any CPU
		{09ACBA8B-149B-4881-ACD9-C59475CA4EFB}.Debug|ARM.Build.0 = Debug|Any CPU
		{09ACBA8B-149B-4881-ACD9-C59475CA4EFB}.Debug|ARM.Deploy.0 = Debug|Any CPU
		{09ACBA8B-149B-4881-ACD9-C59475CA4EFB}.Debug|iPhone.ActiveCfg = Debug|Any CPU
		{09ACBA8B-149B-4881-ACD9-C59475CA4EFB}.Debug|iPhone.Build.0 = Debug|Any CPU
		{09ACBA8B-149B-4881-ACD9-C59475CA4EFB}.Debug|iPhone.Deploy.0 = Debug|Any CPU
		{09ACBA8B-149B-4881-ACD9-C59475CA4EFB}.Debug|iPhoneSimulator.ActiveCfg = Debug|Any CPU
		{09ACBA8B-149B-4881-ACD9-C59475CA4EFB}.Debug|iPhoneSimulator.Build.0 = Debug|Any CPU
		{09ACBA8B-149B-4881-ACD9-C59475CA4EFB}.Debug|iPhoneSimulator.Deploy.0 = Debug|Any CPU
		{09ACBA8B-149B-4881-ACD9-C59475CA4EFB}.Debug|x64.ActiveCfg = Debug|Any CPU
		{09ACBA8B-149B-4881-ACD9-C59475CA4EFB}.Debug|x64.Build.0 = Debug|Any CPU
		{09ACBA8B-149B-4881-ACD9-C59475CA4EFB}.Debug|x64.Deploy.0 = Debug|Any CPU
		{09ACBA8B-149B-4881-ACD9-C59475CA4EFB}.Debug|x86.ActiveCfg = Debug|Any CPU
		{09ACBA8B-149B-4881-ACD9-C59475CA4EFB}.Debug|x86.Build.0 = Debug|Any CPU
		{09ACBA8B-149B-4881-ACD9-C59475CA4EFB}.Debug|x86.Deploy.0 = Debug|Any CPU
		{09ACBA8B-149B-4881-ACD9-C59475CA4EFB}.Release|Any CPU.ActiveCfg = Release|Any CPU
		{09ACBA8B-149B-4881-ACD9-C59475CA4EFB}.Release|Any CPU.Build.0 = Release|Any CPU
		{09ACBA8B-149B-4881-ACD9-C59475CA4EFB}.Release|Any CPU.Deploy.0 = Release|Any CPU
		{09ACBA8B-149B-4881-ACD9-C59475CA4EFB}.Release|ARM.ActiveCfg = Release|Any CPU
		{09ACBA8B-149B-4881-ACD9-C59475CA4EFB}.Release|ARM.Build.0 = Release|Any CPU
		{09ACBA8B-149B-4881-ACD9-C59475CA4EFB}.Release|ARM.Deploy.0 = Release|Any CPU
		{09ACBA8B-149B-4881-ACD9-C59475CA4EFB}.Release|iPhone.ActiveCfg = Release|Any CPU
		{09ACBA8B-149B-4881-ACD9-C59475CA4EFB}.Release|iPhone.Build.0 = Release|Any CPU
		{09ACBA8B-149B-4881-ACD9-C59475CA4EFB}.Release|iPhone.Deploy.0 = Release|Any CPU
		{09ACBA8B-149B-4881-ACD9-C59475CA4EFB}.Release|iPhoneSimulator.ActiveCfg = Release|Any CPU
		{09ACBA8B-149B-4881-ACD9-C59475CA4EFB}.Release|iPhoneSimulator.Build.0 = Release|Any CPU
		{09ACBA8B-149B-4881-ACD9-C59475CA4EFB}.Release|iPhoneSimulator.Deploy.0 = Release|Any CPU
		{09ACBA8B-149B-4881-ACD9-C59475CA4EFB}.Release|x64.ActiveCfg = Release|Any CPU
		{09ACBA8B-149B-4881-ACD9-C59475CA4EFB}.Release|x64.Build.0 = Release|Any CPU
		{09ACBA8B-149B-4881-ACD9-C59475CA4EFB}.Release|x64.Deploy.0 = Release|Any CPU
		{09ACBA8B-149B-4881-ACD9-C59475CA4EFB}.Release|x86.ActiveCfg = Release|Any CPU
		{09ACBA8B-149B-4881-ACD9-C59475CA4EFB}.Release|x86.Build.0 = Release|Any CPU
		{09ACBA8B-149B-4881-ACD9-C59475CA4EFB}.Release|x86.Deploy.0 = Release|Any CPU
		{15D81A70-F086-4EF3-A645-BB7E843F2639}.Ad-Hoc|Any CPU.ActiveCfg = Ad-Hoc|iPhone
		{15D81A70-F086-4EF3-A645-BB7E843F2639}.Ad-Hoc|ARM.ActiveCfg = Ad-Hoc|iPhone
		{15D81A70-F086-4EF3-A645-BB7E843F2639}.Ad-Hoc|iPhone.ActiveCfg = Ad-Hoc|iPhone
		{15D81A70-F086-4EF3-A645-BB7E843F2639}.Ad-Hoc|iPhone.Build.0 = Ad-Hoc|iPhone
		{15D81A70-F086-4EF3-A645-BB7E843F2639}.Ad-Hoc|iPhoneSimulator.ActiveCfg = Ad-Hoc|iPhoneSimulator
		{15D81A70-F086-4EF3-A645-BB7E843F2639}.Ad-Hoc|iPhoneSimulator.Build.0 = Ad-Hoc|iPhoneSimulator
		{15D81A70-F086-4EF3-A645-BB7E843F2639}.Ad-Hoc|x64.ActiveCfg = Ad-Hoc|iPhone
		{15D81A70-F086-4EF3-A645-BB7E843F2639}.Ad-Hoc|x86.ActiveCfg = Ad-Hoc|iPhone
		{15D81A70-F086-4EF3-A645-BB7E843F2639}.AppStore|Any CPU.ActiveCfg = AppStore|iPhone
		{15D81A70-F086-4EF3-A645-BB7E843F2639}.AppStore|ARM.ActiveCfg = AppStore|iPhone
		{15D81A70-F086-4EF3-A645-BB7E843F2639}.AppStore|iPhone.ActiveCfg = AppStore|iPhone
		{15D81A70-F086-4EF3-A645-BB7E843F2639}.AppStore|iPhone.Build.0 = AppStore|iPhone
		{15D81A70-F086-4EF3-A645-BB7E843F2639}.AppStore|iPhoneSimulator.ActiveCfg = AppStore|iPhoneSimulator
		{15D81A70-F086-4EF3-A645-BB7E843F2639}.AppStore|iPhoneSimulator.Build.0 = AppStore|iPhoneSimulator
		{15D81A70-F086-4EF3-A645-BB7E843F2639}.AppStore|x64.ActiveCfg = AppStore|iPhone
		{15D81A70-F086-4EF3-A645-BB7E843F2639}.AppStore|x86.ActiveCfg = AppStore|iPhone
		{15D81A70-F086-4EF3-A645-BB7E843F2639}.Debug|Any CPU.ActiveCfg = Debug|iPhone
		{15D81A70-F086-4EF3-A645-BB7E843F2639}.Debug|ARM.ActiveCfg = Debug|iPhone
		{15D81A70-F086-4EF3-A645-BB7E843F2639}.Debug|iPhone.ActiveCfg = Debug|iPhone
		{15D81A70-F086-4EF3-A645-BB7E843F2639}.Debug|iPhone.Build.0 = Debug|iPhone
		{15D81A70-F086-4EF3-A645-BB7E843F2639}.Debug|iPhoneSimulator.ActiveCfg = Debug|iPhoneSimulator
		{15D81A70-F086-4EF3-A645-BB7E843F2639}.Debug|iPhoneSimulator.Build.0 = Debug|iPhoneSimulator
		{15D81A70-F086-4EF3-A645-BB7E843F2639}.Debug|x64.ActiveCfg = Debug|iPhone
		{15D81A70-F086-4EF3-A645-BB7E843F2639}.Debug|x86.ActiveCfg = Debug|iPhone
		{15D81A70-F086-4EF3-A645-BB7E843F2639}.Release|Any CPU.ActiveCfg = Release|iPhone
		{15D81A70-F086-4EF3-A645-BB7E843F2639}.Release|ARM.ActiveCfg = Release|iPhone
		{15D81A70-F086-4EF3-A645-BB7E843F2639}.Release|iPhone.ActiveCfg = Release|iPhone
		{15D81A70-F086-4EF3-A645-BB7E843F2639}.Release|iPhone.Build.0 = Release|iPhone
		{15D81A70-F086-4EF3-A645-BB7E843F2639}.Release|iPhoneSimulator.ActiveCfg = Release|iPhoneSimulator
		{15D81A70-F086-4EF3-A645-BB7E843F2639}.Release|iPhoneSimulator.Build.0 = Release|iPhoneSimulator
		{15D81A70-F086-4EF3-A645-BB7E843F2639}.Release|x64.ActiveCfg = Release|iPhone
		{15D81A70-F086-4EF3-A645-BB7E843F2639}.Release|x86.ActiveCfg = Release|iPhone
		{C7870206-7374-42A7-8EC4-1F211EEA4D90}.Ad-Hoc|Any CPU.ActiveCfg = Release|x86
		{C7870206-7374-42A7-8EC4-1F211EEA4D90}.Ad-Hoc|Any CPU.Build.0 = Release|x86
		{C7870206-7374-42A7-8EC4-1F211EEA4D90}.Ad-Hoc|Any CPU.Deploy.0 = Release|x86
		{C7870206-7374-42A7-8EC4-1F211EEA4D90}.Ad-Hoc|ARM.ActiveCfg = Release|ARM
		{C7870206-7374-42A7-8EC4-1F211EEA4D90}.Ad-Hoc|ARM.Build.0 = Release|ARM
		{C7870206-7374-42A7-8EC4-1F211EEA4D90}.Ad-Hoc|ARM.Deploy.0 = Release|ARM
		{C7870206-7374-42A7-8EC4-1F211EEA4D90}.Ad-Hoc|iPhone.ActiveCfg = Release|x86
		{C7870206-7374-42A7-8EC4-1F211EEA4D90}.Ad-Hoc|iPhone.Build.0 = Release|x86
		{C7870206-7374-42A7-8EC4-1F211EEA4D90}.Ad-Hoc|iPhone.Deploy.0 = Release|x86
		{C7870206-7374-42A7-8EC4-1F211EEA4D90}.Ad-Hoc|iPhoneSimulator.ActiveCfg = Release|x86
		{C7870206-7374-42A7-8EC4-1F211EEA4D90}.Ad-Hoc|iPhoneSimulator.Build.0 = Release|x86
		{C7870206-7374-42A7-8EC4-1F211EEA4D90}.Ad-Hoc|iPhoneSimulator.Deploy.0 = Release|x86
		{C7870206-7374-42A7-8EC4-1F211EEA4D90}.Ad-Hoc|x64.ActiveCfg = Release|x64
		{C7870206-7374-42A7-8EC4-1F211EEA4D90}.Ad-Hoc|x64.Build.0 = Release|x64
		{C7870206-7374-42A7-8EC4-1F211EEA4D90}.Ad-Hoc|x64.Deploy.0 = Release|x64
		{C7870206-7374-42A7-8EC4-1F211EEA4D90}.Ad-Hoc|x86.ActiveCfg = Release|x86
		{C7870206-7374-42A7-8EC4-1F211EEA4D90}.Ad-Hoc|x86.Build.0 = Release|x86
		{C7870206-7374-42A7-8EC4-1F211EEA4D90}.Ad-Hoc|x86.Deploy.0 = Release|x86
		{C7870206-7374-42A7-8EC4-1F211EEA4D90}.AppStore|Any CPU.ActiveCfg = Release|x86
		{C7870206-7374-42A7-8EC4-1F211EEA4D90}.AppStore|Any CPU.Build.0 = Release|x86
		{C7870206-7374-42A7-8EC4-1F211EEA4D90}.AppStore|Any CPU.Deploy.0 = Release|x86
		{C7870206-7374-42A7-8EC4-1F211EEA4D90}.AppStore|ARM.ActiveCfg = Release|ARM
		{C7870206-7374-42A7-8EC4-1F211EEA4D90}.AppStore|ARM.Build.0 = Release|ARM
		{C7870206-7374-42A7-8EC4-1F211EEA4D90}.AppStore|ARM.Deploy.0 = Release|ARM
		{C7870206-7374-42A7-8EC4-1F211EEA4D90}.AppStore|iPhone.ActiveCfg = Release|x86
		{C7870206-7374-42A7-8EC4-1F211EEA4D90}.AppStore|iPhone.Build.0 = Release|x86
		{C7870206-7374-42A7-8EC4-1F211EEA4D90}.AppStore|iPhone.Deploy.0 = Release|x86
		{C7870206-7374-42A7-8EC4-1F211EEA4D90}.AppStore|iPhoneSimulator.ActiveCfg = Release|x86
		{C7870206-7374-42A7-8EC4-1F211EEA4D90}.AppStore|iPhoneSimulator.Build.0 = Release|x86
		{C7870206-7374-42A7-8EC4-1F211EEA4D90}.AppStore|iPhoneSimulator.Deploy.0 = Release|x86
		{C7870206-7374-42A7-8EC4-1F211EEA4D90}.AppStore|x64.ActiveCfg = Release|x64
		{C7870206-7374-42A7-8EC4-1F211EEA4D90}.AppStore|x64.Build.0 = Release|x64
		{C7870206-7374-42A7-8EC4-1F211EEA4D90}.AppStore|x64.Deploy.0 = Release|x64
		{C7870206-7374-42A7-8EC4-1F211EEA4D90}.AppStore|x86.ActiveCfg = Release|x86
		{C7870206-7374-42A7-8EC4-1F211EEA4D90}.AppStore|x86.Build.0 = Release|x86
		{C7870206-7374-42A7-8EC4-1F211EEA4D90}.AppStore|x86.Deploy.0 = Release|x86
		{C7870206-7374-42A7-8EC4-1F211EEA4D90}.Debug|Any CPU.ActiveCfg = Debug|x86
		{C7870206-7374-42A7-8EC4-1F211EEA4D90}.Debug|ARM.ActiveCfg = Debug|ARM
		{C7870206-7374-42A7-8EC4-1F211EEA4D90}.Debug|ARM.Build.0 = Debug|ARM
		{C7870206-7374-42A7-8EC4-1F211EEA4D90}.Debug|ARM.Deploy.0 = Debug|ARM
		{C7870206-7374-42A7-8EC4-1F211EEA4D90}.Debug|iPhone.ActiveCfg = Debug|x86
		{C7870206-7374-42A7-8EC4-1F211EEA4D90}.Debug|iPhoneSimulator.ActiveCfg = Debug|x86
		{C7870206-7374-42A7-8EC4-1F211EEA4D90}.Debug|x64.ActiveCfg = Debug|x64
		{C7870206-7374-42A7-8EC4-1F211EEA4D90}.Debug|x64.Build.0 = Debug|x64
		{C7870206-7374-42A7-8EC4-1F211EEA4D90}.Debug|x64.Deploy.0 = Debug|x64
		{C7870206-7374-42A7-8EC4-1F211EEA4D90}.Debug|x86.ActiveCfg = Debug|x86
		{C7870206-7374-42A7-8EC4-1F211EEA4D90}.Debug|x86.Build.0 = Debug|x86
		{C7870206-7374-42A7-8EC4-1F211EEA4D90}.Debug|x86.Deploy.0 = Debug|x86
		{C7870206-7374-42A7-8EC4-1F211EEA4D90}.Release|Any CPU.ActiveCfg = Release|x86
		{C7870206-7374-42A7-8EC4-1F211EEA4D90}.Release|ARM.ActiveCfg = Release|ARM
		{C7870206-7374-42A7-8EC4-1F211EEA4D90}.Release|ARM.Build.0 = Release|ARM
		{C7870206-7374-42A7-8EC4-1F211EEA4D90}.Release|ARM.Deploy.0 = Release|ARM
		{C7870206-7374-42A7-8EC4-1F211EEA4D90}.Release|iPhone.ActiveCfg = Release|x86
		{C7870206-7374-42A7-8EC4-1F211EEA4D90}.Release|iPhoneSimulator.ActiveCfg = Release|x86
		{C7870206-7374-42A7-8EC4-1F211EEA4D90}.Release|x64.ActiveCfg = Release|x64
		{C7870206-7374-42A7-8EC4-1F211EEA4D90}.Release|x64.Build.0 = Release|x64
		{C7870206-7374-42A7-8EC4-1F211EEA4D90}.Release|x64.Deploy.0 = Release|x64
		{C7870206-7374-42A7-8EC4-1F211EEA4D90}.Release|x86.ActiveCfg = Release|x86
		{C7870206-7374-42A7-8EC4-1F211EEA4D90}.Release|x86.Build.0 = Release|x86
		{C7870206-7374-42A7-8EC4-1F211EEA4D90}.Release|x86.Deploy.0 = Release|x86
	EndGlobalSection
	GlobalSection(SolutionProperties) = preSolution
		HideSolutionNode = FALSE
	EndGlobalSection
EndGlobal
