
Microsoft Visual Studio Solution File, Format Version 12.00
# Visual Studio 14
VisualStudioVersion = 14.0.25420.1
MinimumVisualStudioVersion = 10.0.40219.1
Project("{FAE04EC0-301F-11D3-BF4B-00C04F79EFBC}") = "NavigationPageLab", "NavigationPageLab\NavigationPageLab\NavigationPageLab.csproj", "{337001CD-B64F-4D2C-BDB6-3774DAACEF98}"
EndProject
Project("{FAE04EC0-301F-11D3-BF4B-00C04F79EFBC}") = "NavigationPageLab.Droid", "NavigationPageLab\NavigationPageLab.Droid\NavigationPageLab.Droid.csproj", "{6BAABA97-0A6B-423F-945C-E5911F6999F7}"
EndProject
Project("{FAE04EC0-301F-11D3-BF4B-00C04F79EFBC}") = "NavigationPageLab.iOS", "NavigationPageLab\NavigationPageLab.iOS\NavigationPageLab.iOS.csproj", "{260C6982-C93C-4747-8962-C3A10A6EBCC7}"
EndProject
Project("{FAE04EC0-301F-11D3-BF4B-00C04F79EFBC}") = "NavigationPageLab.WinPhone", "NavigationPageLab\NavigationPageLab.WinPhone\NavigationPageLab.WinPhone.csproj", "{BB9C48F0-7D54-41DE-B7BC-EC1E518D5FBD}"
EndProject
Project("{FAE04EC0-301F-11D3-BF4B-00C04F79EFBC}") = "NavigationPageLab.UWP", "NavigationPageLab\NavigationPageLab.UWP\NavigationPageLab.UWP.csproj", "{0B89B248-CE2E-4449-98D7-72BE8AB40384}"
EndProject
Project("{FAE04EC0-301F-11D3-BF4B-00C04F79EFBC}") = "NavigationPageLab.Windows", "NavigationPageLab\NavigationPageLab.Windows\NavigationPageLab.Windows.csproj", "{D2ED84E8-AAB8-40BC-8B72-8F5B56321724}"
EndProject
Global
	GlobalSection(SolutionConfigurationPlatforms) = preSolution
		Ad-Hoc|Any CPU = Ad-Hoc|Any CPU
		Ad-Hoc|ARM = Ad-Hoc|ARM
		Ad-Hoc|iPhone = Ad-Hoc|iPhone
		Ad-Hoc|iPhoneSimulator = Ad-Hoc|iPhoneSimulator
		Ad-Hoc|x64 = Ad-Hoc|x64
		Ad-Hoc|x86 = Ad-Hoc|x86
		AppStore|Any CPU = AppStore|Any CPU
		AppStore|ARM = AppStore|ARM
		AppStore|iPhone = AppStore|iPhone
		AppStore|iPhoneSimulator = AppStore|iPhoneSimulator
		AppStore|x64 = AppStore|x64
		AppStore|x86 = AppStore|x86
		Debug|Any CPU = Debug|Any CPU
		Debug|ARM = Debug|ARM
		Debug|iPhone = Debug|iPhone
		Debug|iPhoneSimulator = Debug|iPhoneSimulator
		Debug|x64 = Debug|x64
		Debug|x86 = Debug|x86
		Release|Any CPU = Release|Any CPU
		Release|ARM = Release|ARM
		Release|iPhone = Release|iPhone
		Release|iPhoneSimulator = Release|iPhoneSimulator
		Release|x64 = Release|x64
		Release|x86 = Release|x86
	EndGlobalSection
	GlobalSection(ProjectConfigurationPlatforms) = postSolution
		{337001CD-B64F-4D2C-BDB6-3774DAACEF98}.Ad-Hoc|Any CPU.ActiveCfg = Release|Any CPU
		{337001CD-B64F-4D2C-BDB6-3774DAACEF98}.Ad-Hoc|Any CPU.Build.0 = Release|Any CPU
		{337001CD-B64F-4D2C-BDB6-3774DAACEF98}.Ad-Hoc|ARM.ActiveCfg = Release|Any CPU
		{337001CD-B64F-4D2C-BDB6-3774DAACEF98}.Ad-Hoc|ARM.Build.0 = Release|Any CPU
		{337001CD-B64F-4D2C-BDB6-3774DAACEF98}.Ad-Hoc|iPhone.ActiveCfg = Release|Any CPU
		{337001CD-B64F-4D2C-BDB6-3774DAACEF98}.Ad-Hoc|iPhone.Build.0 = Release|Any CPU
		{337001CD-B64F-4D2C-BDB6-3774DAACEF98}.Ad-Hoc|iPhoneSimulator.ActiveCfg = Release|Any CPU
		{337001CD-B64F-4D2C-BDB6-3774DAACEF98}.Ad-Hoc|iPhoneSimulator.Build.0 = Release|Any CPU
		{337001CD-B64F-4D2C-BDB6-3774DAACEF98}.Ad-Hoc|x64.ActiveCfg = Release|Any CPU
		{337001CD-B64F-4D2C-BDB6-3774DAACEF98}.Ad-Hoc|x64.Build.0 = Release|Any CPU
		{337001CD-B64F-4D2C-BDB6-3774DAACEF98}.Ad-Hoc|x86.ActiveCfg = Release|Any CPU
		{337001CD-B64F-4D2C-BDB6-3774DAACEF98}.Ad-Hoc|x86.Build.0 = Release|Any CPU
		{337001CD-B64F-4D2C-BDB6-3774DAACEF98}.AppStore|Any CPU.ActiveCfg = Release|Any CPU
		{337001CD-B64F-4D2C-BDB6-3774DAACEF98}.AppStore|Any CPU.Build.0 = Release|Any CPU
		{337001CD-B64F-4D2C-BDB6-3774DAACEF98}.AppStore|ARM.ActiveCfg = Release|Any CPU
		{337001CD-B64F-4D2C-BDB6-3774DAACEF98}.AppStore|ARM.Build.0 = Release|Any CPU
		{337001CD-B64F-4D2C-BDB6-3774DAACEF98}.AppStore|iPhone.ActiveCfg = Release|Any CPU
		{337001CD-B64F-4D2C-BDB6-3774DAACEF98}.AppStore|iPhone.Build.0 = Release|Any CPU
		{337001CD-B64F-4D2C-BDB6-3774DAACEF98}.AppStore|iPhoneSimulator.ActiveCfg = Release|Any CPU
		{337001CD-B64F-4D2C-BDB6-3774DAACEF98}.AppStore|iPhoneSimulator.Build.0 = Release|Any CPU
		{337001CD-B64F-4D2C-BDB6-3774DAACEF98}.AppStore|x64.ActiveCfg = Release|Any CPU
		{337001CD-B64F-4D2C-BDB6-3774DAACEF98}.AppStore|x64.Build.0 = Release|Any CPU
		{337001CD-B64F-4D2C-BDB6-3774DAACEF98}.AppStore|x86.ActiveCfg = Release|Any CPU
		{337001CD-B64F-4D2C-BDB6-3774DAACEF98}.AppStore|x86.Build.0 = Release|Any CPU
		{337001CD-B64F-4D2C-BDB6-3774DAACEF98}.Debug|Any CPU.ActiveCfg = Debug|Any CPU
		{337001CD-B64F-4D2C-BDB6-3774DAACEF98}.Debug|Any CPU.Build.0 = Debug|Any CPU
		{337001CD-B64F-4D2C-BDB6-3774DAACEF98}.Debug|ARM.ActiveCfg = Debug|Any CPU
		{337001CD-B64F-4D2C-BDB6-3774DAACEF98}.Debug|ARM.Build.0 = Debug|Any CPU
		{337001CD-B64F-4D2C-BDB6-3774DAACEF98}.Debug|iPhone.ActiveCfg = Debug|Any CPU
		{337001CD-B64F-4D2C-BDB6-3774DAACEF98}.Debug|iPhone.Build.0 = Debug|Any CPU
		{337001CD-B64F-4D2C-BDB6-3774DAACEF98}.Debug|iPhoneSimulator.ActiveCfg = Debug|Any CPU
		{337001CD-B64F-4D2C-BDB6-3774DAACEF98}.Debug|iPhoneSimulator.Build.0 = Debug|Any CPU
		{337001CD-B64F-4D2C-BDB6-3774DAACEF98}.Debug|x64.ActiveCfg = Debug|Any CPU
		{337001CD-B64F-4D2C-BDB6-3774DAACEF98}.Debug|x64.Build.0 = Debug|Any CPU
		{337001CD-B64F-4D2C-BDB6-3774DAACEF98}.Debug|x86.ActiveCfg = Debug|Any CPU
		{337001CD-B64F-4D2C-BDB6-3774DAACEF98}.Debug|x86.Build.0 = Debug|Any CPU
		{337001CD-B64F-4D2C-BDB6-3774DAACEF98}.Release|Any CPU.ActiveCfg = Release|Any CPU
		{337001CD-B64F-4D2C-BDB6-3774DAACEF98}.Release|Any CPU.Build.0 = Release|Any CPU
		{337001CD-B64F-4D2C-BDB6-3774DAACEF98}.Release|ARM.ActiveCfg = Release|Any CPU
		{337001CD-B64F-4D2C-BDB6-3774DAACEF98}.Release|ARM.Build.0 = Release|Any CPU
		{337001CD-B64F-4D2C-BDB6-3774DAACEF98}.Release|iPhone.ActiveCfg = Release|Any CPU
		{337001CD-B64F-4D2C-BDB6-3774DAACEF98}.Release|iPhone.Build.0 = Release|Any CPU
		{337001CD-B64F-4D2C-BDB6-3774DAACEF98}.Release|iPhoneSimulator.ActiveCfg = Release|Any CPU
		{337001CD-B64F-4D2C-BDB6-3774DAACEF98}.Release|iPhoneSimulator.Build.0 = Release|Any CPU
		{337001CD-B64F-4D2C-BDB6-3774DAACEF98}.Release|x64.ActiveCfg = Release|Any CPU
		{337001CD-B64F-4D2C-BDB6-3774DAACEF98}.Release|x64.Build.0 = Release|Any CPU
		{337001CD-B64F-4D2C-BDB6-3774DAACEF98}.Release|x86.ActiveCfg = Release|Any CPU
		{337001CD-B64F-4D2C-BDB6-3774DAACEF98}.Release|x86.Build.0 = Release|Any CPU
		{6BAABA97-0A6B-423F-945C-E5911F6999F7}.Ad-Hoc|Any CPU.ActiveCfg = Release|Any CPU
		{6BAABA97-0A6B-423F-945C-E5911F6999F7}.Ad-Hoc|Any CPU.Build.0 = Release|Any CPU
		{6BAABA97-0A6B-423F-945C-E5911F6999F7}.Ad-Hoc|Any CPU.Deploy.0 = Release|Any CPU
		{6BAABA97-0A6B-423F-945C-E5911F6999F7}.Ad-Hoc|ARM.ActiveCfg = Release|Any CPU
		{6BAABA97-0A6B-423F-945C-E5911F6999F7}.Ad-Hoc|ARM.Build.0 = Release|Any CPU
		{6BAABA97-0A6B-423F-945C-E5911F6999F7}.Ad-Hoc|ARM.Deploy.0 = Release|Any CPU
		{6BAABA97-0A6B-423F-945C-E5911F6999F7}.Ad-Hoc|iPhone.ActiveCfg = Release|Any CPU
		{6BAABA97-0A6B-423F-945C-E5911F6999F7}.Ad-Hoc|iPhone.Build.0 = Release|Any CPU
		{6BAABA97-0A6B-423F-945C-E5911F6999F7}.Ad-Hoc|iPhone.Deploy.0 = Release|Any CPU
		{6BAABA97-0A6B-423F-945C-E5911F6999F7}.Ad-Hoc|iPhoneSimulator.ActiveCfg = Release|Any CPU
		{6BAABA97-0A6B-423F-945C-E5911F6999F7}.Ad-Hoc|iPhoneSimulator.Build.0 = Release|Any CPU
		{6BAABA97-0A6B-423F-945C-E5911F6999F7}.Ad-Hoc|iPhoneSimulator.Deploy.0 = Release|Any CPU
		{6BAABA97-0A6B-423F-945C-E5911F6999F7}.Ad-Hoc|x64.ActiveCfg = Release|Any CPU
		{6BAABA97-0A6B-423F-945C-E5911F6999F7}.Ad-Hoc|x64.Build.0 = Release|Any CPU
		{6BAABA97-0A6B-423F-945C-E5911F6999F7}.Ad-Hoc|x64.Deploy.0 = Release|Any CPU
		{6BAABA97-0A6B-423F-945C-E5911F6999F7}.Ad-Hoc|x86.ActiveCfg = Release|Any CPU
		{6BAABA97-0A6B-423F-945C-E5911F6999F7}.Ad-Hoc|x86.Build.0 = Release|Any CPU
		{6BAABA97-0A6B-423F-945C-E5911F6999F7}.Ad-Hoc|x86.Deploy.0 = Release|Any CPU
		{6BAABA97-0A6B-423F-945C-E5911F6999F7}.AppStore|Any CPU.ActiveCfg = Release|Any CPU
		{6BAABA97-0A6B-423F-945C-E5911F6999F7}.AppStore|Any CPU.Build.0 = Release|Any CPU
		{6BAABA97-0A6B-423F-945C-E5911F6999F7}.AppStore|Any CPU.Deploy.0 = Release|Any CPU
		{6BAABA97-0A6B-423F-945C-E5911F6999F7}.AppStore|ARM.ActiveCfg = Release|Any CPU
		{6BAABA97-0A6B-423F-945C-E5911F6999F7}.AppStore|ARM.Build.0 = Release|Any CPU
		{6BAABA97-0A6B-423F-945C-E5911F6999F7}.AppStore|ARM.Deploy.0 = Release|Any CPU
		{6BAABA97-0A6B-423F-945C-E5911F6999F7}.AppStore|iPhone.ActiveCfg = Release|Any CPU
		{6BAABA97-0A6B-423F-945C-E5911F6999F7}.AppStore|iPhone.Build.0 = Release|Any CPU
		{6BAABA97-0A6B-423F-945C-E5911F6999F7}.AppStore|iPhone.Deploy.0 = Release|Any CPU
		{6BAABA97-0A6B-423F-945C-E5911F6999F7}.AppStore|iPhoneSimulator.ActiveCfg = Release|Any CPU
		{6BAABA97-0A6B-423F-945C-E5911F6999F7}.AppStore|iPhoneSimulator.Build.0 = Release|Any CPU
		{6BAABA97-0A6B-423F-945C-E5911F6999F7}.AppStore|iPhoneSimulator.Deploy.0 = Release|Any CPU
		{6BAABA97-0A6B-423F-945C-E5911F6999F7}.AppStore|x64.ActiveCfg = Release|Any CPU
		{6BAABA97-0A6B-423F-945C-E5911F6999F7}.AppStore|x64.Build.0 = Release|Any CPU
		{6BAABA97-0A6B-423F-945C-E5911F6999F7}.AppStore|x64.Deploy.0 = Release|Any CPU
		{6BAABA97-0A6B-423F-945C-E5911F6999F7}.AppStore|x86.ActiveCfg = Release|Any CPU
		{6BAABA97-0A6B-423F-945C-E5911F6999F7}.AppStore|x86.Build.0 = Release|Any CPU
		{6BAABA97-0A6B-423F-945C-E5911F6999F7}.AppStore|x86.Deploy.0 = Release|Any CPU
		{6BAABA97-0A6B-423F-945C-E5911F6999F7}.Debug|Any CPU.ActiveCfg = Debug|Any CPU
		{6BAABA97-0A6B-423F-945C-E5911F6999F7}.Debug|Any CPU.Build.0 = Debug|Any CPU
		{6BAABA97-0A6B-423F-945C-E5911F6999F7}.Debug|Any CPU.Deploy.0 = Debug|Any CPU
		{6BAABA97-0A6B-423F-945C-E5911F6999F7}.Debug|ARM.ActiveCfg = Debug|Any CPU
		{6BAABA97-0A6B-423F-945C-E5911F6999F7}.Debug|ARM.Build.0 = Debug|Any CPU
		{6BAABA97-0A6B-423F-945C-E5911F6999F7}.Debug|ARM.Deploy.0 = Debug|Any CPU
		{6BAABA97-0A6B-423F-945C-E5911F6999F7}.Debug|iPhone.ActiveCfg = Debug|Any CPU
		{6BAABA97-0A6B-423F-945C-E5911F6999F7}.Debug|iPhone.Build.0 = Debug|Any CPU
		{6BAABA97-0A6B-423F-945C-E5911F6999F7}.Debug|iPhone.Deploy.0 = Debug|Any CPU
		{6BAABA97-0A6B-423F-945C-E5911F6999F7}.Debug|iPhoneSimulator.ActiveCfg = Debug|Any CPU
		{6BAABA97-0A6B-423F-945C-E5911F6999F7}.Debug|iPhoneSimulator.Build.0 = Debug|Any CPU
		{6BAABA97-0A6B-423F-945C-E5911F6999F7}.Debug|iPhoneSimulator.Deploy.0 = Debug|Any CPU
		{6BAABA97-0A6B-423F-945C-E5911F6999F7}.Debug|x64.ActiveCfg = Debug|Any CPU
		{6BAABA97-0A6B-423F-945C-E5911F6999F7}.Debug|x64.Build.0 = Debug|Any CPU
		{6BAABA97-0A6B-423F-945C-E5911F6999F7}.Debug|x64.Deploy.0 = Debug|Any CPU
		{6BAABA97-0A6B-423F-945C-E5911F6999F7}.Debug|x86.ActiveCfg = Debug|Any CPU
		{6BAABA97-0A6B-423F-945C-E5911F6999F7}.Debug|x86.Build.0 = Debug|Any CPU
		{6BAABA97-0A6B-423F-945C-E5911F6999F7}.Debug|x86.Deploy.0 = Debug|Any CPU
		{6BAABA97-0A6B-423F-945C-E5911F6999F7}.Release|Any CPU.ActiveCfg = Release|Any CPU
		{6BAABA97-0A6B-423F-945C-E5911F6999F7}.Release|Any CPU.Build.0 = Release|Any CPU
		{6BAABA97-0A6B-423F-945C-E5911F6999F7}.Release|Any CPU.Deploy.0 = Release|Any CPU
		{6BAABA97-0A6B-423F-945C-E5911F6999F7}.Release|ARM.ActiveCfg = Release|Any CPU
		{6BAABA97-0A6B-423F-945C-E5911F6999F7}.Release|ARM.Build.0 = Release|Any CPU
		{6BAABA97-0A6B-423F-945C-E5911F6999F7}.Release|ARM.Deploy.0 = Release|Any CPU
		{6BAABA97-0A6B-423F-945C-E5911F6999F7}.Release|iPhone.ActiveCfg = Release|Any CPU
		{6BAABA97-0A6B-423F-945C-E5911F6999F7}.Release|iPhone.Build.0 = Release|Any CPU
		{6BAABA97-0A6B-423F-945C-E5911F6999F7}.Release|iPhone.Deploy.0 = Release|Any CPU
		{6BAABA97-0A6B-423F-945C-E5911F6999F7}.Release|iPhoneSimulator.ActiveCfg = Release|Any CPU
		{6BAABA97-0A6B-423F-945C-E5911F6999F7}.Release|iPhoneSimulator.Build.0 = Release|Any CPU
		{6BAABA97-0A6B-423F-945C-E5911F6999F7}.Release|iPhoneSimulator.Deploy.0 = Release|Any CPU
		{6BAABA97-0A6B-423F-945C-E5911F6999F7}.Release|x64.ActiveCfg = Release|Any CPU
		{6BAABA97-0A6B-423F-945C-E5911F6999F7}.Release|x64.Build.0 = Release|Any CPU
		{6BAABA97-0A6B-423F-945C-E5911F6999F7}.Release|x64.Deploy.0 = Release|Any CPU
		{6BAABA97-0A6B-423F-945C-E5911F6999F7}.Release|x86.ActiveCfg = Release|Any CPU
		{6BAABA97-0A6B-423F-945C-E5911F6999F7}.Release|x86.Build.0 = Release|Any CPU
		{6BAABA97-0A6B-423F-945C-E5911F6999F7}.Release|x86.Deploy.0 = Release|Any CPU
		{260C6982-C93C-4747-8962-C3A10A6EBCC7}.Ad-Hoc|Any CPU.ActiveCfg = Ad-Hoc|iPhone
		{260C6982-C93C-4747-8962-C3A10A6EBCC7}.Ad-Hoc|ARM.ActiveCfg = Ad-Hoc|iPhone
		{260C6982-C93C-4747-8962-C3A10A6EBCC7}.Ad-Hoc|iPhone.ActiveCfg = Ad-Hoc|iPhone
		{260C6982-C93C-4747-8962-C3A10A6EBCC7}.Ad-Hoc|iPhone.Build.0 = Ad-Hoc|iPhone
		{260C6982-C93C-4747-8962-C3A10A6EBCC7}.Ad-Hoc|iPhoneSimulator.ActiveCfg = Ad-Hoc|iPhoneSimulator
		{260C6982-C93C-4747-8962-C3A10A6EBCC7}.Ad-Hoc|iPhoneSimulator.Build.0 = Ad-Hoc|iPhoneSimulator
		{260C6982-C93C-4747-8962-C3A10A6EBCC7}.Ad-Hoc|x64.ActiveCfg = Ad-Hoc|iPhone
		{260C6982-C93C-4747-8962-C3A10A6EBCC7}.Ad-Hoc|x86.ActiveCfg = Ad-Hoc|iPhone
		{260C6982-C93C-4747-8962-C3A10A6EBCC7}.AppStore|Any CPU.ActiveCfg = AppStore|iPhone
		{260C6982-C93C-4747-8962-C3A10A6EBCC7}.AppStore|ARM.ActiveCfg = AppStore|iPhone
		{260C6982-C93C-4747-8962-C3A10A6EBCC7}.AppStore|iPhone.ActiveCfg = AppStore|iPhone
		{260C6982-C93C-4747-8962-C3A10A6EBCC7}.AppStore|iPhone.Build.0 = AppStore|iPhone
		{260C6982-C93C-4747-8962-C3A10A6EBCC7}.AppStore|iPhoneSimulator.ActiveCfg = AppStore|iPhoneSimulator
		{260C6982-C93C-4747-8962-C3A10A6EBCC7}.AppStore|iPhoneSimulator.Build.0 = AppStore|iPhoneSimulator
		{260C6982-C93C-4747-8962-C3A10A6EBCC7}.AppStore|x64.ActiveCfg = AppStore|iPhone
		{260C6982-C93C-4747-8962-C3A10A6EBCC7}.AppStore|x86.ActiveCfg = AppStore|iPhone
		{260C6982-C93C-4747-8962-C3A10A6EBCC7}.Debug|Any CPU.ActiveCfg = Debug|iPhone
		{260C6982-C93C-4747-8962-C3A10A6EBCC7}.Debug|ARM.ActiveCfg = Debug|iPhone
		{260C6982-C93C-4747-8962-C3A10A6EBCC7}.Debug|iPhone.ActiveCfg = Debug|iPhone
		{260C6982-C93C-4747-8962-C3A10A6EBCC7}.Debug|iPhone.Build.0 = Debug|iPhone
		{260C6982-C93C-4747-8962-C3A10A6EBCC7}.Debug|iPhoneSimulator.ActiveCfg = Debug|iPhoneSimulator
		{260C6982-C93C-4747-8962-C3A10A6EBCC7}.Debug|iPhoneSimulator.Build.0 = Debug|iPhoneSimulator
		{260C6982-C93C-4747-8962-C3A10A6EBCC7}.Debug|x64.ActiveCfg = Debug|iPhone
		{260C6982-C93C-4747-8962-C3A10A6EBCC7}.Debug|x86.ActiveCfg = Debug|iPhone
		{260C6982-C93C-4747-8962-C3A10A6EBCC7}.Release|Any CPU.ActiveCfg = Release|iPhone
		{260C6982-C93C-4747-8962-C3A10A6EBCC7}.Release|ARM.ActiveCfg = Release|iPhone
		{260C6982-C93C-4747-8962-C3A10A6EBCC7}.Release|iPhone.ActiveCfg = Release|iPhone
		{260C6982-C93C-4747-8962-C3A10A6EBCC7}.Release|iPhone.Build.0 = Release|iPhone
		{260C6982-C93C-4747-8962-C3A10A6EBCC7}.Release|iPhoneSimulator.ActiveCfg = Release|iPhoneSimulator
		{260C6982-C93C-4747-8962-C3A10A6EBCC7}.Release|iPhoneSimulator.Build.0 = Release|iPhoneSimulator
		{260C6982-C93C-4747-8962-C3A10A6EBCC7}.Release|x64.ActiveCfg = Release|iPhone
		{260C6982-C93C-4747-8962-C3A10A6EBCC7}.Release|x86.ActiveCfg = Release|iPhone
		{BB9C48F0-7D54-41DE-B7BC-EC1E518D5FBD}.Ad-Hoc|Any CPU.ActiveCfg = Release|Any CPU
		{BB9C48F0-7D54-41DE-B7BC-EC1E518D5FBD}.Ad-Hoc|Any CPU.Build.0 = Release|Any CPU
		{BB9C48F0-7D54-41DE-B7BC-EC1E518D5FBD}.Ad-Hoc|Any CPU.Deploy.0 = Release|Any CPU
		{BB9C48F0-7D54-41DE-B7BC-EC1E518D5FBD}.Ad-Hoc|ARM.ActiveCfg = Release|ARM
		{BB9C48F0-7D54-41DE-B7BC-EC1E518D5FBD}.Ad-Hoc|ARM.Build.0 = Release|ARM
		{BB9C48F0-7D54-41DE-B7BC-EC1E518D5FBD}.Ad-Hoc|ARM.Deploy.0 = Release|ARM
		{BB9C48F0-7D54-41DE-B7BC-EC1E518D5FBD}.Ad-Hoc|iPhone.ActiveCfg = Release|Any CPU
		{BB9C48F0-7D54-41DE-B7BC-EC1E518D5FBD}.Ad-Hoc|iPhone.Build.0 = Release|Any CPU
		{BB9C48F0-7D54-41DE-B7BC-EC1E518D5FBD}.Ad-Hoc|iPhone.Deploy.0 = Release|Any CPU
		{BB9C48F0-7D54-41DE-B7BC-EC1E518D5FBD}.Ad-Hoc|iPhoneSimulator.ActiveCfg = Release|Any CPU
		{BB9C48F0-7D54-41DE-B7BC-EC1E518D5FBD}.Ad-Hoc|iPhoneSimulator.Build.0 = Release|Any CPU
		{BB9C48F0-7D54-41DE-B7BC-EC1E518D5FBD}.Ad-Hoc|iPhoneSimulator.Deploy.0 = Release|Any CPU
		{BB9C48F0-7D54-41DE-B7BC-EC1E518D5FBD}.Ad-Hoc|x64.ActiveCfg = Release|Any CPU
		{BB9C48F0-7D54-41DE-B7BC-EC1E518D5FBD}.Ad-Hoc|x64.Build.0 = Release|Any CPU
		{BB9C48F0-7D54-41DE-B7BC-EC1E518D5FBD}.Ad-Hoc|x64.Deploy.0 = Release|Any CPU
		{BB9C48F0-7D54-41DE-B7BC-EC1E518D5FBD}.Ad-Hoc|x86.ActiveCfg = Release|x86
		{BB9C48F0-7D54-41DE-B7BC-EC1E518D5FBD}.Ad-Hoc|x86.Build.0 = Release|x86
		{BB9C48F0-7D54-41DE-B7BC-EC1E518D5FBD}.Ad-Hoc|x86.Deploy.0 = Release|x86
		{BB9C48F0-7D54-41DE-B7BC-EC1E518D5FBD}.AppStore|Any CPU.ActiveCfg = Release|Any CPU
		{BB9C48F0-7D54-41DE-B7BC-EC1E518D5FBD}.AppStore|Any CPU.Build.0 = Release|Any CPU
		{BB9C48F0-7D54-41DE-B7BC-EC1E518D5FBD}.AppStore|Any CPU.Deploy.0 = Release|Any CPU
		{BB9C48F0-7D54-41DE-B7BC-EC1E518D5FBD}.AppStore|ARM.ActiveCfg = Release|ARM
		{BB9C48F0-7D54-41DE-B7BC-EC1E518D5FBD}.AppStore|ARM.Build.0 = Release|ARM
		{BB9C48F0-7D54-41DE-B7BC-EC1E518D5FBD}.AppStore|ARM.Deploy.0 = Release|ARM
		{BB9C48F0-7D54-41DE-B7BC-EC1E518D5FBD}.AppStore|iPhone.ActiveCfg = Release|Any CPU
		{BB9C48F0-7D54-41DE-B7BC-EC1E518D5FBD}.AppStore|iPhone.Build.0 = Release|Any CPU
		{BB9C48F0-7D54-41DE-B7BC-EC1E518D5FBD}.AppStore|iPhone.Deploy.0 = Release|Any CPU
		{BB9C48F0-7D54-41DE-B7BC-EC1E518D5FBD}.AppStore|iPhoneSimulator.ActiveCfg = Release|Any CPU
		{BB9C48F0-7D54-41DE-B7BC-EC1E518D5FBD}.AppStore|iPhoneSimulator.Build.0 = Release|Any CPU
		{BB9C48F0-7D54-41DE-B7BC-EC1E518D5FBD}.AppStore|iPhoneSimulator.Deploy.0 = Release|Any CPU
		{BB9C48F0-7D54-41DE-B7BC-EC1E518D5FBD}.AppStore|x64.ActiveCfg = Release|Any CPU
		{BB9C48F0-7D54-41DE-B7BC-EC1E518D5FBD}.AppStore|x64.Build.0 = Release|Any CPU
		{BB9C48F0-7D54-41DE-B7BC-EC1E518D5FBD}.AppStore|x64.Deploy.0 = Release|Any CPU
		{BB9C48F0-7D54-41DE-B7BC-EC1E518D5FBD}.AppStore|x86.ActiveCfg = Release|x86
		{BB9C48F0-7D54-41DE-B7BC-EC1E518D5FBD}.AppStore|x86.Build.0 = Release|x86
		{BB9C48F0-7D54-41DE-B7BC-EC1E518D5FBD}.AppStore|x86.Deploy.0 = Release|x86
		{BB9C48F0-7D54-41DE-B7BC-EC1E518D5FBD}.Debug|Any CPU.ActiveCfg = Debug|Any CPU
		{BB9C48F0-7D54-41DE-B7BC-EC1E518D5FBD}.Debug|Any CPU.Build.0 = Debug|Any CPU
		{BB9C48F0-7D54-41DE-B7BC-EC1E518D5FBD}.Debug|Any CPU.Deploy.0 = Debug|Any CPU
		{BB9C48F0-7D54-41DE-B7BC-EC1E518D5FBD}.Debug|ARM.ActiveCfg = Debug|ARM
		{BB9C48F0-7D54-41DE-B7BC-EC1E518D5FBD}.Debug|ARM.Build.0 = Debug|ARM
		{BB9C48F0-7D54-41DE-B7BC-EC1E518D5FBD}.Debug|ARM.Deploy.0 = Debug|ARM
		{BB9C48F0-7D54-41DE-B7BC-EC1E518D5FBD}.Debug|iPhone.ActiveCfg = Debug|Any CPU
		{BB9C48F0-7D54-41DE-B7BC-EC1E518D5FBD}.Debug|iPhone.Build.0 = Debug|Any CPU
		{BB9C48F0-7D54-41DE-B7BC-EC1E518D5FBD}.Debug|iPhone.Deploy.0 = Debug|Any CPU
		{BB9C48F0-7D54-41DE-B7BC-EC1E518D5FBD}.Debug|iPhoneSimulator.ActiveCfg = Debug|Any CPU
		{BB9C48F0-7D54-41DE-B7BC-EC1E518D5FBD}.Debug|iPhoneSimulator.Build.0 = Debug|Any CPU
		{BB9C48F0-7D54-41DE-B7BC-EC1E518D5FBD}.Debug|iPhoneSimulator.Deploy.0 = Debug|Any CPU
		{BB9C48F0-7D54-41DE-B7BC-EC1E518D5FBD}.Debug|x64.ActiveCfg = Debug|Any CPU
		{BB9C48F0-7D54-41DE-B7BC-EC1E518D5FBD}.Debug|x64.Build.0 = Debug|Any CPU
		{BB9C48F0-7D54-41DE-B7BC-EC1E518D5FBD}.Debug|x64.Deploy.0 = Debug|Any CPU
		{BB9C48F0-7D54-41DE-B7BC-EC1E518D5FBD}.Debug|x86.ActiveCfg = Debug|x86
		{BB9C48F0-7D54-41DE-B7BC-EC1E518D5FBD}.Debug|x86.Build.0 = Debug|x86
		{BB9C48F0-7D54-41DE-B7BC-EC1E518D5FBD}.Debug|x86.Deploy.0 = Debug|x86
		{BB9C48F0-7D54-41DE-B7BC-EC1E518D5FBD}.Release|Any CPU.ActiveCfg = Release|Any CPU
		{BB9C48F0-7D54-41DE-B7BC-EC1E518D5FBD}.Release|Any CPU.Build.0 = Release|Any CPU
		{BB9C48F0-7D54-41DE-B7BC-EC1E518D5FBD}.Release|Any CPU.Deploy.0 = Release|Any CPU
		{BB9C48F0-7D54-41DE-B7BC-EC1E518D5FBD}.Release|ARM.ActiveCfg = Release|ARM
		{BB9C48F0-7D54-41DE-B7BC-EC1E518D5FBD}.Release|ARM.Build.0 = Release|ARM
		{BB9C48F0-7D54-41DE-B7BC-EC1E518D5FBD}.Release|ARM.Deploy.0 = Release|ARM
		{BB9C48F0-7D54-41DE-B7BC-EC1E518D5FBD}.Release|iPhone.ActiveCfg = Release|Any CPU
		{BB9C48F0-7D54-41DE-B7BC-EC1E518D5FBD}.Release|iPhone.Build.0 = Release|Any CPU
		{BB9C48F0-7D54-41DE-B7BC-EC1E518D5FBD}.Release|iPhone.Deploy.0 = Release|Any CPU
		{BB9C48F0-7D54-41DE-B7BC-EC1E518D5FBD}.Release|iPhoneSimulator.ActiveCfg = Release|Any CPU
		{BB9C48F0-7D54-41DE-B7BC-EC1E518D5FBD}.Release|iPhoneSimulator.Build.0 = Release|Any CPU
		{BB9C48F0-7D54-41DE-B7BC-EC1E518D5FBD}.Release|iPhoneSimulator.Deploy.0 = Release|Any CPU
		{BB9C48F0-7D54-41DE-B7BC-EC1E518D5FBD}.Release|x64.ActiveCfg = Release|Any CPU
		{BB9C48F0-7D54-41DE-B7BC-EC1E518D5FBD}.Release|x64.Build.0 = Release|Any CPU
		{BB9C48F0-7D54-41DE-B7BC-EC1E518D5FBD}.Release|x64.Deploy.0 = Release|Any CPU
		{BB9C48F0-7D54-41DE-B7BC-EC1E518D5FBD}.Release|x86.ActiveCfg = Release|x86
		{BB9C48F0-7D54-41DE-B7BC-EC1E518D5FBD}.Release|x86.Build.0 = Release|x86
		{BB9C48F0-7D54-41DE-B7BC-EC1E518D5FBD}.Release|x86.Deploy.0 = Release|x86
		{0B89B248-CE2E-4449-98D7-72BE8AB40384}.Ad-Hoc|Any CPU.ActiveCfg = Release|x86
		{0B89B248-CE2E-4449-98D7-72BE8AB40384}.Ad-Hoc|Any CPU.Build.0 = Release|x86
		{0B89B248-CE2E-4449-98D7-72BE8AB40384}.Ad-Hoc|Any CPU.Deploy.0 = Release|x86
		{0B89B248-CE2E-4449-98D7-72BE8AB40384}.Ad-Hoc|ARM.ActiveCfg = Release|ARM
		{0B89B248-CE2E-4449-98D7-72BE8AB40384}.Ad-Hoc|ARM.Build.0 = Release|ARM
		{0B89B248-CE2E-4449-98D7-72BE8AB40384}.Ad-Hoc|ARM.Deploy.0 = Release|ARM
		{0B89B248-CE2E-4449-98D7-72BE8AB40384}.Ad-Hoc|iPhone.ActiveCfg = Release|x86
		{0B89B248-CE2E-4449-98D7-72BE8AB40384}.Ad-Hoc|iPhone.Build.0 = Release|x86
		{0B89B248-CE2E-4449-98D7-72BE8AB40384}.Ad-Hoc|iPhone.Deploy.0 = Release|x86
		{0B89B248-CE2E-4449-98D7-72BE8AB40384}.Ad-Hoc|iPhoneSimulator.ActiveCfg = Release|x86
		{0B89B248-CE2E-4449-98D7-72BE8AB40384}.Ad-Hoc|iPhoneSimulator.Build.0 = Release|x86
		{0B89B248-CE2E-4449-98D7-72BE8AB40384}.Ad-Hoc|iPhoneSimulator.Deploy.0 = Release|x86
		{0B89B248-CE2E-4449-98D7-72BE8AB40384}.Ad-Hoc|x64.ActiveCfg = Release|x64
		{0B89B248-CE2E-4449-98D7-72BE8AB40384}.Ad-Hoc|x64.Build.0 = Release|x64
		{0B89B248-CE2E-4449-98D7-72BE8AB40384}.Ad-Hoc|x64.Deploy.0 = Release|x64
		{0B89B248-CE2E-4449-98D7-72BE8AB40384}.Ad-Hoc|x86.ActiveCfg = Release|x86
		{0B89B248-CE2E-4449-98D7-72BE8AB40384}.Ad-Hoc|x86.Build.0 = Release|x86
		{0B89B248-CE2E-4449-98D7-72BE8AB40384}.Ad-Hoc|x86.Deploy.0 = Release|x86
		{0B89B248-CE2E-4449-98D7-72BE8AB40384}.AppStore|Any CPU.ActiveCfg = Release|x86
		{0B89B248-CE2E-4449-98D7-72BE8AB40384}.AppStore|Any CPU.Build.0 = Release|x86
		{0B89B248-CE2E-4449-98D7-72BE8AB40384}.AppStore|Any CPU.Deploy.0 = Release|x86
		{0B89B248-CE2E-4449-98D7-72BE8AB40384}.AppStore|ARM.ActiveCfg = Release|ARM
		{0B89B248-CE2E-4449-98D7-72BE8AB40384}.AppStore|ARM.Build.0 = Release|ARM
		{0B89B248-CE2E-4449-98D7-72BE8AB40384}.AppStore|ARM.Deploy.0 = Release|ARM
		{0B89B248-CE2E-4449-98D7-72BE8AB40384}.AppStore|iPhone.ActiveCfg = Release|x86
		{0B89B248-CE2E-4449-98D7-72BE8AB40384}.AppStore|iPhone.Build.0 = Release|x86
		{0B89B248-CE2E-4449-98D7-72BE8AB40384}.AppStore|iPhone.Deploy.0 = Release|x86
		{0B89B248-CE2E-4449-98D7-72BE8AB40384}.AppStore|iPhoneSimulator.ActiveCfg = Release|x86
		{0B89B248-CE2E-4449-98D7-72BE8AB40384}.AppStore|iPhoneSimulator.Build.0 = Release|x86
		{0B89B248-CE2E-4449-98D7-72BE8AB40384}.AppStore|iPhoneSimulator.Deploy.0 = Release|x86
		{0B89B248-CE2E-4449-98D7-72BE8AB40384}.AppStore|x64.ActiveCfg = Release|x64
		{0B89B248-CE2E-4449-98D7-72BE8AB40384}.AppStore|x64.Build.0 = Release|x64
		{0B89B248-CE2E-4449-98D7-72BE8AB40384}.AppStore|x64.Deploy.0 = Release|x64
		{0B89B248-CE2E-4449-98D7-72BE8AB40384}.AppStore|x86.ActiveCfg = Release|x86
		{0B89B248-CE2E-4449-98D7-72BE8AB40384}.AppStore|x86.Build.0 = Release|x86
		{0B89B248-CE2E-4449-98D7-72BE8AB40384}.AppStore|x86.Deploy.0 = Release|x86
		{0B89B248-CE2E-4449-98D7-72BE8AB40384}.Debug|Any CPU.ActiveCfg = Debug|x86
		{0B89B248-CE2E-4449-98D7-72BE8AB40384}.Debug|ARM.ActiveCfg = Debug|ARM
		{0B89B248-CE2E-4449-98D7-72BE8AB40384}.Debug|ARM.Build.0 = Debug|ARM
		{0B89B248-CE2E-4449-98D7-72BE8AB40384}.Debug|ARM.Deploy.0 = Debug|ARM
		{0B89B248-CE2E-4449-98D7-72BE8AB40384}.Debug|iPhone.ActiveCfg = Debug|x86
		{0B89B248-CE2E-4449-98D7-72BE8AB40384}.Debug|iPhoneSimulator.ActiveCfg = Debug|x86
		{0B89B248-CE2E-4449-98D7-72BE8AB40384}.Debug|x64.ActiveCfg = Debug|x64
		{0B89B248-CE2E-4449-98D7-72BE8AB40384}.Debug|x64.Build.0 = Debug|x64
		{0B89B248-CE2E-4449-98D7-72BE8AB40384}.Debug|x64.Deploy.0 = Debug|x64
		{0B89B248-CE2E-4449-98D7-72BE8AB40384}.Debug|x86.ActiveCfg = Debug|x86
		{0B89B248-CE2E-4449-98D7-72BE8AB40384}.Debug|x86.Build.0 = Debug|x86
		{0B89B248-CE2E-4449-98D7-72BE8AB40384}.Debug|x86.Deploy.0 = Debug|x86
		{0B89B248-CE2E-4449-98D7-72BE8AB40384}.Release|Any CPU.ActiveCfg = Release|x86
		{0B89B248-CE2E-4449-98D7-72BE8AB40384}.Release|ARM.ActiveCfg = Release|ARM
		{0B89B248-CE2E-4449-98D7-72BE8AB40384}.Release|ARM.Build.0 = Release|ARM
		{0B89B248-CE2E-4449-98D7-72BE8AB40384}.Release|ARM.Deploy.0 = Release|ARM
		{0B89B248-CE2E-4449-98D7-72BE8AB40384}.Release|iPhone.ActiveCfg = Release|x86
		{0B89B248-CE2E-4449-98D7-72BE8AB40384}.Release|iPhoneSimulator.ActiveCfg = Release|x86
		{0B89B248-CE2E-4449-98D7-72BE8AB40384}.Release|x64.ActiveCfg = Release|x64
		{0B89B248-CE2E-4449-98D7-72BE8AB40384}.Release|x64.Build.0 = Release|x64
		{0B89B248-CE2E-4449-98D7-72BE8AB40384}.Release|x64.Deploy.0 = Release|x64
		{0B89B248-CE2E-4449-98D7-72BE8AB40384}.Release|x86.ActiveCfg = Release|x86
		{0B89B248-CE2E-4449-98D7-72BE8AB40384}.Release|x86.Build.0 = Release|x86
		{0B89B248-CE2E-4449-98D7-72BE8AB40384}.Release|x86.Deploy.0 = Release|x86
		{D2ED84E8-AAB8-40BC-8B72-8F5B56321724}.Ad-Hoc|Any CPU.ActiveCfg = Release|Any CPU
		{D2ED84E8-AAB8-40BC-8B72-8F5B56321724}.Ad-Hoc|Any CPU.Build.0 = Release|Any CPU
		{D2ED84E8-AAB8-40BC-8B72-8F5B56321724}.Ad-Hoc|Any CPU.Deploy.0 = Release|Any CPU
		{D2ED84E8-AAB8-40BC-8B72-8F5B56321724}.Ad-Hoc|ARM.ActiveCfg = Release|ARM
		{D2ED84E8-AAB8-40BC-8B72-8F5B56321724}.Ad-Hoc|ARM.Build.0 = Release|ARM
		{D2ED84E8-AAB8-40BC-8B72-8F5B56321724}.Ad-Hoc|ARM.Deploy.0 = Release|ARM
		{D2ED84E8-AAB8-40BC-8B72-8F5B56321724}.Ad-Hoc|iPhone.ActiveCfg = Release|Any CPU
		{D2ED84E8-AAB8-40BC-8B72-8F5B56321724}.Ad-Hoc|iPhone.Build.0 = Release|Any CPU
		{D2ED84E8-AAB8-40BC-8B72-8F5B56321724}.Ad-Hoc|iPhone.Deploy.0 = Release|Any CPU
		{D2ED84E8-AAB8-40BC-8B72-8F5B56321724}.Ad-Hoc|iPhoneSimulator.ActiveCfg = Release|Any CPU
		{D2ED84E8-AAB8-40BC-8B72-8F5B56321724}.Ad-Hoc|iPhoneSimulator.Build.0 = Release|Any CPU
		{D2ED84E8-AAB8-40BC-8B72-8F5B56321724}.Ad-Hoc|iPhoneSimulator.Deploy.0 = Release|Any CPU
		{D2ED84E8-AAB8-40BC-8B72-8F5B56321724}.Ad-Hoc|x64.ActiveCfg = Release|x64
		{D2ED84E8-AAB8-40BC-8B72-8F5B56321724}.Ad-Hoc|x64.Build.0 = Release|x64
		{D2ED84E8-AAB8-40BC-8B72-8F5B56321724}.Ad-Hoc|x64.Deploy.0 = Release|x64
		{D2ED84E8-AAB8-40BC-8B72-8F5B56321724}.Ad-Hoc|x86.ActiveCfg = Release|x86
		{D2ED84E8-AAB8-40BC-8B72-8F5B56321724}.Ad-Hoc|x86.Build.0 = Release|x86
		{D2ED84E8-AAB8-40BC-8B72-8F5B56321724}.Ad-Hoc|x86.Deploy.0 = Release|x86
		{D2ED84E8-AAB8-40BC-8B72-8F5B56321724}.AppStore|Any CPU.ActiveCfg = Release|Any CPU
		{D2ED84E8-AAB8-40BC-8B72-8F5B56321724}.AppStore|Any CPU.Build.0 = Release|Any CPU
		{D2ED84E8-AAB8-40BC-8B72-8F5B56321724}.AppStore|Any CPU.Deploy.0 = Release|Any CPU
		{D2ED84E8-AAB8-40BC-8B72-8F5B56321724}.AppStore|ARM.ActiveCfg = Release|ARM
		{D2ED84E8-AAB8-40BC-8B72-8F5B56321724}.AppStore|ARM.Build.0 = Release|ARM
		{D2ED84E8-AAB8-40BC-8B72-8F5B56321724}.AppStore|ARM.Deploy.0 = Release|ARM
		{D2ED84E8-AAB8-40BC-8B72-8F5B56321724}.AppStore|iPhone.ActiveCfg = Release|Any CPU
		{D2ED84E8-AAB8-40BC-8B72-8F5B56321724}.AppStore|iPhone.Build.0 = Release|Any CPU
		{D2ED84E8-AAB8-40BC-8B72-8F5B56321724}.AppStore|iPhone.Deploy.0 = Release|Any CPU
		{D2ED84E8-AAB8-40BC-8B72-8F5B56321724}.AppStore|iPhoneSimulator.ActiveCfg = Release|Any CPU
		{D2ED84E8-AAB8-40BC-8B72-8F5B56321724}.AppStore|iPhoneSimulator.Build.0 = Release|Any CPU
		{D2ED84E8-AAB8-40BC-8B72-8F5B56321724}.AppStore|iPhoneSimulator.Deploy.0 = Release|Any CPU
		{D2ED84E8-AAB8-40BC-8B72-8F5B56321724}.AppStore|x64.ActiveCfg = Release|x64
		{D2ED84E8-AAB8-40BC-8B72-8F5B56321724}.AppStore|x64.Build.0 = Release|x64
		{D2ED84E8-AAB8-40BC-8B72-8F5B56321724}.AppStore|x64.Deploy.0 = Release|x64
		{D2ED84E8-AAB8-40BC-8B72-8F5B56321724}.AppStore|x86.ActiveCfg = Release|x86
		{D2ED84E8-AAB8-40BC-8B72-8F5B56321724}.AppStore|x86.Build.0 = Release|x86
		{D2ED84E8-AAB8-40BC-8B72-8F5B56321724}.AppStore|x86.Deploy.0 = Release|x86
		{D2ED84E8-AAB8-40BC-8B72-8F5B56321724}.Debug|Any CPU.ActiveCfg = Debug|Any CPU
		{D2ED84E8-AAB8-40BC-8B72-8F5B56321724}.Debug|Any CPU.Build.0 = Debug|Any CPU
		{D2ED84E8-AAB8-40BC-8B72-8F5B56321724}.Debug|Any CPU.Deploy.0 = Debug|Any CPU
		{D2ED84E8-AAB8-40BC-8B72-8F5B56321724}.Debug|ARM.ActiveCfg = Debug|ARM
		{D2ED84E8-AAB8-40BC-8B72-8F5B56321724}.Debug|ARM.Build.0 = Debug|ARM
		{D2ED84E8-AAB8-40BC-8B72-8F5B56321724}.Debug|ARM.Deploy.0 = Debug|ARM
		{D2ED84E8-AAB8-40BC-8B72-8F5B56321724}.Debug|iPhone.ActiveCfg = Debug|Any CPU
		{D2ED84E8-AAB8-40BC-8B72-8F5B56321724}.Debug|iPhone.Build.0 = Debug|Any CPU
		{D2ED84E8-AAB8-40BC-8B72-8F5B56321724}.Debug|iPhone.Deploy.0 = Debug|Any CPU
		{D2ED84E8-AAB8-40BC-8B72-8F5B56321724}.Debug|iPhoneSimulator.ActiveCfg = Debug|Any CPU
		{D2ED84E8-AAB8-40BC-8B72-8F5B56321724}.Debug|iPhoneSimulator.Build.0 = Debug|Any CPU
		{D2ED84E8-AAB8-40BC-8B72-8F5B56321724}.Debug|iPhoneSimulator.Deploy.0 = Debug|Any CPU
		{D2ED84E8-AAB8-40BC-8B72-8F5B56321724}.Debug|x64.ActiveCfg = Debug|x64
		{D2ED84E8-AAB8-40BC-8B72-8F5B56321724}.Debug|x64.Build.0 = Debug|x64
		{D2ED84E8-AAB8-40BC-8B72-8F5B56321724}.Debug|x64.Deploy.0 = Debug|x64
		{D2ED84E8-AAB8-40BC-8B72-8F5B56321724}.Debug|x86.ActiveCfg = Debug|x86
		{D2ED84E8-AAB8-40BC-8B72-8F5B56321724}.Debug|x86.Build.0 = Debug|x86
		{D2ED84E8-AAB8-40BC-8B72-8F5B56321724}.Debug|x86.Deploy.0 = Debug|x86
		{D2ED84E8-AAB8-40BC-8B72-8F5B56321724}.Release|Any CPU.ActiveCfg = Release|Any CPU
		{D2ED84E8-AAB8-40BC-8B72-8F5B56321724}.Release|Any CPU.Build.0 = Release|Any CPU
		{D2ED84E8-AAB8-40BC-8B72-8F5B56321724}.Release|Any CPU.Deploy.0 = Release|Any CPU
		{D2ED84E8-AAB8-40BC-8B72-8F5B56321724}.Release|ARM.ActiveCfg = Release|ARM
		{D2ED84E8-AAB8-40BC-8B72-8F5B56321724}.Release|ARM.Build.0 = Release|ARM
		{D2ED84E8-AAB8-40BC-8B72-8F5B56321724}.Release|ARM.Deploy.0 = Release|ARM
		{D2ED84E8-AAB8-40BC-8B72-8F5B56321724}.Release|iPhone.ActiveCfg = Release|Any CPU
		{D2ED84E8-AAB8-40BC-8B72-8F5B56321724}.Release|iPhone.Build.0 = Release|Any CPU
		{D2ED84E8-AAB8-40BC-8B72-8F5B56321724}.Release|iPhone.Deploy.0 = Release|Any CPU
		{D2ED84E8-AAB8-40BC-8B72-8F5B56321724}.Release|iPhoneSimulator.ActiveCfg = Release|Any CPU
		{D2ED84E8-AAB8-40BC-8B72-8F5B56321724}.Release|iPhoneSimulator.Build.0 = Release|Any CPU
		{D2ED84E8-AAB8-40BC-8B72-8F5B56321724}.Release|iPhoneSimulator.Deploy.0 = Release|Any CPU
		{D2ED84E8-AAB8-40BC-8B72-8F5B56321724}.Release|x64.ActiveCfg = Release|x64
		{D2ED84E8-AAB8-40BC-8B72-8F5B56321724}.Release|x64.Build.0 = Release|x64
		{D2ED84E8-AAB8-40BC-8B72-8F5B56321724}.Release|x64.Deploy.0 = Release|x64
		{D2ED84E8-AAB8-40BC-8B72-8F5B56321724}.Release|x86.ActiveCfg = Release|x86
		{D2ED84E8-AAB8-40BC-8B72-8F5B56321724}.Release|x86.Build.0 = Release|x86
		{D2ED84E8-AAB8-40BC-8B72-8F5B56321724}.Release|x86.Deploy.0 = Release|x86
	EndGlobalSection
	GlobalSection(SolutionProperties) = preSolution
		HideSolutionNode = FALSE
	EndGlobalSection
EndGlobal
