
Microsoft Visual Studio Solution File, Format Version 12.00
# Visual Studio 14
VisualStudioVersion = 14.0.25420.1
MinimumVisualStudioVersion = 10.0.40219.1
Project("{FAE04EC0-301F-11D3-BF4B-00C04F79EFBC}") = "PrismUnityApp5", "PrismUnityApp5\PrismUnityApp5\PrismUnityApp5.csproj", "{D137A03C-CD6A-40E8-BAA1-86EE50BEC772}"
EndProject
Project("{FAE04EC0-301F-11D3-BF4B-00C04F79EFBC}") = "PrismUnityApp5.Droid", "PrismUnityApp5\PrismUnityApp5.Droid\PrismUnityApp5.Droid.csproj", "{2BCB9A28-F4D5-4F6F-B1E4-0ED4DB2864D6}"
EndProject
Global
	GlobalSection(SolutionConfigurationPlatforms) = preSolution
		Debug|Any CPU = Debug|Any CPU
		Release|Any CPU = Release|Any CPU
	EndGlobalSection
	GlobalSection(ProjectConfigurationPlatforms) = postSolution
		{D137A03C-CD6A-40E8-BAA1-86EE50BEC772}.Debug|Any CPU.ActiveCfg = Debug|Any CPU
		{D137A03C-CD6A-40E8-BAA1-86EE50BEC772}.Debug|Any CPU.Build.0 = Debug|Any CPU
		{D137A03C-CD6A-40E8-BAA1-86EE50BEC772}.Release|Any CPU.ActiveCfg = Release|Any CPU
		{D137A03C-CD6A-40E8-BAA1-86EE50BEC772}.Release|Any CPU.Build.0 = Release|Any CPU
		{2BCB9A28-F4D5-4F6F-B1E4-0ED4DB2864D6}.Debug|Any CPU.ActiveCfg = Debug|Any CPU
		{2BCB9A28-F4D5-4F6F-B1E4-0ED4DB2864D6}.Debug|Any CPU.Build.0 = Debug|Any CPU
		{2BCB9A28-F4D5-4F6F-B1E4-0ED4DB2864D6}.Debug|Any CPU.Deploy.0 = Debug|Any CPU
		{2BCB9A28-F4D5-4F6F-B1E4-0ED4DB2864D6}.Release|Any CPU.ActiveCfg = Release|Any CPU
		{2BCB9A28-F4D5-4F6F-B1E4-0ED4DB2864D6}.Release|Any CPU.Build.0 = Release|Any CPU
		{2BCB9A28-F4D5-4F6F-B1E4-0ED4DB2864D6}.Release|Any CPU.Deploy.0 = Release|Any CPU
	EndGlobalSection
	GlobalSection(SolutionProperties) = preSolution
		HideSolutionNode = FALSE
	EndGlobalSection
EndGlobal
