
Microsoft Visual Studio Solution File, Format Version 12.00
# Visual Studio 14
VisualStudioVersion = 14.0.25420.1
MinimumVisualStudioVersion = 10.0.40219.1
Project("{FAE04EC0-301F-11D3-BF4B-00C04F79EFBC}") = "SimpleListView1", "SimpleListView1\SimpleListView1\SimpleListView1.csproj", "{6415B271-F801-410E-B8DD-002C85649A5D}"
EndProject
Project("{FAE04EC0-301F-11D3-BF4B-00C04F79EFBC}") = "SimpleListView1.Droid", "SimpleListView1\SimpleListView1.Droid\SimpleListView1.Droid.csproj", "{3B5ED757-39FF-47C8-80D5-F5238C2AAFB8}"
EndProject
Project("{FAE04EC0-301F-11D3-BF4B-00C04F79EFBC}") = "SimpleListView1.iOS", "SimpleListView1\SimpleListView1.iOS\SimpleListView1.iOS.csproj", "{523D2CD5-7453-4972-9ACB-43900A5B56DF}"
EndProject
Project("{FAE04EC0-301F-11D3-BF4B-00C04F79EFBC}") = "SimpleListView1.UWP", "SimpleListView1\SimpleListView1.UWP\SimpleListView1.UWP.csproj", "{B2D8EFE7-5D82-43D1-9266-ED40B262A95C}"
EndProject
Global
	GlobalSection(SolutionConfigurationPlatforms) = preSolution
		Ad-Hoc|Any CPU = Ad-Hoc|Any CPU
		Ad-Hoc|ARM = Ad-Hoc|ARM
		Ad-Hoc|iPhone = Ad-Hoc|iPhone
		Ad-Hoc|iPhoneSimulator = Ad-Hoc|iPhoneSimulator
		Ad-Hoc|x64 = Ad-Hoc|x64
		Ad-Hoc|x86 = Ad-Hoc|x86
		AppStore|Any CPU = AppStore|Any CPU
		AppStore|ARM = AppStore|ARM
		AppStore|iPhone = AppStore|iPhone
		AppStore|iPhoneSimulator = AppStore|iPhoneSimulator
		AppStore|x64 = AppStore|x64
		AppStore|x86 = AppStore|x86
		Debug|Any CPU = Debug|Any CPU
		Debug|ARM = Debug|ARM
		Debug|iPhone = Debug|iPhone
		Debug|iPhoneSimulator = Debug|iPhoneSimulator
		Debug|x64 = Debug|x64
		Debug|x86 = Debug|x86
		Release|Any CPU = Release|Any CPU
		Release|ARM = Release|ARM
		Release|iPhone = Release|iPhone
		Release|iPhoneSimulator = Release|iPhoneSimulator
		Release|x64 = Release|x64
		Release|x86 = Release|x86
	EndGlobalSection
	GlobalSection(ProjectConfigurationPlatforms) = postSolution
		{6415B271-F801-410E-B8DD-002C85649A5D}.Ad-Hoc|Any CPU.ActiveCfg = Release|Any CPU
		{6415B271-F801-410E-B8DD-002C85649A5D}.Ad-Hoc|Any CPU.Build.0 = Release|Any CPU
		{6415B271-F801-410E-B8DD-002C85649A5D}.Ad-Hoc|ARM.ActiveCfg = Release|Any CPU
		{6415B271-F801-410E-B8DD-002C85649A5D}.Ad-Hoc|ARM.Build.0 = Release|Any CPU
		{6415B271-F801-410E-B8DD-002C85649A5D}.Ad-Hoc|iPhone.ActiveCfg = Release|Any CPU
		{6415B271-F801-410E-B8DD-002C85649A5D}.Ad-Hoc|iPhone.Build.0 = Release|Any CPU
		{6415B271-F801-410E-B8DD-002C85649A5D}.Ad-Hoc|iPhoneSimulator.ActiveCfg = Release|Any CPU
		{6415B271-F801-410E-B8DD-002C85649A5D}.Ad-Hoc|iPhoneSimulator.Build.0 = Release|Any CPU
		{6415B271-F801-410E-B8DD-002C85649A5D}.Ad-Hoc|x64.ActiveCfg = Release|Any CPU
		{6415B271-F801-410E-B8DD-002C85649A5D}.Ad-Hoc|x64.Build.0 = Release|Any CPU
		{6415B271-F801-410E-B8DD-002C85649A5D}.Ad-Hoc|x86.ActiveCfg = Release|Any CPU
		{6415B271-F801-410E-B8DD-002C85649A5D}.Ad-Hoc|x86.Build.0 = Release|Any CPU
		{6415B271-F801-410E-B8DD-002C85649A5D}.AppStore|Any CPU.ActiveCfg = Release|Any CPU
		{6415B271-F801-410E-B8DD-002C85649A5D}.AppStore|Any CPU.Build.0 = Release|Any CPU
		{6415B271-F801-410E-B8DD-002C85649A5D}.AppStore|ARM.ActiveCfg = Release|Any CPU
		{6415B271-F801-410E-B8DD-002C85649A5D}.AppStore|ARM.Build.0 = Release|Any CPU
		{6415B271-F801-410E-B8DD-002C85649A5D}.AppStore|iPhone.ActiveCfg = Release|Any CPU
		{6415B271-F801-410E-B8DD-002C85649A5D}.AppStore|iPhone.Build.0 = Release|Any CPU
		{6415B271-F801-410E-B8DD-002C85649A5D}.AppStore|iPhoneSimulator.ActiveCfg = Release|Any CPU
		{6415B271-F801-410E-B8DD-002C85649A5D}.AppStore|iPhoneSimulator.Build.0 = Release|Any CPU
		{6415B271-F801-410E-B8DD-002C85649A5D}.AppStore|x64.ActiveCfg = Release|Any CPU
		{6415B271-F801-410E-B8DD-002C85649A5D}.AppStore|x64.Build.0 = Release|Any CPU
		{6415B271-F801-410E-B8DD-002C85649A5D}.AppStore|x86.ActiveCfg = Release|Any CPU
		{6415B271-F801-410E-B8DD-002C85649A5D}.AppStore|x86.Build.0 = Release|Any CPU
		{6415B271-F801-410E-B8DD-002C85649A5D}.Debug|Any CPU.ActiveCfg = Debug|Any CPU
		{6415B271-F801-410E-B8DD-002C85649A5D}.Debug|Any CPU.Build.0 = Debug|Any CPU
		{6415B271-F801-410E-B8DD-002C85649A5D}.Debug|ARM.ActiveCfg = Debug|Any CPU
		{6415B271-F801-410E-B8DD-002C85649A5D}.Debug|ARM.Build.0 = Debug|Any CPU
		{6415B271-F801-410E-B8DD-002C85649A5D}.Debug|iPhone.ActiveCfg = Debug|Any CPU
		{6415B271-F801-410E-B8DD-002C85649A5D}.Debug|iPhone.Build.0 = Debug|Any CPU
		{6415B271-F801-410E-B8DD-002C85649A5D}.Debug|iPhoneSimulator.ActiveCfg = Debug|Any CPU
		{6415B271-F801-410E-B8DD-002C85649A5D}.Debug|iPhoneSimulator.Build.0 = Debug|Any CPU
		{6415B271-F801-410E-B8DD-002C85649A5D}.Debug|x64.ActiveCfg = Debug|Any CPU
		{6415B271-F801-410E-B8DD-002C85649A5D}.Debug|x64.Build.0 = Debug|Any CPU
		{6415B271-F801-410E-B8DD-002C85649A5D}.Debug|x86.ActiveCfg = Debug|Any CPU
		{6415B271-F801-410E-B8DD-002C85649A5D}.Debug|x86.Build.0 = Debug|Any CPU
		{6415B271-F801-410E-B8DD-002C85649A5D}.Release|Any CPU.ActiveCfg = Release|Any CPU
		{6415B271-F801-410E-B8DD-002C85649A5D}.Release|Any CPU.Build.0 = Release|Any CPU
		{6415B271-F801-410E-B8DD-002C85649A5D}.Release|ARM.ActiveCfg = Release|Any CPU
		{6415B271-F801-410E-B8DD-002C85649A5D}.Release|ARM.Build.0 = Release|Any CPU
		{6415B271-F801-410E-B8DD-002C85649A5D}.Release|iPhone.ActiveCfg = Release|Any CPU
		{6415B271-F801-410E-B8DD-002C85649A5D}.Release|iPhone.Build.0 = Release|Any CPU
		{6415B271-F801-410E-B8DD-002C85649A5D}.Release|iPhoneSimulator.ActiveCfg = Release|Any CPU
		{6415B271-F801-410E-B8DD-002C85649A5D}.Release|iPhoneSimulator.Build.0 = Release|Any CPU
		{6415B271-F801-410E-B8DD-002C85649A5D}.Release|x64.ActiveCfg = Release|Any CPU
		{6415B271-F801-410E-B8DD-002C85649A5D}.Release|x64.Build.0 = Release|Any CPU
		{6415B271-F801-410E-B8DD-002C85649A5D}.Release|x86.ActiveCfg = Release|Any CPU
		{6415B271-F801-410E-B8DD-002C85649A5D}.Release|x86.Build.0 = Release|Any CPU
		{3B5ED757-39FF-47C8-80D5-F5238C2AAFB8}.Ad-Hoc|Any CPU.ActiveCfg = Release|Any CPU
		{3B5ED757-39FF-47C8-80D5-F5238C2AAFB8}.Ad-Hoc|Any CPU.Build.0 = Release|Any CPU
		{3B5ED757-39FF-47C8-80D5-F5238C2AAFB8}.Ad-Hoc|Any CPU.Deploy.0 = Release|Any CPU
		{3B5ED757-39FF-47C8-80D5-F5238C2AAFB8}.Ad-Hoc|ARM.ActiveCfg = Release|Any CPU
		{3B5ED757-39FF-47C8-80D5-F5238C2AAFB8}.Ad-Hoc|ARM.Build.0 = Release|Any CPU
		{3B5ED757-39FF-47C8-80D5-F5238C2AAFB8}.Ad-Hoc|ARM.Deploy.0 = Release|Any CPU
		{3B5ED757-39FF-47C8-80D5-F5238C2AAFB8}.Ad-Hoc|iPhone.ActiveCfg = Release|Any CPU
		{3B5ED757-39FF-47C8-80D5-F5238C2AAFB8}.Ad-Hoc|iPhone.Build.0 = Release|Any CPU
		{3B5ED757-39FF-47C8-80D5-F5238C2AAFB8}.Ad-Hoc|iPhone.Deploy.0 = Release|Any CPU
		{3B5ED757-39FF-47C8-80D5-F5238C2AAFB8}.Ad-Hoc|iPhoneSimulator.ActiveCfg = Release|Any CPU
		{3B5ED757-39FF-47C8-80D5-F5238C2AAFB8}.Ad-Hoc|iPhoneSimulator.Build.0 = Release|Any CPU
		{3B5ED757-39FF-47C8-80D5-F5238C2AAFB8}.Ad-Hoc|iPhoneSimulator.Deploy.0 = Release|Any CPU
		{3B5ED757-39FF-47C8-80D5-F5238C2AAFB8}.Ad-Hoc|x64.ActiveCfg = Release|Any CPU
		{3B5ED757-39FF-47C8-80D5-F5238C2AAFB8}.Ad-Hoc|x64.Build.0 = Release|Any CPU
		{3B5ED757-39FF-47C8-80D5-F5238C2AAFB8}.Ad-Hoc|x64.Deploy.0 = Release|Any CPU
		{3B5ED757-39FF-47C8-80D5-F5238C2AAFB8}.Ad-Hoc|x86.ActiveCfg = Release|Any CPU
		{3B5ED757-39FF-47C8-80D5-F5238C2AAFB8}.Ad-Hoc|x86.Build.0 = Release|Any CPU
		{3B5ED757-39FF-47C8-80D5-F5238C2AAFB8}.Ad-Hoc|x86.Deploy.0 = Release|Any CPU
		{3B5ED757-39FF-47C8-80D5-F5238C2AAFB8}.AppStore|Any CPU.ActiveCfg = Release|Any CPU
		{3B5ED757-39FF-47C8-80D5-F5238C2AAFB8}.AppStore|Any CPU.Build.0 = Release|Any CPU
		{3B5ED757-39FF-47C8-80D5-F5238C2AAFB8}.AppStore|Any CPU.Deploy.0 = Release|Any CPU
		{3B5ED757-39FF-47C8-80D5-F5238C2AAFB8}.AppStore|ARM.ActiveCfg = Release|Any CPU
		{3B5ED757-39FF-47C8-80D5-F5238C2AAFB8}.AppStore|ARM.Build.0 = Release|Any CPU
		{3B5ED757-39FF-47C8-80D5-F5238C2AAFB8}.AppStore|ARM.Deploy.0 = Release|Any CPU
		{3B5ED757-39FF-47C8-80D5-F5238C2AAFB8}.AppStore|iPhone.ActiveCfg = Release|Any CPU
		{3B5ED757-39FF-47C8-80D5-F5238C2AAFB8}.AppStore|iPhone.Build.0 = Release|Any CPU
		{3B5ED757-39FF-47C8-80D5-F5238C2AAFB8}.AppStore|iPhone.Deploy.0 = Release|Any CPU
		{3B5ED757-39FF-47C8-80D5-F5238C2AAFB8}.AppStore|iPhoneSimulator.ActiveCfg = Release|Any CPU
		{3B5ED757-39FF-47C8-80D5-F5238C2AAFB8}.AppStore|iPhoneSimulator.Build.0 = Release|Any CPU
		{3B5ED757-39FF-47C8-80D5-F5238C2AAFB8}.AppStore|iPhoneSimulator.Deploy.0 = Release|Any CPU
		{3B5ED757-39FF-47C8-80D5-F5238C2AAFB8}.AppStore|x64.ActiveCfg = Release|Any CPU
		{3B5ED757-39FF-47C8-80D5-F5238C2AAFB8}.AppStore|x64.Build.0 = Release|Any CPU
		{3B5ED757-39FF-47C8-80D5-F5238C2AAFB8}.AppStore|x64.Deploy.0 = Release|Any CPU
		{3B5ED757-39FF-47C8-80D5-F5238C2AAFB8}.AppStore|x86.ActiveCfg = Release|Any CPU
		{3B5ED757-39FF-47C8-80D5-F5238C2AAFB8}.AppStore|x86.Build.0 = Release|Any CPU
		{3B5ED757-39FF-47C8-80D5-F5238C2AAFB8}.AppStore|x86.Deploy.0 = Release|Any CPU
		{3B5ED757-39FF-47C8-80D5-F5238C2AAFB8}.Debug|Any CPU.ActiveCfg = Debug|Any CPU
		{3B5ED757-39FF-47C8-80D5-F5238C2AAFB8}.Debug|Any CPU.Build.0 = Debug|Any CPU
		{3B5ED757-39FF-47C8-80D5-F5238C2AAFB8}.Debug|Any CPU.Deploy.0 = Debug|Any CPU
		{3B5ED757-39FF-47C8-80D5-F5238C2AAFB8}.Debug|ARM.ActiveCfg = Debug|Any CPU
		{3B5ED757-39FF-47C8-80D5-F5238C2AAFB8}.Debug|ARM.Build.0 = Debug|Any CPU
		{3B5ED757-39FF-47C8-80D5-F5238C2AAFB8}.Debug|ARM.Deploy.0 = Debug|Any CPU
		{3B5ED757-39FF-47C8-80D5-F5238C2AAFB8}.Debug|iPhone.ActiveCfg = Debug|Any CPU
		{3B5ED757-39FF-47C8-80D5-F5238C2AAFB8}.Debug|iPhone.Build.0 = Debug|Any CPU
		{3B5ED757-39FF-47C8-80D5-F5238C2AAFB8}.Debug|iPhone.Deploy.0 = Debug|Any CPU
		{3B5ED757-39FF-47C8-80D5-F5238C2AAFB8}.Debug|iPhoneSimulator.ActiveCfg = Debug|Any CPU
		{3B5ED757-39FF-47C8-80D5-F5238C2AAFB8}.Debug|iPhoneSimulator.Build.0 = Debug|Any CPU
		{3B5ED757-39FF-47C8-80D5-F5238C2AAFB8}.Debug|iPhoneSimulator.Deploy.0 = Debug|Any CPU
		{3B5ED757-39FF-47C8-80D5-F5238C2AAFB8}.Debug|x64.ActiveCfg = Debug|Any CPU
		{3B5ED757-39FF-47C8-80D5-F5238C2AAFB8}.Debug|x64.Build.0 = Debug|Any CPU
		{3B5ED757-39FF-47C8-80D5-F5238C2AAFB8}.Debug|x64.Deploy.0 = Debug|Any CPU
		{3B5ED757-39FF-47C8-80D5-F5238C2AAFB8}.Debug|x86.ActiveCfg = Debug|Any CPU
		{3B5ED757-39FF-47C8-80D5-F5238C2AAFB8}.Debug|x86.Build.0 = Debug|Any CPU
		{3B5ED757-39FF-47C8-80D5-F5238C2AAFB8}.Debug|x86.Deploy.0 = Debug|Any CPU
		{3B5ED757-39FF-47C8-80D5-F5238C2AAFB8}.Release|Any CPU.ActiveCfg = Release|Any CPU
		{3B5ED757-39FF-47C8-80D5-F5238C2AAFB8}.Release|Any CPU.Build.0 = Release|Any CPU
		{3B5ED757-39FF-47C8-80D5-F5238C2AAFB8}.Release|Any CPU.Deploy.0 = Release|Any CPU
		{3B5ED757-39FF-47C8-80D5-F5238C2AAFB8}.Release|ARM.ActiveCfg = Release|Any CPU
		{3B5ED757-39FF-47C8-80D5-F5238C2AAFB8}.Release|ARM.Build.0 = Release|Any CPU
		{3B5ED757-39FF-47C8-80D5-F5238C2AAFB8}.Release|ARM.Deploy.0 = Release|Any CPU
		{3B5ED757-39FF-47C8-80D5-F5238C2AAFB8}.Release|iPhone.ActiveCfg = Release|Any CPU
		{3B5ED757-39FF-47C8-80D5-F5238C2AAFB8}.Release|iPhone.Build.0 = Release|Any CPU
		{3B5ED757-39FF-47C8-80D5-F5238C2AAFB8}.Release|iPhone.Deploy.0 = Release|Any CPU
		{3B5ED757-39FF-47C8-80D5-F5238C2AAFB8}.Release|iPhoneSimulator.ActiveCfg = Release|Any CPU
		{3B5ED757-39FF-47C8-80D5-F5238C2AAFB8}.Release|iPhoneSimulator.Build.0 = Release|Any CPU
		{3B5ED757-39FF-47C8-80D5-F5238C2AAFB8}.Release|iPhoneSimulator.Deploy.0 = Release|Any CPU
		{3B5ED757-39FF-47C8-80D5-F5238C2AAFB8}.Release|x64.ActiveCfg = Release|Any CPU
		{3B5ED757-39FF-47C8-80D5-F5238C2AAFB8}.Release|x64.Build.0 = Release|Any CPU
		{3B5ED757-39FF-47C8-80D5-F5238C2AAFB8}.Release|x64.Deploy.0 = Release|Any CPU
		{3B5ED757-39FF-47C8-80D5-F5238C2AAFB8}.Release|x86.ActiveCfg = Release|Any CPU
		{3B5ED757-39FF-47C8-80D5-F5238C2AAFB8}.Release|x86.Build.0 = Release|Any CPU
		{3B5ED757-39FF-47C8-80D5-F5238C2AAFB8}.Release|x86.Deploy.0 = Release|Any CPU
		{523D2CD5-7453-4972-9ACB-43900A5B56DF}.Ad-Hoc|Any CPU.ActiveCfg = Ad-Hoc|iPhone
		{523D2CD5-7453-4972-9ACB-43900A5B56DF}.Ad-Hoc|ARM.ActiveCfg = Ad-Hoc|iPhone
		{523D2CD5-7453-4972-9ACB-43900A5B56DF}.Ad-Hoc|iPhone.ActiveCfg = Ad-Hoc|iPhone
		{523D2CD5-7453-4972-9ACB-43900A5B56DF}.Ad-Hoc|iPhone.Build.0 = Ad-Hoc|iPhone
		{523D2CD5-7453-4972-9ACB-43900A5B56DF}.Ad-Hoc|iPhoneSimulator.ActiveCfg = Ad-Hoc|iPhoneSimulator
		{523D2CD5-7453-4972-9ACB-43900A5B56DF}.Ad-Hoc|iPhoneSimulator.Build.0 = Ad-Hoc|iPhoneSimulator
		{523D2CD5-7453-4972-9ACB-43900A5B56DF}.Ad-Hoc|x64.ActiveCfg = Ad-Hoc|iPhone
		{523D2CD5-7453-4972-9ACB-43900A5B56DF}.Ad-Hoc|x86.ActiveCfg = Ad-Hoc|iPhone
		{523D2CD5-7453-4972-9ACB-43900A5B56DF}.AppStore|Any CPU.ActiveCfg = AppStore|iPhone
		{523D2CD5-7453-4972-9ACB-43900A5B56DF}.AppStore|ARM.ActiveCfg = AppStore|iPhone
		{523D2CD5-7453-4972-9ACB-43900A5B56DF}.AppStore|iPhone.ActiveCfg = AppStore|iPhone
		{523D2CD5-7453-4972-9ACB-43900A5B56DF}.AppStore|iPhone.Build.0 = AppStore|iPhone
		{523D2CD5-7453-4972-9ACB-43900A5B56DF}.AppStore|iPhoneSimulator.ActiveCfg = AppStore|iPhoneSimulator
		{523D2CD5-7453-4972-9ACB-43900A5B56DF}.AppStore|iPhoneSimulator.Build.0 = AppStore|iPhoneSimulator
		{523D2CD5-7453-4972-9ACB-43900A5B56DF}.AppStore|x64.ActiveCfg = AppStore|iPhone
		{523D2CD5-7453-4972-9ACB-43900A5B56DF}.AppStore|x86.ActiveCfg = AppStore|iPhone
		{523D2CD5-7453-4972-9ACB-43900A5B56DF}.Debug|Any CPU.ActiveCfg = Debug|iPhone
		{523D2CD5-7453-4972-9ACB-43900A5B56DF}.Debug|ARM.ActiveCfg = Debug|iPhone
		{523D2CD5-7453-4972-9ACB-43900A5B56DF}.Debug|iPhone.ActiveCfg = Debug|iPhone
		{523D2CD5-7453-4972-9ACB-43900A5B56DF}.Debug|iPhone.Build.0 = Debug|iPhone
		{523D2CD5-7453-4972-9ACB-43900A5B56DF}.Debug|iPhoneSimulator.ActiveCfg = Debug|iPhoneSimulator
		{523D2CD5-7453-4972-9ACB-43900A5B56DF}.Debug|iPhoneSimulator.Build.0 = Debug|iPhoneSimulator
		{523D2CD5-7453-4972-9ACB-43900A5B56DF}.Debug|x64.ActiveCfg = Debug|iPhone
		{523D2CD5-7453-4972-9ACB-43900A5B56DF}.Debug|x86.ActiveCfg = Debug|iPhone
		{523D2CD5-7453-4972-9ACB-43900A5B56DF}.Release|Any CPU.ActiveCfg = Release|iPhone
		{523D2CD5-7453-4972-9ACB-43900A5B56DF}.Release|ARM.ActiveCfg = Release|iPhone
		{523D2CD5-7453-4972-9ACB-43900A5B56DF}.Release|iPhone.ActiveCfg = Release|iPhone
		{523D2CD5-7453-4972-9ACB-43900A5B56DF}.Release|iPhone.Build.0 = Release|iPhone
		{523D2CD5-7453-4972-9ACB-43900A5B56DF}.Release|iPhoneSimulator.ActiveCfg = Release|iPhoneSimulator
		{523D2CD5-7453-4972-9ACB-43900A5B56DF}.Release|iPhoneSimulator.Build.0 = Release|iPhoneSimulator
		{523D2CD5-7453-4972-9ACB-43900A5B56DF}.Release|x64.ActiveCfg = Release|iPhone
		{523D2CD5-7453-4972-9ACB-43900A5B56DF}.Release|x86.ActiveCfg = Release|iPhone
		{B2D8EFE7-5D82-43D1-9266-ED40B262A95C}.Ad-Hoc|Any CPU.ActiveCfg = Release|x86
		{B2D8EFE7-5D82-43D1-9266-ED40B262A95C}.Ad-Hoc|Any CPU.Build.0 = Release|x86
		{B2D8EFE7-5D82-43D1-9266-ED40B262A95C}.Ad-Hoc|Any CPU.Deploy.0 = Release|x86
		{B2D8EFE7-5D82-43D1-9266-ED40B262A95C}.Ad-Hoc|ARM.ActiveCfg = Release|ARM
		{B2D8EFE7-5D82-43D1-9266-ED40B262A95C}.Ad-Hoc|ARM.Build.0 = Release|ARM
		{B2D8EFE7-5D82-43D1-9266-ED40B262A95C}.Ad-Hoc|ARM.Deploy.0 = Release|ARM
		{B2D8EFE7-5D82-43D1-9266-ED40B262A95C}.Ad-Hoc|iPhone.ActiveCfg = Release|x86
		{B2D8EFE7-5D82-43D1-9266-ED40B262A95C}.Ad-Hoc|iPhone.Build.0 = Release|x86
		{B2D8EFE7-5D82-43D1-9266-ED40B262A95C}.Ad-Hoc|iPhone.Deploy.0 = Release|x86
		{B2D8EFE7-5D82-43D1-9266-ED40B262A95C}.Ad-Hoc|iPhoneSimulator.ActiveCfg = Release|x86
		{B2D8EFE7-5D82-43D1-9266-ED40B262A95C}.Ad-Hoc|iPhoneSimulator.Build.0 = Release|x86
		{B2D8EFE7-5D82-43D1-9266-ED40B262A95C}.Ad-Hoc|iPhoneSimulator.Deploy.0 = Release|x86
		{B2D8EFE7-5D82-43D1-9266-ED40B262A95C}.Ad-Hoc|x64.ActiveCfg = Release|x64
		{B2D8EFE7-5D82-43D1-9266-ED40B262A95C}.Ad-Hoc|x64.Build.0 = Release|x64
		{B2D8EFE7-5D82-43D1-9266-ED40B262A95C}.Ad-Hoc|x64.Deploy.0 = Release|x64
		{B2D8EFE7-5D82-43D1-9266-ED40B262A95C}.Ad-Hoc|x86.ActiveCfg = Release|x86
		{B2D8EFE7-5D82-43D1-9266-ED40B262A95C}.Ad-Hoc|x86.Build.0 = Release|x86
		{B2D8EFE7-5D82-43D1-9266-ED40B262A95C}.Ad-Hoc|x86.Deploy.0 = Release|x86
		{B2D8EFE7-5D82-43D1-9266-ED40B262A95C}.AppStore|Any CPU.ActiveCfg = Release|x86
		{B2D8EFE7-5D82-43D1-9266-ED40B262A95C}.AppStore|Any CPU.Build.0 = Release|x86
		{B2D8EFE7-5D82-43D1-9266-ED40B262A95C}.AppStore|Any CPU.Deploy.0 = Release|x86
		{B2D8EFE7-5D82-43D1-9266-ED40B262A95C}.AppStore|ARM.ActiveCfg = Release|ARM
		{B2D8EFE7-5D82-43D1-9266-ED40B262A95C}.AppStore|ARM.Build.0 = Release|ARM
		{B2D8EFE7-5D82-43D1-9266-ED40B262A95C}.AppStore|ARM.Deploy.0 = Release|ARM
		{B2D8EFE7-5D82-43D1-9266-ED40B262A95C}.AppStore|iPhone.ActiveCfg = Release|x86
		{B2D8EFE7-5D82-43D1-9266-ED40B262A95C}.AppStore|iPhone.Build.0 = Release|x86
		{B2D8EFE7-5D82-43D1-9266-ED40B262A95C}.AppStore|iPhone.Deploy.0 = Release|x86
		{B2D8EFE7-5D82-43D1-9266-ED40B262A95C}.AppStore|iPhoneSimulator.ActiveCfg = Release|x86
		{B2D8EFE7-5D82-43D1-9266-ED40B262A95C}.AppStore|iPhoneSimulator.Build.0 = Release|x86
		{B2D8EFE7-5D82-43D1-9266-ED40B262A95C}.AppStore|iPhoneSimulator.Deploy.0 = Release|x86
		{B2D8EFE7-5D82-43D1-9266-ED40B262A95C}.AppStore|x64.ActiveCfg = Release|x64
		{B2D8EFE7-5D82-43D1-9266-ED40B262A95C}.AppStore|x64.Build.0 = Release|x64
		{B2D8EFE7-5D82-43D1-9266-ED40B262A95C}.AppStore|x64.Deploy.0 = Release|x64
		{B2D8EFE7-5D82-43D1-9266-ED40B262A95C}.AppStore|x86.ActiveCfg = Release|x86
		{B2D8EFE7-5D82-43D1-9266-ED40B262A95C}.AppStore|x86.Build.0 = Release|x86
		{B2D8EFE7-5D82-43D1-9266-ED40B262A95C}.AppStore|x86.Deploy.0 = Release|x86
		{B2D8EFE7-5D82-43D1-9266-ED40B262A95C}.Debug|Any CPU.ActiveCfg = Debug|x86
		{B2D8EFE7-5D82-43D1-9266-ED40B262A95C}.Debug|ARM.ActiveCfg = Debug|ARM
		{B2D8EFE7-5D82-43D1-9266-ED40B262A95C}.Debug|ARM.Build.0 = Debug|ARM
		{B2D8EFE7-5D82-43D1-9266-ED40B262A95C}.Debug|ARM.Deploy.0 = Debug|ARM
		{B2D8EFE7-5D82-43D1-9266-ED40B262A95C}.Debug|iPhone.ActiveCfg = Debug|x86
		{B2D8EFE7-5D82-43D1-9266-ED40B262A95C}.Debug|iPhoneSimulator.ActiveCfg = Debug|x86
		{B2D8EFE7-5D82-43D1-9266-ED40B262A95C}.Debug|x64.ActiveCfg = Debug|x64
		{B2D8EFE7-5D82-43D1-9266-ED40B262A95C}.Debug|x64.Build.0 = Debug|x64
		{B2D8EFE7-5D82-43D1-9266-ED40B262A95C}.Debug|x64.Deploy.0 = Debug|x64
		{B2D8EFE7-5D82-43D1-9266-ED40B262A95C}.Debug|x86.ActiveCfg = Debug|x86
		{B2D8EFE7-5D82-43D1-9266-ED40B262A95C}.Debug|x86.Build.0 = Debug|x86
		{B2D8EFE7-5D82-43D1-9266-ED40B262A95C}.Debug|x86.Deploy.0 = Debug|x86
		{B2D8EFE7-5D82-43D1-9266-ED40B262A95C}.Release|Any CPU.ActiveCfg = Release|x86
		{B2D8EFE7-5D82-43D1-9266-ED40B262A95C}.Release|ARM.ActiveCfg = Release|ARM
		{B2D8EFE7-5D82-43D1-9266-ED40B262A95C}.Release|ARM.Build.0 = Release|ARM
		{B2D8EFE7-5D82-43D1-9266-ED40B262A95C}.Release|ARM.Deploy.0 = Release|ARM
		{B2D8EFE7-5D82-43D1-9266-ED40B262A95C}.Release|iPhone.ActiveCfg = Release|x86
		{B2D8EFE7-5D82-43D1-9266-ED40B262A95C}.Release|iPhoneSimulator.ActiveCfg = Release|x86
		{B2D8EFE7-5D82-43D1-9266-ED40B262A95C}.Release|x64.ActiveCfg = Release|x64
		{B2D8EFE7-5D82-43D1-9266-ED40B262A95C}.Release|x64.Build.0 = Release|x64
		{B2D8EFE7-5D82-43D1-9266-ED40B262A95C}.Release|x64.Deploy.0 = Release|x64
		{B2D8EFE7-5D82-43D1-9266-ED40B262A95C}.Release|x86.ActiveCfg = Release|x86
		{B2D8EFE7-5D82-43D1-9266-ED40B262A95C}.Release|x86.Build.0 = Release|x86
		{B2D8EFE7-5D82-43D1-9266-ED40B262A95C}.Release|x86.Deploy.0 = Release|x86
	EndGlobalSection
	GlobalSection(SolutionProperties) = preSolution
		HideSolutionNode = FALSE
	EndGlobalSection
EndGlobal
