
Microsoft Visual Studio Solution File, Format Version 12.00
# Visual Studio 14
VisualStudioVersion = 14.0.25420.1
MinimumVisualStudioVersion = 10.0.40219.1
Project("{FAE04EC0-301F-11D3-BF4B-00C04F79EFBC}") = "TabbedPagePrism", "TabbedPagePrism\TabbedPagePrism\TabbedPagePrism.csproj", "{E5BAE716-F0DE-4FD5-BB0D-A24D15047DB8}"
EndProject
Project("{FAE04EC0-301F-11D3-BF4B-00C04F79EFBC}") = "TabbedPagePrism.Droid", "TabbedPagePrism\TabbedPagePrism.Droid\TabbedPagePrism.Droid.csproj", "{D6B2627E-1778-4B2A-9279-264F6E65353A}"
EndProject
Project("{FAE04EC0-301F-11D3-BF4B-00C04F79EFBC}") = "TabbedPagePrism.iOS", "TabbedPagePrism\TabbedPagePrism.iOS\TabbedPagePrism.iOS.csproj", "{C61B931A-9C80-4DF3-A6AB-9CA78021C4D3}"
EndProject
Project("{FAE04EC0-301F-11D3-BF4B-00C04F79EFBC}") = "TabbedPagePrism.UWP", "TabbedPagePrism\TabbedPagePrism.UWP\TabbedPagePrism.UWP.csproj", "{61E66C5C-22F0-4579-8B39-C0711718DDA1}"
EndProject
Global
	GlobalSection(SolutionConfigurationPlatforms) = preSolution
		Ad-Hoc|Any CPU = Ad-Hoc|Any CPU
		Ad-Hoc|ARM = Ad-Hoc|ARM
		Ad-Hoc|iPhone = Ad-Hoc|iPhone
		Ad-Hoc|iPhoneSimulator = Ad-Hoc|iPhoneSimulator
		Ad-Hoc|x64 = Ad-Hoc|x64
		Ad-Hoc|x86 = Ad-Hoc|x86
		AppStore|Any CPU = AppStore|Any CPU
		AppStore|ARM = AppStore|ARM
		AppStore|iPhone = AppStore|iPhone
		AppStore|iPhoneSimulator = AppStore|iPhoneSimulator
		AppStore|x64 = AppStore|x64
		AppStore|x86 = AppStore|x86
		Debug|Any CPU = Debug|Any CPU
		Debug|ARM = Debug|ARM
		Debug|iPhone = Debug|iPhone
		Debug|iPhoneSimulator = Debug|iPhoneSimulator
		Debug|x64 = Debug|x64
		Debug|x86 = Debug|x86
		Release|Any CPU = Release|Any CPU
		Release|ARM = Release|ARM
		Release|iPhone = Release|iPhone
		Release|iPhoneSimulator = Release|iPhoneSimulator
		Release|x64 = Release|x64
		Release|x86 = Release|x86
	EndGlobalSection
	GlobalSection(ProjectConfigurationPlatforms) = postSolution
		{E5BAE716-F0DE-4FD5-BB0D-A24D15047DB8}.Ad-Hoc|Any CPU.ActiveCfg = Release|Any CPU
		{E5BAE716-F0DE-4FD5-BB0D-A24D15047DB8}.Ad-Hoc|Any CPU.Build.0 = Release|Any CPU
		{E5BAE716-F0DE-4FD5-BB0D-A24D15047DB8}.Ad-Hoc|ARM.ActiveCfg = Release|Any CPU
		{E5BAE716-F0DE-4FD5-BB0D-A24D15047DB8}.Ad-Hoc|ARM.Build.0 = Release|Any CPU
		{E5BAE716-F0DE-4FD5-BB0D-A24D15047DB8}.Ad-Hoc|iPhone.ActiveCfg = Release|Any CPU
		{E5BAE716-F0DE-4FD5-BB0D-A24D15047DB8}.Ad-Hoc|iPhone.Build.0 = Release|Any CPU
		{E5BAE716-F0DE-4FD5-BB0D-A24D15047DB8}.Ad-Hoc|iPhoneSimulator.ActiveCfg = Release|Any CPU
		{E5BAE716-F0DE-4FD5-BB0D-A24D15047DB8}.Ad-Hoc|iPhoneSimulator.Build.0 = Release|Any CPU
		{E5BAE716-F0DE-4FD5-BB0D-A24D15047DB8}.Ad-Hoc|x64.ActiveCfg = Release|Any CPU
		{E5BAE716-F0DE-4FD5-BB0D-A24D15047DB8}.Ad-Hoc|x64.Build.0 = Release|Any CPU
		{E5BAE716-F0DE-4FD5-BB0D-A24D15047DB8}.Ad-Hoc|x86.ActiveCfg = Release|Any CPU
		{E5BAE716-F0DE-4FD5-BB0D-A24D15047DB8}.Ad-Hoc|x86.Build.0 = Release|Any CPU
		{E5BAE716-F0DE-4FD5-BB0D-A24D15047DB8}.AppStore|Any CPU.ActiveCfg = Release|Any CPU
		{E5BAE716-F0DE-4FD5-BB0D-A24D15047DB8}.AppStore|Any CPU.Build.0 = Release|Any CPU
		{E5BAE716-F0DE-4FD5-BB0D-A24D15047DB8}.AppStore|ARM.ActiveCfg = Release|Any CPU
		{E5BAE716-F0DE-4FD5-BB0D-A24D15047DB8}.AppStore|ARM.Build.0 = Release|Any CPU
		{E5BAE716-F0DE-4FD5-BB0D-A24D15047DB8}.AppStore|iPhone.ActiveCfg = Release|Any CPU
		{E5BAE716-F0DE-4FD5-BB0D-A24D15047DB8}.AppStore|iPhone.Build.0 = Release|Any CPU
		{E5BAE716-F0DE-4FD5-BB0D-A24D15047DB8}.AppStore|iPhoneSimulator.ActiveCfg = Release|Any CPU
		{E5BAE716-F0DE-4FD5-BB0D-A24D15047DB8}.AppStore|iPhoneSimulator.Build.0 = Release|Any CPU
		{E5BAE716-F0DE-4FD5-BB0D-A24D15047DB8}.AppStore|x64.ActiveCfg = Release|Any CPU
		{E5BAE716-F0DE-4FD5-BB0D-A24D15047DB8}.AppStore|x64.Build.0 = Release|Any CPU
		{E5BAE716-F0DE-4FD5-BB0D-A24D15047DB8}.AppStore|x86.ActiveCfg = Release|Any CPU
		{E5BAE716-F0DE-4FD5-BB0D-A24D15047DB8}.AppStore|x86.Build.0 = Release|Any CPU
		{E5BAE716-F0DE-4FD5-BB0D-A24D15047DB8}.Debug|Any CPU.ActiveCfg = Debug|Any CPU
		{E5BAE716-F0DE-4FD5-BB0D-A24D15047DB8}.Debug|Any CPU.Build.0 = Debug|Any CPU
		{E5BAE716-F0DE-4FD5-BB0D-A24D15047DB8}.Debug|ARM.ActiveCfg = Debug|Any CPU
		{E5BAE716-F0DE-4FD5-BB0D-A24D15047DB8}.Debug|ARM.Build.0 = Debug|Any CPU
		{E5BAE716-F0DE-4FD5-BB0D-A24D15047DB8}.Debug|iPhone.ActiveCfg = Debug|Any CPU
		{E5BAE716-F0DE-4FD5-BB0D-A24D15047DB8}.Debug|iPhone.Build.0 = Debug|Any CPU
		{E5BAE716-F0DE-4FD5-BB0D-A24D15047DB8}.Debug|iPhoneSimulator.ActiveCfg = Debug|Any CPU
		{E5BAE716-F0DE-4FD5-BB0D-A24D15047DB8}.Debug|iPhoneSimulator.Build.0 = Debug|Any CPU
		{E5BAE716-F0DE-4FD5-BB0D-A24D15047DB8}.Debug|x64.ActiveCfg = Debug|Any CPU
		{E5BAE716-F0DE-4FD5-BB0D-A24D15047DB8}.Debug|x64.Build.0 = Debug|Any CPU
		{E5BAE716-F0DE-4FD5-BB0D-A24D15047DB8}.Debug|x86.ActiveCfg = Debug|Any CPU
		{E5BAE716-F0DE-4FD5-BB0D-A24D15047DB8}.Debug|x86.Build.0 = Debug|Any CPU
		{E5BAE716-F0DE-4FD5-BB0D-A24D15047DB8}.Release|Any CPU.ActiveCfg = Release|Any CPU
		{E5BAE716-F0DE-4FD5-BB0D-A24D15047DB8}.Release|Any CPU.Build.0 = Release|Any CPU
		{E5BAE716-F0DE-4FD5-BB0D-A24D15047DB8}.Release|ARM.ActiveCfg = Release|Any CPU
		{E5BAE716-F0DE-4FD5-BB0D-A24D15047DB8}.Release|ARM.Build.0 = Release|Any CPU
		{E5BAE716-F0DE-4FD5-BB0D-A24D15047DB8}.Release|iPhone.ActiveCfg = Release|Any CPU
		{E5BAE716-F0DE-4FD5-BB0D-A24D15047DB8}.Release|iPhone.Build.0 = Release|Any CPU
		{E5BAE716-F0DE-4FD5-BB0D-A24D15047DB8}.Release|iPhoneSimulator.ActiveCfg = Release|Any CPU
		{E5BAE716-F0DE-4FD5-BB0D-A24D15047DB8}.Release|iPhoneSimulator.Build.0 = Release|Any CPU
		{E5BAE716-F0DE-4FD5-BB0D-A24D15047DB8}.Release|x64.ActiveCfg = Release|Any CPU
		{E5BAE716-F0DE-4FD5-BB0D-A24D15047DB8}.Release|x64.Build.0 = Release|Any CPU
		{E5BAE716-F0DE-4FD5-BB0D-A24D15047DB8}.Release|x86.ActiveCfg = Release|Any CPU
		{E5BAE716-F0DE-4FD5-BB0D-A24D15047DB8}.Release|x86.Build.0 = Release|Any CPU
		{D6B2627E-1778-4B2A-9279-264F6E65353A}.Ad-Hoc|Any CPU.ActiveCfg = Release|Any CPU
		{D6B2627E-1778-4B2A-9279-264F6E65353A}.Ad-Hoc|Any CPU.Build.0 = Release|Any CPU
		{D6B2627E-1778-4B2A-9279-264F6E65353A}.Ad-Hoc|Any CPU.Deploy.0 = Release|Any CPU
		{D6B2627E-1778-4B2A-9279-264F6E65353A}.Ad-Hoc|ARM.ActiveCfg = Release|Any CPU
		{D6B2627E-1778-4B2A-9279-264F6E65353A}.Ad-Hoc|ARM.Build.0 = Release|Any CPU
		{D6B2627E-1778-4B2A-9279-264F6E65353A}.Ad-Hoc|ARM.Deploy.0 = Release|Any CPU
		{D6B2627E-1778-4B2A-9279-264F6E65353A}.Ad-Hoc|iPhone.ActiveCfg = Release|Any CPU
		{D6B2627E-1778-4B2A-9279-264F6E65353A}.Ad-Hoc|iPhone.Build.0 = Release|Any CPU
		{D6B2627E-1778-4B2A-9279-264F6E65353A}.Ad-Hoc|iPhone.Deploy.0 = Release|Any CPU
		{D6B2627E-1778-4B2A-9279-264F6E65353A}.Ad-Hoc|iPhoneSimulator.ActiveCfg = Release|Any CPU
		{D6B2627E-1778-4B2A-9279-264F6E65353A}.Ad-Hoc|iPhoneSimulator.Build.0 = Release|Any CPU
		{D6B2627E-1778-4B2A-9279-264F6E65353A}.Ad-Hoc|iPhoneSimulator.Deploy.0 = Release|Any CPU
		{D6B2627E-1778-4B2A-9279-264F6E65353A}.Ad-Hoc|x64.ActiveCfg = Release|Any CPU
		{D6B2627E-1778-4B2A-9279-264F6E65353A}.Ad-Hoc|x64.Build.0 = Release|Any CPU
		{D6B2627E-1778-4B2A-9279-264F6E65353A}.Ad-Hoc|x64.Deploy.0 = Release|Any CPU
		{D6B2627E-1778-4B2A-9279-264F6E65353A}.Ad-Hoc|x86.ActiveCfg = Release|Any CPU
		{D6B2627E-1778-4B2A-9279-264F6E65353A}.Ad-Hoc|x86.Build.0 = Release|Any CPU
		{D6B2627E-1778-4B2A-9279-264F6E65353A}.Ad-Hoc|x86.Deploy.0 = Release|Any CPU
		{D6B2627E-1778-4B2A-9279-264F6E65353A}.AppStore|Any CPU.ActiveCfg = Release|Any CPU
		{D6B2627E-1778-4B2A-9279-264F6E65353A}.AppStore|Any CPU.Build.0 = Release|Any CPU
		{D6B2627E-1778-4B2A-9279-264F6E65353A}.AppStore|Any CPU.Deploy.0 = Release|Any CPU
		{D6B2627E-1778-4B2A-9279-264F6E65353A}.AppStore|ARM.ActiveCfg = Release|Any CPU
		{D6B2627E-1778-4B2A-9279-264F6E65353A}.AppStore|ARM.Build.0 = Release|Any CPU
		{D6B2627E-1778-4B2A-9279-264F6E65353A}.AppStore|ARM.Deploy.0 = Release|Any CPU
		{D6B2627E-1778-4B2A-9279-264F6E65353A}.AppStore|iPhone.ActiveCfg = Release|Any CPU
		{D6B2627E-1778-4B2A-9279-264F6E65353A}.AppStore|iPhone.Build.0 = Release|Any CPU
		{D6B2627E-1778-4B2A-9279-264F6E65353A}.AppStore|iPhone.Deploy.0 = Release|Any CPU
		{D6B2627E-1778-4B2A-9279-264F6E65353A}.AppStore|iPhoneSimulator.ActiveCfg = Release|Any CPU
		{D6B2627E-1778-4B2A-9279-264F6E65353A}.AppStore|iPhoneSimulator.Build.0 = Release|Any CPU
		{D6B2627E-1778-4B2A-9279-264F6E65353A}.AppStore|iPhoneSimulator.Deploy.0 = Release|Any CPU
		{D6B2627E-1778-4B2A-9279-264F6E65353A}.AppStore|x64.ActiveCfg = Release|Any CPU
		{D6B2627E-1778-4B2A-9279-264F6E65353A}.AppStore|x64.Build.0 = Release|Any CPU
		{D6B2627E-1778-4B2A-9279-264F6E65353A}.AppStore|x64.Deploy.0 = Release|Any CPU
		{D6B2627E-1778-4B2A-9279-264F6E65353A}.AppStore|x86.ActiveCfg = Release|Any CPU
		{D6B2627E-1778-4B2A-9279-264F6E65353A}.AppStore|x86.Build.0 = Release|Any CPU
		{D6B2627E-1778-4B2A-9279-264F6E65353A}.AppStore|x86.Deploy.0 = Release|Any CPU
		{D6B2627E-1778-4B2A-9279-264F6E65353A}.Debug|Any CPU.ActiveCfg = Debug|Any CPU
		{D6B2627E-1778-4B2A-9279-264F6E65353A}.Debug|Any CPU.Build.0 = Debug|Any CPU
		{D6B2627E-1778-4B2A-9279-264F6E65353A}.Debug|Any CPU.Deploy.0 = Debug|Any CPU
		{D6B2627E-1778-4B2A-9279-264F6E65353A}.Debug|ARM.ActiveCfg = Debug|Any CPU
		{D6B2627E-1778-4B2A-9279-264F6E65353A}.Debug|ARM.Build.0 = Debug|Any CPU
		{D6B2627E-1778-4B2A-9279-264F6E65353A}.Debug|ARM.Deploy.0 = Debug|Any CPU
		{D6B2627E-1778-4B2A-9279-264F6E65353A}.Debug|iPhone.ActiveCfg = Debug|Any CPU
		{D6B2627E-1778-4B2A-9279-264F6E65353A}.Debug|iPhone.Build.0 = Debug|Any CPU
		{D6B2627E-1778-4B2A-9279-264F6E65353A}.Debug|iPhone.Deploy.0 = Debug|Any CPU
		{D6B2627E-1778-4B2A-9279-264F6E65353A}.Debug|iPhoneSimulator.ActiveCfg = Debug|Any CPU
		{D6B2627E-1778-4B2A-9279-264F6E65353A}.Debug|iPhoneSimulator.Build.0 = Debug|Any CPU
		{D6B2627E-1778-4B2A-9279-264F6E65353A}.Debug|iPhoneSimulator.Deploy.0 = Debug|Any CPU
		{D6B2627E-1778-4B2A-9279-264F6E65353A}.Debug|x64.ActiveCfg = Debug|Any CPU
		{D6B2627E-1778-4B2A-9279-264F6E65353A}.Debug|x64.Build.0 = Debug|Any CPU
		{D6B2627E-1778-4B2A-9279-264F6E65353A}.Debug|x64.Deploy.0 = Debug|Any CPU
		{D6B2627E-1778-4B2A-9279-264F6E65353A}.Debug|x86.ActiveCfg = Debug|Any CPU
		{D6B2627E-1778-4B2A-9279-264F6E65353A}.Debug|x86.Build.0 = Debug|Any CPU
		{D6B2627E-1778-4B2A-9279-264F6E65353A}.Debug|x86.Deploy.0 = Debug|Any CPU
		{D6B2627E-1778-4B2A-9279-264F6E65353A}.Release|Any CPU.ActiveCfg = Release|Any CPU
		{D6B2627E-1778-4B2A-9279-264F6E65353A}.Release|Any CPU.Build.0 = Release|Any CPU
		{D6B2627E-1778-4B2A-9279-264F6E65353A}.Release|Any CPU.Deploy.0 = Release|Any CPU
		{D6B2627E-1778-4B2A-9279-264F6E65353A}.Release|ARM.ActiveCfg = Release|Any CPU
		{D6B2627E-1778-4B2A-9279-264F6E65353A}.Release|ARM.Build.0 = Release|Any CPU
		{D6B2627E-1778-4B2A-9279-264F6E65353A}.Release|ARM.Deploy.0 = Release|Any CPU
		{D6B2627E-1778-4B2A-9279-264F6E65353A}.Release|iPhone.ActiveCfg = Release|Any CPU
		{D6B2627E-1778-4B2A-9279-264F6E65353A}.Release|iPhone.Build.0 = Release|Any CPU
		{D6B2627E-1778-4B2A-9279-264F6E65353A}.Release|iPhone.Deploy.0 = Release|Any CPU
		{D6B2627E-1778-4B2A-9279-264F6E65353A}.Release|iPhoneSimulator.ActiveCfg = Release|Any CPU
		{D6B2627E-1778-4B2A-9279-264F6E65353A}.Release|iPhoneSimulator.Build.0 = Release|Any CPU
		{D6B2627E-1778-4B2A-9279-264F6E65353A}.Release|iPhoneSimulator.Deploy.0 = Release|Any CPU
		{D6B2627E-1778-4B2A-9279-264F6E65353A}.Release|x64.ActiveCfg = Release|Any CPU
		{D6B2627E-1778-4B2A-9279-264F6E65353A}.Release|x64.Build.0 = Release|Any CPU
		{D6B2627E-1778-4B2A-9279-264F6E65353A}.Release|x64.Deploy.0 = Release|Any CPU
		{D6B2627E-1778-4B2A-9279-264F6E65353A}.Release|x86.ActiveCfg = Release|Any CPU
		{D6B2627E-1778-4B2A-9279-264F6E65353A}.Release|x86.Build.0 = Release|Any CPU
		{D6B2627E-1778-4B2A-9279-264F6E65353A}.Release|x86.Deploy.0 = Release|Any CPU
		{C61B931A-9C80-4DF3-A6AB-9CA78021C4D3}.Ad-Hoc|Any CPU.ActiveCfg = Ad-Hoc|iPhone
		{C61B931A-9C80-4DF3-A6AB-9CA78021C4D3}.Ad-Hoc|ARM.ActiveCfg = Ad-Hoc|iPhone
		{C61B931A-9C80-4DF3-A6AB-9CA78021C4D3}.Ad-Hoc|iPhone.ActiveCfg = Ad-Hoc|iPhone
		{C61B931A-9C80-4DF3-A6AB-9CA78021C4D3}.Ad-Hoc|iPhone.Build.0 = Ad-Hoc|iPhone
		{C61B931A-9C80-4DF3-A6AB-9CA78021C4D3}.Ad-Hoc|iPhoneSimulator.ActiveCfg = Ad-Hoc|iPhoneSimulator
		{C61B931A-9C80-4DF3-A6AB-9CA78021C4D3}.Ad-Hoc|iPhoneSimulator.Build.0 = Ad-Hoc|iPhoneSimulator
		{C61B931A-9C80-4DF3-A6AB-9CA78021C4D3}.Ad-Hoc|x64.ActiveCfg = Ad-Hoc|iPhone
		{C61B931A-9C80-4DF3-A6AB-9CA78021C4D3}.Ad-Hoc|x86.ActiveCfg = Ad-Hoc|iPhone
		{C61B931A-9C80-4DF3-A6AB-9CA78021C4D3}.AppStore|Any CPU.ActiveCfg = AppStore|iPhone
		{C61B931A-9C80-4DF3-A6AB-9CA78021C4D3}.AppStore|ARM.ActiveCfg = AppStore|iPhone
		{C61B931A-9C80-4DF3-A6AB-9CA78021C4D3}.AppStore|iPhone.ActiveCfg = AppStore|iPhone
		{C61B931A-9C80-4DF3-A6AB-9CA78021C4D3}.AppStore|iPhone.Build.0 = AppStore|iPhone
		{C61B931A-9C80-4DF3-A6AB-9CA78021C4D3}.AppStore|iPhoneSimulator.ActiveCfg = AppStore|iPhoneSimulator
		{C61B931A-9C80-4DF3-A6AB-9CA78021C4D3}.AppStore|iPhoneSimulator.Build.0 = AppStore|iPhoneSimulator
		{C61B931A-9C80-4DF3-A6AB-9CA78021C4D3}.AppStore|x64.ActiveCfg = AppStore|iPhone
		{C61B931A-9C80-4DF3-A6AB-9CA78021C4D3}.AppStore|x86.ActiveCfg = AppStore|iPhone
		{C61B931A-9C80-4DF3-A6AB-9CA78021C4D3}.Debug|Any CPU.ActiveCfg = Debug|iPhone
		{C61B931A-9C80-4DF3-A6AB-9CA78021C4D3}.Debug|ARM.ActiveCfg = Debug|iPhone
		{C61B931A-9C80-4DF3-A6AB-9CA78021C4D3}.Debug|iPhone.ActiveCfg = Debug|iPhone
		{C61B931A-9C80-4DF3-A6AB-9CA78021C4D3}.Debug|iPhone.Build.0 = Debug|iPhone
		{C61B931A-9C80-4DF3-A6AB-9CA78021C4D3}.Debug|iPhoneSimulator.ActiveCfg = Debug|iPhoneSimulator
		{C61B931A-9C80-4DF3-A6AB-9CA78021C4D3}.Debug|iPhoneSimulator.Build.0 = Debug|iPhoneSimulator
		{C61B931A-9C80-4DF3-A6AB-9CA78021C4D3}.Debug|x64.ActiveCfg = Debug|iPhone
		{C61B931A-9C80-4DF3-A6AB-9CA78021C4D3}.Debug|x86.ActiveCfg = Debug|iPhone
		{C61B931A-9C80-4DF3-A6AB-9CA78021C4D3}.Release|Any CPU.ActiveCfg = Release|iPhone
		{C61B931A-9C80-4DF3-A6AB-9CA78021C4D3}.Release|ARM.ActiveCfg = Release|iPhone
		{C61B931A-9C80-4DF3-A6AB-9CA78021C4D3}.Release|iPhone.ActiveCfg = Release|iPhone
		{C61B931A-9C80-4DF3-A6AB-9CA78021C4D3}.Release|iPhone.Build.0 = Release|iPhone
		{C61B931A-9C80-4DF3-A6AB-9CA78021C4D3}.Release|iPhoneSimulator.ActiveCfg = Release|iPhoneSimulator
		{C61B931A-9C80-4DF3-A6AB-9CA78021C4D3}.Release|iPhoneSimulator.Build.0 = Release|iPhoneSimulator
		{C61B931A-9C80-4DF3-A6AB-9CA78021C4D3}.Release|x64.ActiveCfg = Release|iPhone
		{C61B931A-9C80-4DF3-A6AB-9CA78021C4D3}.Release|x86.ActiveCfg = Release|iPhone
		{61E66C5C-22F0-4579-8B39-C0711718DDA1}.Ad-Hoc|Any CPU.ActiveCfg = Release|x86
		{61E66C5C-22F0-4579-8B39-C0711718DDA1}.Ad-Hoc|Any CPU.Build.0 = Release|x86
		{61E66C5C-22F0-4579-8B39-C0711718DDA1}.Ad-Hoc|Any CPU.Deploy.0 = Release|x86
		{61E66C5C-22F0-4579-8B39-C0711718DDA1}.Ad-Hoc|ARM.ActiveCfg = Release|ARM
		{61E66C5C-22F0-4579-8B39-C0711718DDA1}.Ad-Hoc|ARM.Build.0 = Release|ARM
		{61E66C5C-22F0-4579-8B39-C0711718DDA1}.Ad-Hoc|ARM.Deploy.0 = Release|ARM
		{61E66C5C-22F0-4579-8B39-C0711718DDA1}.Ad-Hoc|iPhone.ActiveCfg = Release|x86
		{61E66C5C-22F0-4579-8B39-C0711718DDA1}.Ad-Hoc|iPhone.Build.0 = Release|x86
		{61E66C5C-22F0-4579-8B39-C0711718DDA1}.Ad-Hoc|iPhone.Deploy.0 = Release|x86
		{61E66C5C-22F0-4579-8B39-C0711718DDA1}.Ad-Hoc|iPhoneSimulator.ActiveCfg = Release|x86
		{61E66C5C-22F0-4579-8B39-C0711718DDA1}.Ad-Hoc|iPhoneSimulator.Build.0 = Release|x86
		{61E66C5C-22F0-4579-8B39-C0711718DDA1}.Ad-Hoc|iPhoneSimulator.Deploy.0 = Release|x86
		{61E66C5C-22F0-4579-8B39-C0711718DDA1}.Ad-Hoc|x64.ActiveCfg = Release|x64
		{61E66C5C-22F0-4579-8B39-C0711718DDA1}.Ad-Hoc|x64.Build.0 = Release|x64
		{61E66C5C-22F0-4579-8B39-C0711718DDA1}.Ad-Hoc|x64.Deploy.0 = Release|x64
		{61E66C5C-22F0-4579-8B39-C0711718DDA1}.Ad-Hoc|x86.ActiveCfg = Release|x86
		{61E66C5C-22F0-4579-8B39-C0711718DDA1}.Ad-Hoc|x86.Build.0 = Release|x86
		{61E66C5C-22F0-4579-8B39-C0711718DDA1}.Ad-Hoc|x86.Deploy.0 = Release|x86
		{61E66C5C-22F0-4579-8B39-C0711718DDA1}.AppStore|Any CPU.ActiveCfg = Release|x86
		{61E66C5C-22F0-4579-8B39-C0711718DDA1}.AppStore|Any CPU.Build.0 = Release|x86
		{61E66C5C-22F0-4579-8B39-C0711718DDA1}.AppStore|Any CPU.Deploy.0 = Release|x86
		{61E66C5C-22F0-4579-8B39-C0711718DDA1}.AppStore|ARM.ActiveCfg = Release|ARM
		{61E66C5C-22F0-4579-8B39-C0711718DDA1}.AppStore|ARM.Build.0 = Release|ARM
		{61E66C5C-22F0-4579-8B39-C0711718DDA1}.AppStore|ARM.Deploy.0 = Release|ARM
		{61E66C5C-22F0-4579-8B39-C0711718DDA1}.AppStore|iPhone.ActiveCfg = Release|x86
		{61E66C5C-22F0-4579-8B39-C0711718DDA1}.AppStore|iPhone.Build.0 = Release|x86
		{61E66C5C-22F0-4579-8B39-C0711718DDA1}.AppStore|iPhone.Deploy.0 = Release|x86
		{61E66C5C-22F0-4579-8B39-C0711718DDA1}.AppStore|iPhoneSimulator.ActiveCfg = Release|x86
		{61E66C5C-22F0-4579-8B39-C0711718DDA1}.AppStore|iPhoneSimulator.Build.0 = Release|x86
		{61E66C5C-22F0-4579-8B39-C0711718DDA1}.AppStore|iPhoneSimulator.Deploy.0 = Release|x86
		{61E66C5C-22F0-4579-8B39-C0711718DDA1}.AppStore|x64.ActiveCfg = Release|x64
		{61E66C5C-22F0-4579-8B39-C0711718DDA1}.AppStore|x64.Build.0 = Release|x64
		{61E66C5C-22F0-4579-8B39-C0711718DDA1}.AppStore|x64.Deploy.0 = Release|x64
		{61E66C5C-22F0-4579-8B39-C0711718DDA1}.AppStore|x86.ActiveCfg = Release|x86
		{61E66C5C-22F0-4579-8B39-C0711718DDA1}.AppStore|x86.Build.0 = Release|x86
		{61E66C5C-22F0-4579-8B39-C0711718DDA1}.AppStore|x86.Deploy.0 = Release|x86
		{61E66C5C-22F0-4579-8B39-C0711718DDA1}.Debug|Any CPU.ActiveCfg = Debug|x86
		{61E66C5C-22F0-4579-8B39-C0711718DDA1}.Debug|ARM.ActiveCfg = Debug|ARM
		{61E66C5C-22F0-4579-8B39-C0711718DDA1}.Debug|ARM.Build.0 = Debug|ARM
		{61E66C5C-22F0-4579-8B39-C0711718DDA1}.Debug|ARM.Deploy.0 = Debug|ARM
		{61E66C5C-22F0-4579-8B39-C0711718DDA1}.Debug|iPhone.ActiveCfg = Debug|x86
		{61E66C5C-22F0-4579-8B39-C0711718DDA1}.Debug|iPhoneSimulator.ActiveCfg = Debug|x86
		{61E66C5C-22F0-4579-8B39-C0711718DDA1}.Debug|x64.ActiveCfg = Debug|x64
		{61E66C5C-22F0-4579-8B39-C0711718DDA1}.Debug|x64.Build.0 = Debug|x64
		{61E66C5C-22F0-4579-8B39-C0711718DDA1}.Debug|x64.Deploy.0 = Debug|x64
		{61E66C5C-22F0-4579-8B39-C0711718DDA1}.Debug|x86.ActiveCfg = Debug|x86
		{61E66C5C-22F0-4579-8B39-C0711718DDA1}.Debug|x86.Build.0 = Debug|x86
		{61E66C5C-22F0-4579-8B39-C0711718DDA1}.Debug|x86.Deploy.0 = Debug|x86
		{61E66C5C-22F0-4579-8B39-C0711718DDA1}.Release|Any CPU.ActiveCfg = Release|x86
		{61E66C5C-22F0-4579-8B39-C0711718DDA1}.Release|ARM.ActiveCfg = Release|ARM
		{61E66C5C-22F0-4579-8B39-C0711718DDA1}.Release|ARM.Build.0 = Release|ARM
		{61E66C5C-22F0-4579-8B39-C0711718DDA1}.Release|ARM.Deploy.0 = Release|ARM
		{61E66C5C-22F0-4579-8B39-C0711718DDA1}.Release|iPhone.ActiveCfg = Release|x86
		{61E66C5C-22F0-4579-8B39-C0711718DDA1}.Release|iPhoneSimulator.ActiveCfg = Release|x86
		{61E66C5C-22F0-4579-8B39-C0711718DDA1}.Release|x64.ActiveCfg = Release|x64
		{61E66C5C-22F0-4579-8B39-C0711718DDA1}.Release|x64.Build.0 = Release|x64
		{61E66C5C-22F0-4579-8B39-C0711718DDA1}.Release|x64.Deploy.0 = Release|x64
		{61E66C5C-22F0-4579-8B39-C0711718DDA1}.Release|x86.ActiveCfg = Release|x86
		{61E66C5C-22F0-4579-8B39-C0711718DDA1}.Release|x86.Build.0 = Release|x86
		{61E66C5C-22F0-4579-8B39-C0711718DDA1}.Release|x86.Deploy.0 = Release|x86
	EndGlobalSection
	GlobalSection(SolutionProperties) = preSolution
		HideSolutionNode = FALSE
	EndGlobalSection
EndGlobal
