
Microsoft Visual Studio Solution File, Format Version 12.00
# Visual Studio 14
VisualStudioVersion = 14.0.25420.1
MinimumVisualStudioVersion = 10.0.40219.1
Project("{FAE04EC0-301F-11D3-BF4B-00C04F79EFBC}") = "TabbedPageLab", "TabbedPageLab\TabbedPageLab\TabbedPageLab.csproj", "{374C0C93-3FC2-4DB4-87CC-D7A7023936B6}"
EndProject
Project("{FAE04EC0-301F-11D3-BF4B-00C04F79EFBC}") = "TabbedPageLab.Droid", "TabbedPageLab\TabbedPageLab.Droid\TabbedPageLab.Droid.csproj", "{81E80BC7-9824-4660-88A7-A9BBF38F2AF5}"
EndProject
Project("{FAE04EC0-301F-11D3-BF4B-00C04F79EFBC}") = "TabbedPageLab.iOS", "TabbedPageLab\TabbedPageLab.iOS\TabbedPageLab.iOS.csproj", "{CCA10F60-3344-420E-93E3-3D2715E9B701}"
EndProject
Project("{FAE04EC0-301F-11D3-BF4B-00C04F79EFBC}") = "TabbedPageLab.WinPhone", "TabbedPageLab\TabbedPageLab.WinPhone\TabbedPageLab.WinPhone.csproj", "{A26EE98F-89F9-4670-8696-6613A39C42BF}"
EndProject
Project("{FAE04EC0-301F-11D3-BF4B-00C04F79EFBC}") = "TabbedPageLab.UWP", "TabbedPageLab\TabbedPageLab.UWP\TabbedPageLab.UWP.csproj", "{405FF979-86F9-4119-8786-3F7464A2371D}"
EndProject
Project("{FAE04EC0-301F-11D3-BF4B-00C04F79EFBC}") = "TabbedPageLab.Windows", "TabbedPageLab\TabbedPageLab.Windows\TabbedPageLab.Windows.csproj", "{D752AC49-D323-43F0-BE8A-350ADF03037D}"
EndProject
Global
	GlobalSection(SolutionConfigurationPlatforms) = preSolution
		Ad-Hoc|Any CPU = Ad-Hoc|Any CPU
		Ad-Hoc|ARM = Ad-Hoc|ARM
		Ad-Hoc|iPhone = Ad-Hoc|iPhone
		Ad-Hoc|iPhoneSimulator = Ad-Hoc|iPhoneSimulator
		Ad-Hoc|x64 = Ad-Hoc|x64
		Ad-Hoc|x86 = Ad-Hoc|x86
		AppStore|Any CPU = AppStore|Any CPU
		AppStore|ARM = AppStore|ARM
		AppStore|iPhone = AppStore|iPhone
		AppStore|iPhoneSimulator = AppStore|iPhoneSimulator
		AppStore|x64 = AppStore|x64
		AppStore|x86 = AppStore|x86
		Debug|Any CPU = Debug|Any CPU
		Debug|ARM = Debug|ARM
		Debug|iPhone = Debug|iPhone
		Debug|iPhoneSimulator = Debug|iPhoneSimulator
		Debug|x64 = Debug|x64
		Debug|x86 = Debug|x86
		Release|Any CPU = Release|Any CPU
		Release|ARM = Release|ARM
		Release|iPhone = Release|iPhone
		Release|iPhoneSimulator = Release|iPhoneSimulator
		Release|x64 = Release|x64
		Release|x86 = Release|x86
	EndGlobalSection
	GlobalSection(ProjectConfigurationPlatforms) = postSolution
		{374C0C93-3FC2-4DB4-87CC-D7A7023936B6}.Ad-Hoc|Any CPU.ActiveCfg = Release|Any CPU
		{374C0C93-3FC2-4DB4-87CC-D7A7023936B6}.Ad-Hoc|Any CPU.Build.0 = Release|Any CPU
		{374C0C93-3FC2-4DB4-87CC-D7A7023936B6}.Ad-Hoc|ARM.ActiveCfg = Release|Any CPU
		{374C0C93-3FC2-4DB4-87CC-D7A7023936B6}.Ad-Hoc|ARM.Build.0 = Release|Any CPU
		{374C0C93-3FC2-4DB4-87CC-D7A7023936B6}.Ad-Hoc|iPhone.ActiveCfg = Release|Any CPU
		{374C0C93-3FC2-4DB4-87CC-D7A7023936B6}.Ad-Hoc|iPhone.Build.0 = Release|Any CPU
		{374C0C93-3FC2-4DB4-87CC-D7A7023936B6}.Ad-Hoc|iPhoneSimulator.ActiveCfg = Release|Any CPU
		{374C0C93-3FC2-4DB4-87CC-D7A7023936B6}.Ad-Hoc|iPhoneSimulator.Build.0 = Release|Any CPU
		{374C0C93-3FC2-4DB4-87CC-D7A7023936B6}.Ad-Hoc|x64.ActiveCfg = Release|Any CPU
		{374C0C93-3FC2-4DB4-87CC-D7A7023936B6}.Ad-Hoc|x64.Build.0 = Release|Any CPU
		{374C0C93-3FC2-4DB4-87CC-D7A7023936B6}.Ad-Hoc|x86.ActiveCfg = Release|Any CPU
		{374C0C93-3FC2-4DB4-87CC-D7A7023936B6}.Ad-Hoc|x86.Build.0 = Release|Any CPU
		{374C0C93-3FC2-4DB4-87CC-D7A7023936B6}.AppStore|Any CPU.ActiveCfg = Release|Any CPU
		{374C0C93-3FC2-4DB4-87CC-D7A7023936B6}.AppStore|Any CPU.Build.0 = Release|Any CPU
		{374C0C93-3FC2-4DB4-87CC-D7A7023936B6}.AppStore|ARM.ActiveCfg = Release|Any CPU
		{374C0C93-3FC2-4DB4-87CC-D7A7023936B6}.AppStore|ARM.Build.0 = Release|Any CPU
		{374C0C93-3FC2-4DB4-87CC-D7A7023936B6}.AppStore|iPhone.ActiveCfg = Release|Any CPU
		{374C0C93-3FC2-4DB4-87CC-D7A7023936B6}.AppStore|iPhone.Build.0 = Release|Any CPU
		{374C0C93-3FC2-4DB4-87CC-D7A7023936B6}.AppStore|iPhoneSimulator.ActiveCfg = Release|Any CPU
		{374C0C93-3FC2-4DB4-87CC-D7A7023936B6}.AppStore|iPhoneSimulator.Build.0 = Release|Any CPU
		{374C0C93-3FC2-4DB4-87CC-D7A7023936B6}.AppStore|x64.ActiveCfg = Release|Any CPU
		{374C0C93-3FC2-4DB4-87CC-D7A7023936B6}.AppStore|x64.Build.0 = Release|Any CPU
		{374C0C93-3FC2-4DB4-87CC-D7A7023936B6}.AppStore|x86.ActiveCfg = Release|Any CPU
		{374C0C93-3FC2-4DB4-87CC-D7A7023936B6}.AppStore|x86.Build.0 = Release|Any CPU
		{374C0C93-3FC2-4DB4-87CC-D7A7023936B6}.Debug|Any CPU.ActiveCfg = Debug|Any CPU
		{374C0C93-3FC2-4DB4-87CC-D7A7023936B6}.Debug|Any CPU.Build.0 = Debug|Any CPU
		{374C0C93-3FC2-4DB4-87CC-D7A7023936B6}.Debug|ARM.ActiveCfg = Debug|Any CPU
		{374C0C93-3FC2-4DB4-87CC-D7A7023936B6}.Debug|ARM.Build.0 = Debug|Any CPU
		{374C0C93-3FC2-4DB4-87CC-D7A7023936B6}.Debug|iPhone.ActiveCfg = Debug|Any CPU
		{374C0C93-3FC2-4DB4-87CC-D7A7023936B6}.Debug|iPhone.Build.0 = Debug|Any CPU
		{374C0C93-3FC2-4DB4-87CC-D7A7023936B6}.Debug|iPhoneSimulator.ActiveCfg = Debug|Any CPU
		{374C0C93-3FC2-4DB4-87CC-D7A7023936B6}.Debug|iPhoneSimulator.Build.0 = Debug|Any CPU
		{374C0C93-3FC2-4DB4-87CC-D7A7023936B6}.Debug|x64.ActiveCfg = Debug|Any CPU
		{374C0C93-3FC2-4DB4-87CC-D7A7023936B6}.Debug|x64.Build.0 = Debug|Any CPU
		{374C0C93-3FC2-4DB4-87CC-D7A7023936B6}.Debug|x86.ActiveCfg = Debug|Any CPU
		{374C0C93-3FC2-4DB4-87CC-D7A7023936B6}.Debug|x86.Build.0 = Debug|Any CPU
		{374C0C93-3FC2-4DB4-87CC-D7A7023936B6}.Release|Any CPU.ActiveCfg = Release|Any CPU
		{374C0C93-3FC2-4DB4-87CC-D7A7023936B6}.Release|Any CPU.Build.0 = Release|Any CPU
		{374C0C93-3FC2-4DB4-87CC-D7A7023936B6}.Release|ARM.ActiveCfg = Release|Any CPU
		{374C0C93-3FC2-4DB4-87CC-D7A7023936B6}.Release|ARM.Build.0 = Release|Any CPU
		{374C0C93-3FC2-4DB4-87CC-D7A7023936B6}.Release|iPhone.ActiveCfg = Release|Any CPU
		{374C0C93-3FC2-4DB4-87CC-D7A7023936B6}.Release|iPhone.Build.0 = Release|Any CPU
		{374C0C93-3FC2-4DB4-87CC-D7A7023936B6}.Release|iPhoneSimulator.ActiveCfg = Release|Any CPU
		{374C0C93-3FC2-4DB4-87CC-D7A7023936B6}.Release|iPhoneSimulator.Build.0 = Release|Any CPU
		{374C0C93-3FC2-4DB4-87CC-D7A7023936B6}.Release|x64.ActiveCfg = Release|Any CPU
		{374C0C93-3FC2-4DB4-87CC-D7A7023936B6}.Release|x64.Build.0 = Release|Any CPU
		{374C0C93-3FC2-4DB4-87CC-D7A7023936B6}.Release|x86.ActiveCfg = Release|Any CPU
		{374C0C93-3FC2-4DB4-87CC-D7A7023936B6}.Release|x86.Build.0 = Release|Any CPU
		{81E80BC7-9824-4660-88A7-A9BBF38F2AF5}.Ad-Hoc|Any CPU.ActiveCfg = Release|Any CPU
		{81E80BC7-9824-4660-88A7-A9BBF38F2AF5}.Ad-Hoc|Any CPU.Build.0 = Release|Any CPU
		{81E80BC7-9824-4660-88A7-A9BBF38F2AF5}.Ad-Hoc|Any CPU.Deploy.0 = Release|Any CPU
		{81E80BC7-9824-4660-88A7-A9BBF38F2AF5}.Ad-Hoc|ARM.ActiveCfg = Release|Any CPU
		{81E80BC7-9824-4660-88A7-A9BBF38F2AF5}.Ad-Hoc|ARM.Build.0 = Release|Any CPU
		{81E80BC7-9824-4660-88A7-A9BBF38F2AF5}.Ad-Hoc|ARM.Deploy.0 = Release|Any CPU
		{81E80BC7-9824-4660-88A7-A9BBF38F2AF5}.Ad-Hoc|iPhone.ActiveCfg = Release|Any CPU
		{81E80BC7-9824-4660-88A7-A9BBF38F2AF5}.Ad-Hoc|iPhone.Build.0 = Release|Any CPU
		{81E80BC7-9824-4660-88A7-A9BBF38F2AF5}.Ad-Hoc|iPhone.Deploy.0 = Release|Any CPU
		{81E80BC7-9824-4660-88A7-A9BBF38F2AF5}.Ad-Hoc|iPhoneSimulator.ActiveCfg = Release|Any CPU
		{81E80BC7-9824-4660-88A7-A9BBF38F2AF5}.Ad-Hoc|iPhoneSimulator.Build.0 = Release|Any CPU
		{81E80BC7-9824-4660-88A7-A9BBF38F2AF5}.Ad-Hoc|iPhoneSimulator.Deploy.0 = Release|Any CPU
		{81E80BC7-9824-4660-88A7-A9BBF38F2AF5}.Ad-Hoc|x64.ActiveCfg = Release|Any CPU
		{81E80BC7-9824-4660-88A7-A9BBF38F2AF5}.Ad-Hoc|x64.Build.0 = Release|Any CPU
		{81E80BC7-9824-4660-88A7-A9BBF38F2AF5}.Ad-Hoc|x64.Deploy.0 = Release|Any CPU
		{81E80BC7-9824-4660-88A7-A9BBF38F2AF5}.Ad-Hoc|x86.ActiveCfg = Release|Any CPU
		{81E80BC7-9824-4660-88A7-A9BBF38F2AF5}.Ad-Hoc|x86.Build.0 = Release|Any CPU
		{81E80BC7-9824-4660-88A7-A9BBF38F2AF5}.Ad-Hoc|x86.Deploy.0 = Release|Any CPU
		{81E80BC7-9824-4660-88A7-A9BBF38F2AF5}.AppStore|Any CPU.ActiveCfg = Release|Any CPU
		{81E80BC7-9824-4660-88A7-A9BBF38F2AF5}.AppStore|Any CPU.Build.0 = Release|Any CPU
		{81E80BC7-9824-4660-88A7-A9BBF38F2AF5}.AppStore|Any CPU.Deploy.0 = Release|Any CPU
		{81E80BC7-9824-4660-88A7-A9BBF38F2AF5}.AppStore|ARM.ActiveCfg = Release|Any CPU
		{81E80BC7-9824-4660-88A7-A9BBF38F2AF5}.AppStore|ARM.Build.0 = Release|Any CPU
		{81E80BC7-9824-4660-88A7-A9BBF38F2AF5}.AppStore|ARM.Deploy.0 = Release|Any CPU
		{81E80BC7-9824-4660-88A7-A9BBF38F2AF5}.AppStore|iPhone.ActiveCfg = Release|Any CPU
		{81E80BC7-9824-4660-88A7-A9BBF38F2AF5}.AppStore|iPhone.Build.0 = Release|Any CPU
		{81E80BC7-9824-4660-88A7-A9BBF38F2AF5}.AppStore|iPhone.Deploy.0 = Release|Any CPU
		{81E80BC7-9824-4660-88A7-A9BBF38F2AF5}.AppStore|iPhoneSimulator.ActiveCfg = Release|Any CPU
		{81E80BC7-9824-4660-88A7-A9BBF38F2AF5}.AppStore|iPhoneSimulator.Build.0 = Release|Any CPU
		{81E80BC7-9824-4660-88A7-A9BBF38F2AF5}.AppStore|iPhoneSimulator.Deploy.0 = Release|Any CPU
		{81E80BC7-9824-4660-88A7-A9BBF38F2AF5}.AppStore|x64.ActiveCfg = Release|Any CPU
		{81E80BC7-9824-4660-88A7-A9BBF38F2AF5}.AppStore|x64.Build.0 = Release|Any CPU
		{81E80BC7-9824-4660-88A7-A9BBF38F2AF5}.AppStore|x64.Deploy.0 = Release|Any CPU
		{81E80BC7-9824-4660-88A7-A9BBF38F2AF5}.AppStore|x86.ActiveCfg = Release|Any CPU
		{81E80BC7-9824-4660-88A7-A9BBF38F2AF5}.AppStore|x86.Build.0 = Release|Any CPU
		{81E80BC7-9824-4660-88A7-A9BBF38F2AF5}.AppStore|x86.Deploy.0 = Release|Any CPU
		{81E80BC7-9824-4660-88A7-A9BBF38F2AF5}.Debug|Any CPU.ActiveCfg = Debug|Any CPU
		{81E80BC7-9824-4660-88A7-A9BBF38F2AF5}.Debug|Any CPU.Build.0 = Debug|Any CPU
		{81E80BC7-9824-4660-88A7-A9BBF38F2AF5}.Debug|Any CPU.Deploy.0 = Debug|Any CPU
		{81E80BC7-9824-4660-88A7-A9BBF38F2AF5}.Debug|ARM.ActiveCfg = Debug|Any CPU
		{81E80BC7-9824-4660-88A7-A9BBF38F2AF5}.Debug|ARM.Build.0 = Debug|Any CPU
		{81E80BC7-9824-4660-88A7-A9BBF38F2AF5}.Debug|ARM.Deploy.0 = Debug|Any CPU
		{81E80BC7-9824-4660-88A7-A9BBF38F2AF5}.Debug|iPhone.ActiveCfg = Debug|Any CPU
		{81E80BC7-9824-4660-88A7-A9BBF38F2AF5}.Debug|iPhone.Build.0 = Debug|Any CPU
		{81E80BC7-9824-4660-88A7-A9BBF38F2AF5}.Debug|iPhone.Deploy.0 = Debug|Any CPU
		{81E80BC7-9824-4660-88A7-A9BBF38F2AF5}.Debug|iPhoneSimulator.ActiveCfg = Debug|Any CPU
		{81E80BC7-9824-4660-88A7-A9BBF38F2AF5}.Debug|iPhoneSimulator.Build.0 = Debug|Any CPU
		{81E80BC7-9824-4660-88A7-A9BBF38F2AF5}.Debug|iPhoneSimulator.Deploy.0 = Debug|Any CPU
		{81E80BC7-9824-4660-88A7-A9BBF38F2AF5}.Debug|x64.ActiveCfg = Debug|Any CPU
		{81E80BC7-9824-4660-88A7-A9BBF38F2AF5}.Debug|x64.Build.0 = Debug|Any CPU
		{81E80BC7-9824-4660-88A7-A9BBF38F2AF5}.Debug|x64.Deploy.0 = Debug|Any CPU
		{81E80BC7-9824-4660-88A7-A9BBF38F2AF5}.Debug|x86.ActiveCfg = Debug|Any CPU
		{81E80BC7-9824-4660-88A7-A9BBF38F2AF5}.Debug|x86.Build.0 = Debug|Any CPU
		{81E80BC7-9824-4660-88A7-A9BBF38F2AF5}.Debug|x86.Deploy.0 = Debug|Any CPU
		{81E80BC7-9824-4660-88A7-A9BBF38F2AF5}.Release|Any CPU.ActiveCfg = Release|Any CPU
		{81E80BC7-9824-4660-88A7-A9BBF38F2AF5}.Release|Any CPU.Build.0 = Release|Any CPU
		{81E80BC7-9824-4660-88A7-A9BBF38F2AF5}.Release|Any CPU.Deploy.0 = Release|Any CPU
		{81E80BC7-9824-4660-88A7-A9BBF38F2AF5}.Release|ARM.ActiveCfg = Release|Any CPU
		{81E80BC7-9824-4660-88A7-A9BBF38F2AF5}.Release|ARM.Build.0 = Release|Any CPU
		{81E80BC7-9824-4660-88A7-A9BBF38F2AF5}.Release|ARM.Deploy.0 = Release|Any CPU
		{81E80BC7-9824-4660-88A7-A9BBF38F2AF5}.Release|iPhone.ActiveCfg = Release|Any CPU
		{81E80BC7-9824-4660-88A7-A9BBF38F2AF5}.Release|iPhone.Build.0 = Release|Any CPU
		{81E80BC7-9824-4660-88A7-A9BBF38F2AF5}.Release|iPhone.Deploy.0 = Release|Any CPU
		{81E80BC7-9824-4660-88A7-A9BBF38F2AF5}.Release|iPhoneSimulator.ActiveCfg = Release|Any CPU
		{81E80BC7-9824-4660-88A7-A9BBF38F2AF5}.Release|iPhoneSimulator.Build.0 = Release|Any CPU
		{81E80BC7-9824-4660-88A7-A9BBF38F2AF5}.Release|iPhoneSimulator.Deploy.0 = Release|Any CPU
		{81E80BC7-9824-4660-88A7-A9BBF38F2AF5}.Release|x64.ActiveCfg = Release|Any CPU
		{81E80BC7-9824-4660-88A7-A9BBF38F2AF5}.Release|x64.Build.0 = Release|Any CPU
		{81E80BC7-9824-4660-88A7-A9BBF38F2AF5}.Release|x64.Deploy.0 = Release|Any CPU
		{81E80BC7-9824-4660-88A7-A9BBF38F2AF5}.Release|x86.ActiveCfg = Release|Any CPU
		{81E80BC7-9824-4660-88A7-A9BBF38F2AF5}.Release|x86.Build.0 = Release|Any CPU
		{81E80BC7-9824-4660-88A7-A9BBF38F2AF5}.Release|x86.Deploy.0 = Release|Any CPU
		{CCA10F60-3344-420E-93E3-3D2715E9B701}.Ad-Hoc|Any CPU.ActiveCfg = Ad-Hoc|iPhone
		{CCA10F60-3344-420E-93E3-3D2715E9B701}.Ad-Hoc|ARM.ActiveCfg = Ad-Hoc|iPhone
		{CCA10F60-3344-420E-93E3-3D2715E9B701}.Ad-Hoc|iPhone.ActiveCfg = Ad-Hoc|iPhone
		{CCA10F60-3344-420E-93E3-3D2715E9B701}.Ad-Hoc|iPhone.Build.0 = Ad-Hoc|iPhone
		{CCA10F60-3344-420E-93E3-3D2715E9B701}.Ad-Hoc|iPhoneSimulator.ActiveCfg = Ad-Hoc|iPhoneSimulator
		{CCA10F60-3344-420E-93E3-3D2715E9B701}.Ad-Hoc|iPhoneSimulator.Build.0 = Ad-Hoc|iPhoneSimulator
		{CCA10F60-3344-420E-93E3-3D2715E9B701}.Ad-Hoc|x64.ActiveCfg = Ad-Hoc|iPhone
		{CCA10F60-3344-420E-93E3-3D2715E9B701}.Ad-Hoc|x86.ActiveCfg = Ad-Hoc|iPhone
		{CCA10F60-3344-420E-93E3-3D2715E9B701}.AppStore|Any CPU.ActiveCfg = AppStore|iPhone
		{CCA10F60-3344-420E-93E3-3D2715E9B701}.AppStore|ARM.ActiveCfg = AppStore|iPhone
		{CCA10F60-3344-420E-93E3-3D2715E9B701}.AppStore|iPhone.ActiveCfg = AppStore|iPhone
		{CCA10F60-3344-420E-93E3-3D2715E9B701}.AppStore|iPhone.Build.0 = AppStore|iPhone
		{CCA10F60-3344-420E-93E3-3D2715E9B701}.AppStore|iPhoneSimulator.ActiveCfg = AppStore|iPhoneSimulator
		{CCA10F60-3344-420E-93E3-3D2715E9B701}.AppStore|iPhoneSimulator.Build.0 = AppStore|iPhoneSimulator
		{CCA10F60-3344-420E-93E3-3D2715E9B701}.AppStore|x64.ActiveCfg = AppStore|iPhone
		{CCA10F60-3344-420E-93E3-3D2715E9B701}.AppStore|x86.ActiveCfg = AppStore|iPhone
		{CCA10F60-3344-420E-93E3-3D2715E9B701}.Debug|Any CPU.ActiveCfg = Debug|iPhone
		{CCA10F60-3344-420E-93E3-3D2715E9B701}.Debug|ARM.ActiveCfg = Debug|iPhone
		{CCA10F60-3344-420E-93E3-3D2715E9B701}.Debug|iPhone.ActiveCfg = Debug|iPhone
		{CCA10F60-3344-420E-93E3-3D2715E9B701}.Debug|iPhone.Build.0 = Debug|iPhone
		{CCA10F60-3344-420E-93E3-3D2715E9B701}.Debug|iPhoneSimulator.ActiveCfg = Debug|iPhoneSimulator
		{CCA10F60-3344-420E-93E3-3D2715E9B701}.Debug|iPhoneSimulator.Build.0 = Debug|iPhoneSimulator
		{CCA10F60-3344-420E-93E3-3D2715E9B701}.Debug|x64.ActiveCfg = Debug|iPhone
		{CCA10F60-3344-420E-93E3-3D2715E9B701}.Debug|x86.ActiveCfg = Debug|iPhone
		{CCA10F60-3344-420E-93E3-3D2715E9B701}.Release|Any CPU.ActiveCfg = Release|iPhone
		{CCA10F60-3344-420E-93E3-3D2715E9B701}.Release|ARM.ActiveCfg = Release|iPhone
		{CCA10F60-3344-420E-93E3-3D2715E9B701}.Release|iPhone.ActiveCfg = Release|iPhone
		{CCA10F60-3344-420E-93E3-3D2715E9B701}.Release|iPhone.Build.0 = Release|iPhone
		{CCA10F60-3344-420E-93E3-3D2715E9B701}.Release|iPhoneSimulator.ActiveCfg = Release|iPhoneSimulator
		{CCA10F60-3344-420E-93E3-3D2715E9B701}.Release|iPhoneSimulator.Build.0 = Release|iPhoneSimulator
		{CCA10F60-3344-420E-93E3-3D2715E9B701}.Release|x64.ActiveCfg = Release|iPhone
		{CCA10F60-3344-420E-93E3-3D2715E9B701}.Release|x86.ActiveCfg = Release|iPhone
		{A26EE98F-89F9-4670-8696-6613A39C42BF}.Ad-Hoc|Any CPU.ActiveCfg = Release|Any CPU
		{A26EE98F-89F9-4670-8696-6613A39C42BF}.Ad-Hoc|Any CPU.Build.0 = Release|Any CPU
		{A26EE98F-89F9-4670-8696-6613A39C42BF}.Ad-Hoc|Any CPU.Deploy.0 = Release|Any CPU
		{A26EE98F-89F9-4670-8696-6613A39C42BF}.Ad-Hoc|ARM.ActiveCfg = Release|ARM
		{A26EE98F-89F9-4670-8696-6613A39C42BF}.Ad-Hoc|ARM.Build.0 = Release|ARM
		{A26EE98F-89F9-4670-8696-6613A39C42BF}.Ad-Hoc|ARM.Deploy.0 = Release|ARM
		{A26EE98F-89F9-4670-8696-6613A39C42BF}.Ad-Hoc|iPhone.ActiveCfg = Release|Any CPU
		{A26EE98F-89F9-4670-8696-6613A39C42BF}.Ad-Hoc|iPhone.Build.0 = Release|Any CPU
		{A26EE98F-89F9-4670-8696-6613A39C42BF}.Ad-Hoc|iPhone.Deploy.0 = Release|Any CPU
		{A26EE98F-89F9-4670-8696-6613A39C42BF}.Ad-Hoc|iPhoneSimulator.ActiveCfg = Release|Any CPU
		{A26EE98F-89F9-4670-8696-6613A39C42BF}.Ad-Hoc|iPhoneSimulator.Build.0 = Release|Any CPU
		{A26EE98F-89F9-4670-8696-6613A39C42BF}.Ad-Hoc|iPhoneSimulator.Deploy.0 = Release|Any CPU
		{A26EE98F-89F9-4670-8696-6613A39C42BF}.Ad-Hoc|x64.ActiveCfg = Release|Any CPU
		{A26EE98F-89F9-4670-8696-6613A39C42BF}.Ad-Hoc|x64.Build.0 = Release|Any CPU
		{A26EE98F-89F9-4670-8696-6613A39C42BF}.Ad-Hoc|x64.Deploy.0 = Release|Any CPU
		{A26EE98F-89F9-4670-8696-6613A39C42BF}.Ad-Hoc|x86.ActiveCfg = Release|x86
		{A26EE98F-89F9-4670-8696-6613A39C42BF}.Ad-Hoc|x86.Build.0 = Release|x86
		{A26EE98F-89F9-4670-8696-6613A39C42BF}.Ad-Hoc|x86.Deploy.0 = Release|x86
		{A26EE98F-89F9-4670-8696-6613A39C42BF}.AppStore|Any CPU.ActiveCfg = Release|Any CPU
		{A26EE98F-89F9-4670-8696-6613A39C42BF}.AppStore|Any CPU.Build.0 = Release|Any CPU
		{A26EE98F-89F9-4670-8696-6613A39C42BF}.AppStore|Any CPU.Deploy.0 = Release|Any CPU
		{A26EE98F-89F9-4670-8696-6613A39C42BF}.AppStore|ARM.ActiveCfg = Release|ARM
		{A26EE98F-89F9-4670-8696-6613A39C42BF}.AppStore|ARM.Build.0 = Release|ARM
		{A26EE98F-89F9-4670-8696-6613A39C42BF}.AppStore|ARM.Deploy.0 = Release|ARM
		{A26EE98F-89F9-4670-8696-6613A39C42BF}.AppStore|iPhone.ActiveCfg = Release|Any CPU
		{A26EE98F-89F9-4670-8696-6613A39C42BF}.AppStore|iPhone.Build.0 = Release|Any CPU
		{A26EE98F-89F9-4670-8696-6613A39C42BF}.AppStore|iPhone.Deploy.0 = Release|Any CPU
		{A26EE98F-89F9-4670-8696-6613A39C42BF}.AppStore|iPhoneSimulator.ActiveCfg = Release|Any CPU
		{A26EE98F-89F9-4670-8696-6613A39C42BF}.AppStore|iPhoneSimulator.Build.0 = Release|Any CPU
		{A26EE98F-89F9-4670-8696-6613A39C42BF}.AppStore|iPhoneSimulator.Deploy.0 = Release|Any CPU
		{A26EE98F-89F9-4670-8696-6613A39C42BF}.AppStore|x64.ActiveCfg = Release|Any CPU
		{A26EE98F-89F9-4670-8696-6613A39C42BF}.AppStore|x64.Build.0 = Release|Any CPU
		{A26EE98F-89F9-4670-8696-6613A39C42BF}.AppStore|x64.Deploy.0 = Release|Any CPU
		{A26EE98F-89F9-4670-8696-6613A39C42BF}.AppStore|x86.ActiveCfg = Release|x86
		{A26EE98F-89F9-4670-8696-6613A39C42BF}.AppStore|x86.Build.0 = Release|x86
		{A26EE98F-89F9-4670-8696-6613A39C42BF}.AppStore|x86.Deploy.0 = Release|x86
		{A26EE98F-89F9-4670-8696-6613A39C42BF}.Debug|Any CPU.ActiveCfg = Debug|Any CPU
		{A26EE98F-89F9-4670-8696-6613A39C42BF}.Debug|Any CPU.Build.0 = Debug|Any CPU
		{A26EE98F-89F9-4670-8696-6613A39C42BF}.Debug|Any CPU.Deploy.0 = Debug|Any CPU
		{A26EE98F-89F9-4670-8696-6613A39C42BF}.Debug|ARM.ActiveCfg = Debug|ARM
		{A26EE98F-89F9-4670-8696-6613A39C42BF}.Debug|ARM.Build.0 = Debug|ARM
		{A26EE98F-89F9-4670-8696-6613A39C42BF}.Debug|ARM.Deploy.0 = Debug|ARM
		{A26EE98F-89F9-4670-8696-6613A39C42BF}.Debug|iPhone.ActiveCfg = Debug|Any CPU
		{A26EE98F-89F9-4670-8696-6613A39C42BF}.Debug|iPhone.Build.0 = Debug|Any CPU
		{A26EE98F-89F9-4670-8696-6613A39C42BF}.Debug|iPhone.Deploy.0 = Debug|Any CPU
		{A26EE98F-89F9-4670-8696-6613A39C42BF}.Debug|iPhoneSimulator.ActiveCfg = Debug|Any CPU
		{A26EE98F-89F9-4670-8696-6613A39C42BF}.Debug|iPhoneSimulator.Build.0 = Debug|Any CPU
		{A26EE98F-89F9-4670-8696-6613A39C42BF}.Debug|iPhoneSimulator.Deploy.0 = Debug|Any CPU
		{A26EE98F-89F9-4670-8696-6613A39C42BF}.Debug|x64.ActiveCfg = Debug|Any CPU
		{A26EE98F-89F9-4670-8696-6613A39C42BF}.Debug|x64.Build.0 = Debug|Any CPU
		{A26EE98F-89F9-4670-8696-6613A39C42BF}.Debug|x64.Deploy.0 = Debug|Any CPU
		{A26EE98F-89F9-4670-8696-6613A39C42BF}.Debug|x86.ActiveCfg = Debug|x86
		{A26EE98F-89F9-4670-8696-6613A39C42BF}.Debug|x86.Build.0 = Debug|x86
		{A26EE98F-89F9-4670-8696-6613A39C42BF}.Debug|x86.Deploy.0 = Debug|x86
		{A26EE98F-89F9-4670-8696-6613A39C42BF}.Release|Any CPU.ActiveCfg = Release|Any CPU
		{A26EE98F-89F9-4670-8696-6613A39C42BF}.Release|Any CPU.Build.0 = Release|Any CPU
		{A26EE98F-89F9-4670-8696-6613A39C42BF}.Release|Any CPU.Deploy.0 = Release|Any CPU
		{A26EE98F-89F9-4670-8696-6613A39C42BF}.Release|ARM.ActiveCfg = Release|ARM
		{A26EE98F-89F9-4670-8696-6613A39C42BF}.Release|ARM.Build.0 = Release|ARM
		{A26EE98F-89F9-4670-8696-6613A39C42BF}.Release|ARM.Deploy.0 = Release|ARM
		{A26EE98F-89F9-4670-8696-6613A39C42BF}.Release|iPhone.ActiveCfg = Release|Any CPU
		{A26EE98F-89F9-4670-8696-6613A39C42BF}.Release|iPhone.Build.0 = Release|Any CPU
		{A26EE98F-89F9-4670-8696-6613A39C42BF}.Release|iPhone.Deploy.0 = Release|Any CPU
		{A26EE98F-89F9-4670-8696-6613A39C42BF}.Release|iPhoneSimulator.ActiveCfg = Release|Any CPU
		{A26EE98F-89F9-4670-8696-6613A39C42BF}.Release|iPhoneSimulator.Build.0 = Release|Any CPU
		{A26EE98F-89F9-4670-8696-6613A39C42BF}.Release|iPhoneSimulator.Deploy.0 = Release|Any CPU
		{A26EE98F-89F9-4670-8696-6613A39C42BF}.Release|x64.ActiveCfg = Release|Any CPU
		{A26EE98F-89F9-4670-8696-6613A39C42BF}.Release|x64.Build.0 = Release|Any CPU
		{A26EE98F-89F9-4670-8696-6613A39C42BF}.Release|x64.Deploy.0 = Release|Any CPU
		{A26EE98F-89F9-4670-8696-6613A39C42BF}.Release|x86.ActiveCfg = Release|x86
		{A26EE98F-89F9-4670-8696-6613A39C42BF}.Release|x86.Build.0 = Release|x86
		{A26EE98F-89F9-4670-8696-6613A39C42BF}.Release|x86.Deploy.0 = Release|x86
		{405FF979-86F9-4119-8786-3F7464A2371D}.Ad-Hoc|Any CPU.ActiveCfg = Release|x86
		{405FF979-86F9-4119-8786-3F7464A2371D}.Ad-Hoc|Any CPU.Build.0 = Release|x86
		{405FF979-86F9-4119-8786-3F7464A2371D}.Ad-Hoc|Any CPU.Deploy.0 = Release|x86
		{405FF979-86F9-4119-8786-3F7464A2371D}.Ad-Hoc|ARM.ActiveCfg = Release|ARM
		{405FF979-86F9-4119-8786-3F7464A2371D}.Ad-Hoc|ARM.Build.0 = Release|ARM
		{405FF979-86F9-4119-8786-3F7464A2371D}.Ad-Hoc|ARM.Deploy.0 = Release|ARM
		{405FF979-86F9-4119-8786-3F7464A2371D}.Ad-Hoc|iPhone.ActiveCfg = Release|x86
		{405FF979-86F9-4119-8786-3F7464A2371D}.Ad-Hoc|iPhone.Build.0 = Release|x86
		{405FF979-86F9-4119-8786-3F7464A2371D}.Ad-Hoc|iPhone.Deploy.0 = Release|x86
		{405FF979-86F9-4119-8786-3F7464A2371D}.Ad-Hoc|iPhoneSimulator.ActiveCfg = Release|x86
		{405FF979-86F9-4119-8786-3F7464A2371D}.Ad-Hoc|iPhoneSimulator.Build.0 = Release|x86
		{405FF979-86F9-4119-8786-3F7464A2371D}.Ad-Hoc|iPhoneSimulator.Deploy.0 = Release|x86
		{405FF979-86F9-4119-8786-3F7464A2371D}.Ad-Hoc|x64.ActiveCfg = Release|x64
		{405FF979-86F9-4119-8786-3F7464A2371D}.Ad-Hoc|x64.Build.0 = Release|x64
		{405FF979-86F9-4119-8786-3F7464A2371D}.Ad-Hoc|x64.Deploy.0 = Release|x64
		{405FF979-86F9-4119-8786-3F7464A2371D}.Ad-Hoc|x86.ActiveCfg = Release|x86
		{405FF979-86F9-4119-8786-3F7464A2371D}.Ad-Hoc|x86.Build.0 = Release|x86
		{405FF979-86F9-4119-8786-3F7464A2371D}.Ad-Hoc|x86.Deploy.0 = Release|x86
		{405FF979-86F9-4119-8786-3F7464A2371D}.AppStore|Any CPU.ActiveCfg = Release|x86
		{405FF979-86F9-4119-8786-3F7464A2371D}.AppStore|Any CPU.Build.0 = Release|x86
		{405FF979-86F9-4119-8786-3F7464A2371D}.AppStore|Any CPU.Deploy.0 = Release|x86
		{405FF979-86F9-4119-8786-3F7464A2371D}.AppStore|ARM.ActiveCfg = Release|ARM
		{405FF979-86F9-4119-8786-3F7464A2371D}.AppStore|ARM.Build.0 = Release|ARM
		{405FF979-86F9-4119-8786-3F7464A2371D}.AppStore|ARM.Deploy.0 = Release|ARM
		{405FF979-86F9-4119-8786-3F7464A2371D}.AppStore|iPhone.ActiveCfg = Release|x86
		{405FF979-86F9-4119-8786-3F7464A2371D}.AppStore|iPhone.Build.0 = Release|x86
		{405FF979-86F9-4119-8786-3F7464A2371D}.AppStore|iPhone.Deploy.0 = Release|x86
		{405FF979-86F9-4119-8786-3F7464A2371D}.AppStore|iPhoneSimulator.ActiveCfg = Release|x86
		{405FF979-86F9-4119-8786-3F7464A2371D}.AppStore|iPhoneSimulator.Build.0 = Release|x86
		{405FF979-86F9-4119-8786-3F7464A2371D}.AppStore|iPhoneSimulator.Deploy.0 = Release|x86
		{405FF979-86F9-4119-8786-3F7464A2371D}.AppStore|x64.ActiveCfg = Release|x64
		{405FF979-86F9-4119-8786-3F7464A2371D}.AppStore|x64.Build.0 = Release|x64
		{405FF979-86F9-4119-8786-3F7464A2371D}.AppStore|x64.Deploy.0 = Release|x64
		{405FF979-86F9-4119-8786-3F7464A2371D}.AppStore|x86.ActiveCfg = Release|x86
		{405FF979-86F9-4119-8786-3F7464A2371D}.AppStore|x86.Build.0 = Release|x86
		{405FF979-86F9-4119-8786-3F7464A2371D}.AppStore|x86.Deploy.0 = Release|x86
		{405FF979-86F9-4119-8786-3F7464A2371D}.Debug|Any CPU.ActiveCfg = Debug|x86
		{405FF979-86F9-4119-8786-3F7464A2371D}.Debug|ARM.ActiveCfg = Debug|ARM
		{405FF979-86F9-4119-8786-3F7464A2371D}.Debug|ARM.Build.0 = Debug|ARM
		{405FF979-86F9-4119-8786-3F7464A2371D}.Debug|ARM.Deploy.0 = Debug|ARM
		{405FF979-86F9-4119-8786-3F7464A2371D}.Debug|iPhone.ActiveCfg = Debug|x86
		{405FF979-86F9-4119-8786-3F7464A2371D}.Debug|iPhoneSimulator.ActiveCfg = Debug|x86
		{405FF979-86F9-4119-8786-3F7464A2371D}.Debug|x64.ActiveCfg = Debug|x64
		{405FF979-86F9-4119-8786-3F7464A2371D}.Debug|x64.Build.0 = Debug|x64
		{405FF979-86F9-4119-8786-3F7464A2371D}.Debug|x64.Deploy.0 = Debug|x64
		{405FF979-86F9-4119-8786-3F7464A2371D}.Debug|x86.ActiveCfg = Debug|x86
		{405FF979-86F9-4119-8786-3F7464A2371D}.Debug|x86.Build.0 = Debug|x86
		{405FF979-86F9-4119-8786-3F7464A2371D}.Debug|x86.Deploy.0 = Debug|x86
		{405FF979-86F9-4119-8786-3F7464A2371D}.Release|Any CPU.ActiveCfg = Release|x86
		{405FF979-86F9-4119-8786-3F7464A2371D}.Release|ARM.ActiveCfg = Release|ARM
		{405FF979-86F9-4119-8786-3F7464A2371D}.Release|ARM.Build.0 = Release|ARM
		{405FF979-86F9-4119-8786-3F7464A2371D}.Release|ARM.Deploy.0 = Release|ARM
		{405FF979-86F9-4119-8786-3F7464A2371D}.Release|iPhone.ActiveCfg = Release|x86
		{405FF979-86F9-4119-8786-3F7464A2371D}.Release|iPhoneSimulator.ActiveCfg = Release|x86
		{405FF979-86F9-4119-8786-3F7464A2371D}.Release|x64.ActiveCfg = Release|x64
		{405FF979-86F9-4119-8786-3F7464A2371D}.Release|x64.Build.0 = Release|x64
		{405FF979-86F9-4119-8786-3F7464A2371D}.Release|x64.Deploy.0 = Release|x64
		{405FF979-86F9-4119-8786-3F7464A2371D}.Release|x86.ActiveCfg = Release|x86
		{405FF979-86F9-4119-8786-3F7464A2371D}.Release|x86.Build.0 = Release|x86
		{405FF979-86F9-4119-8786-3F7464A2371D}.Release|x86.Deploy.0 = Release|x86
		{D752AC49-D323-43F0-BE8A-350ADF03037D}.Ad-Hoc|Any CPU.ActiveCfg = Release|Any CPU
		{D752AC49-D323-43F0-BE8A-350ADF03037D}.Ad-Hoc|Any CPU.Build.0 = Release|Any CPU
		{D752AC49-D323-43F0-BE8A-350ADF03037D}.Ad-Hoc|Any CPU.Deploy.0 = Release|Any CPU
		{D752AC49-D323-43F0-BE8A-350ADF03037D}.Ad-Hoc|ARM.ActiveCfg = Release|ARM
		{D752AC49-D323-43F0-BE8A-350ADF03037D}.Ad-Hoc|ARM.Build.0 = Release|ARM
		{D752AC49-D323-43F0-BE8A-350ADF03037D}.Ad-Hoc|ARM.Deploy.0 = Release|ARM
		{D752AC49-D323-43F0-BE8A-350ADF03037D}.Ad-Hoc|iPhone.ActiveCfg = Release|Any CPU
		{D752AC49-D323-43F0-BE8A-350ADF03037D}.Ad-Hoc|iPhone.Build.0 = Release|Any CPU
		{D752AC49-D323-43F0-BE8A-350ADF03037D}.Ad-Hoc|iPhone.Deploy.0 = Release|Any CPU
		{D752AC49-D323-43F0-BE8A-350ADF03037D}.Ad-Hoc|iPhoneSimulator.ActiveCfg = Release|Any CPU
		{D752AC49-D323-43F0-BE8A-350ADF03037D}.Ad-Hoc|iPhoneSimulator.Build.0 = Release|Any CPU
		{D752AC49-D323-43F0-BE8A-350ADF03037D}.Ad-Hoc|iPhoneSimulator.Deploy.0 = Release|Any CPU
		{D752AC49-D323-43F0-BE8A-350ADF03037D}.Ad-Hoc|x64.ActiveCfg = Release|x64
		{D752AC49-D323-43F0-BE8A-350ADF03037D}.Ad-Hoc|x64.Build.0 = Release|x64
		{D752AC49-D323-43F0-BE8A-350ADF03037D}.Ad-Hoc|x64.Deploy.0 = Release|x64
		{D752AC49-D323-43F0-BE8A-350ADF03037D}.Ad-Hoc|x86.ActiveCfg = Release|x86
		{D752AC49-D323-43F0-BE8A-350ADF03037D}.Ad-Hoc|x86.Build.0 = Release|x86
		{D752AC49-D323-43F0-BE8A-350ADF03037D}.Ad-Hoc|x86.Deploy.0 = Release|x86
		{D752AC49-D323-43F0-BE8A-350ADF03037D}.AppStore|Any CPU.ActiveCfg = Release|Any CPU
		{D752AC49-D323-43F0-BE8A-350ADF03037D}.AppStore|Any CPU.Build.0 = Release|Any CPU
		{D752AC49-D323-43F0-BE8A-350ADF03037D}.AppStore|Any CPU.Deploy.0 = Release|Any CPU
		{D752AC49-D323-43F0-BE8A-350ADF03037D}.AppStore|ARM.ActiveCfg = Release|ARM
		{D752AC49-D323-43F0-BE8A-350ADF03037D}.AppStore|ARM.Build.0 = Release|ARM
		{D752AC49-D323-43F0-BE8A-350ADF03037D}.AppStore|ARM.Deploy.0 = Release|ARM
		{D752AC49-D323-43F0-BE8A-350ADF03037D}.AppStore|iPhone.ActiveCfg = Release|Any CPU
		{D752AC49-D323-43F0-BE8A-350ADF03037D}.AppStore|iPhone.Build.0 = Release|Any CPU
		{D752AC49-D323-43F0-BE8A-350ADF03037D}.AppStore|iPhone.Deploy.0 = Release|Any CPU
		{D752AC49-D323-43F0-BE8A-350ADF03037D}.AppStore|iPhoneSimulator.ActiveCfg = Release|Any CPU
		{D752AC49-D323-43F0-BE8A-350ADF03037D}.AppStore|iPhoneSimulator.Build.0 = Release|Any CPU
		{D752AC49-D323-43F0-BE8A-350ADF03037D}.AppStore|iPhoneSimulator.Deploy.0 = Release|Any CPU
		{D752AC49-D323-43F0-BE8A-350ADF03037D}.AppStore|x64.ActiveCfg = Release|x64
		{D752AC49-D323-43F0-BE8A-350ADF03037D}.AppStore|x64.Build.0 = Release|x64
		{D752AC49-D323-43F0-BE8A-350ADF03037D}.AppStore|x64.Deploy.0 = Release|x64
		{D752AC49-D323-43F0-BE8A-350ADF03037D}.AppStore|x86.ActiveCfg = Release|x86
		{D752AC49-D323-43F0-BE8A-350ADF03037D}.AppStore|x86.Build.0 = Release|x86
		{D752AC49-D323-43F0-BE8A-350ADF03037D}.AppStore|x86.Deploy.0 = Release|x86
		{D752AC49-D323-43F0-BE8A-350ADF03037D}.Debug|Any CPU.ActiveCfg = Debug|Any CPU
		{D752AC49-D323-43F0-BE8A-350ADF03037D}.Debug|Any CPU.Build.0 = Debug|Any CPU
		{D752AC49-D323-43F0-BE8A-350ADF03037D}.Debug|Any CPU.Deploy.0 = Debug|Any CPU
		{D752AC49-D323-43F0-BE8A-350ADF03037D}.Debug|ARM.ActiveCfg = Debug|ARM
		{D752AC49-D323-43F0-BE8A-350ADF03037D}.Debug|ARM.Build.0 = Debug|ARM
		{D752AC49-D323-43F0-BE8A-350ADF03037D}.Debug|ARM.Deploy.0 = Debug|ARM
		{D752AC49-D323-43F0-BE8A-350ADF03037D}.Debug|iPhone.ActiveCfg = Debug|Any CPU
		{D752AC49-D323-43F0-BE8A-350ADF03037D}.Debug|iPhone.Build.0 = Debug|Any CPU
		{D752AC49-D323-43F0-BE8A-350ADF03037D}.Debug|iPhone.Deploy.0 = Debug|Any CPU
		{D752AC49-D323-43F0-BE8A-350ADF03037D}.Debug|iPhoneSimulator.ActiveCfg = Debug|Any CPU
		{D752AC49-D323-43F0-BE8A-350ADF03037D}.Debug|iPhoneSimulator.Build.0 = Debug|Any CPU
		{D752AC49-D323-43F0-BE8A-350ADF03037D}.Debug|iPhoneSimulator.Deploy.0 = Debug|Any CPU
		{D752AC49-D323-43F0-BE8A-350ADF03037D}.Debug|x64.ActiveCfg = Debug|x64
		{D752AC49-D323-43F0-BE8A-350ADF03037D}.Debug|x64.Build.0 = Debug|x64
		{D752AC49-D323-43F0-BE8A-350ADF03037D}.Debug|x64.Deploy.0 = Debug|x64
		{D752AC49-D323-43F0-BE8A-350ADF03037D}.Debug|x86.ActiveCfg = Debug|x86
		{D752AC49-D323-43F0-BE8A-350ADF03037D}.Debug|x86.Build.0 = Debug|x86
		{D752AC49-D323-43F0-BE8A-350ADF03037D}.Debug|x86.Deploy.0 = Debug|x86
		{D752AC49-D323-43F0-BE8A-350ADF03037D}.Release|Any CPU.ActiveCfg = Release|Any CPU
		{D752AC49-D323-43F0-BE8A-350ADF03037D}.Release|Any CPU.Build.0 = Release|Any CPU
		{D752AC49-D323-43F0-BE8A-350ADF03037D}.Release|Any CPU.Deploy.0 = Release|Any CPU
		{D752AC49-D323-43F0-BE8A-350ADF03037D}.Release|ARM.ActiveCfg = Release|ARM
		{D752AC49-D323-43F0-BE8A-350ADF03037D}.Release|ARM.Build.0 = Release|ARM
		{D752AC49-D323-43F0-BE8A-350ADF03037D}.Release|ARM.Deploy.0 = Release|ARM
		{D752AC49-D323-43F0-BE8A-350ADF03037D}.Release|iPhone.ActiveCfg = Release|Any CPU
		{D752AC49-D323-43F0-BE8A-350ADF03037D}.Release|iPhone.Build.0 = Release|Any CPU
		{D752AC49-D323-43F0-BE8A-350ADF03037D}.Release|iPhone.Deploy.0 = Release|Any CPU
		{D752AC49-D323-43F0-BE8A-350ADF03037D}.Release|iPhoneSimulator.ActiveCfg = Release|Any CPU
		{D752AC49-D323-43F0-BE8A-350ADF03037D}.Release|iPhoneSimulator.Build.0 = Release|Any CPU
		{D752AC49-D323-43F0-BE8A-350ADF03037D}.Release|iPhoneSimulator.Deploy.0 = Release|Any CPU
		{D752AC49-D323-43F0-BE8A-350ADF03037D}.Release|x64.ActiveCfg = Release|x64
		{D752AC49-D323-43F0-BE8A-350ADF03037D}.Release|x64.Build.0 = Release|x64
		{D752AC49-D323-43F0-BE8A-350ADF03037D}.Release|x64.Deploy.0 = Release|x64
		{D752AC49-D323-43F0-BE8A-350ADF03037D}.Release|x86.ActiveCfg = Release|x86
		{D752AC49-D323-43F0-BE8A-350ADF03037D}.Release|x86.Build.0 = Release|x86
		{D752AC49-D323-43F0-BE8A-350ADF03037D}.Release|x86.Deploy.0 = Release|x86
	EndGlobalSection
	GlobalSection(SolutionProperties) = preSolution
		HideSolutionNode = FALSE
	EndGlobalSection
EndGlobal
